Microsoft Visual Studio Solution File, Format Version 12.00
# Visual Studio Version 17
VisualStudioVersion = 17.0.31903.59
MinimumVisualStudioVersion = 10.0.40219.1
Project("{2150E333-8FDC-42A3-9474-1A3956D46DE8}") = "src", "src", "{D436D3A8-781E-4A56-A190-B1B3FFE86607}"
EndProject
Project("{2150E333-8FDC-42A3-9474-1A3956D46DE8}") = "tests", "tests", "{2A337F3F-40AF-4F5F-8B82-D19C1337B045}"
EndProject
Project("{FAE04EC0-301F-11D3-BF4B-00C04F79EFBC}") = "ChoreAssignmentTracker.Core", "src\ChoreAssignmentTracker.Core\ChoreAssignmentTracker.Core.csproj", "{8791F941-0EA7-4438-81C3-CA1D4407A67A}"
EndProject
Project("{FAE04EC0-301F-11D3-BF4B-00C04F79EFBC}") = "ChoreAssignmentTracker.Infrastructure", "src\ChoreAssignmentTracker.Infrastructure\ChoreAssignmentTracker.Infrastructure.csproj", "{0E18937F-57A2-49A8-8772-37F257469D86}"
EndProject
Project("{FAE04EC0-301F-11D3-BF4B-00C04F79EFBC}") = "ChoreAssignmentTracker.Api", "src\ChoreAssignmentTracker.Api\ChoreAssignmentTracker.Api.csproj", "{B4B6C566-0822-4D2F-957D-E5A874D94E69}"
EndProject
Project("{FAE04EC0-301F-11D3-BF4B-00C04F79EFBC}") = "ChoreAssignmentTracker.Core.Tests", "tests\ChoreAssignmentTracker.Core.Tests\ChoreAssignmentTracker.Core.Tests.csproj", "{E947CC42-2F9C-4790-93B4-36B6AF096719}"
EndProject
Project("{FAE04EC0-301F-11D3-BF4B-00C04F79EFBC}") = "ChoreAssignmentTracker.Infrastructure.Tests", "tests\ChoreAssignmentTracker.Infrastructure.Tests\ChoreAssignmentTracker.Infrastructure.Tests.csproj", "{B100B03B-DE1D-4BE3-85D2-F4001EF1EFA7}"
EndProject
Project("{FAE04EC0-301F-11D3-BF4B-00C04F79EFBC}") = "ChoreAssignmentTracker.Api.Tests", "tests\ChoreAssignmentTracker.Api.Tests\ChoreAssignmentTracker.Api.Tests.csproj", "{6C25FCF2-1ED9-4442-B2E9-35FDEA4954D2}"
EndProject
Global
	GlobalSection(SolutionConfigurationPlatforms) = preSolution
		Debug|Any CPU = Debug|Any CPU
		Release|Any CPU = Release|Any CPU
	EndGlobalSection
	GlobalSection(ProjectConfigurationPlatforms) = postSolution
		{8791F941-0EA7-4438-81C3-CA1D4407A67A}.Debug|Any CPU.ActiveCfg = Debug|Any CPU
		{8791F941-0EA7-4438-81C3-CA1D4407A67A}.Debug|Any CPU.Build.0 = Debug|Any CPU
		{8791F941-0EA7-4438-81C3-CA1D4407A67A}.Release|Any CPU.ActiveCfg = Release|Any CPU
		{8791F941-0EA7-4438-81C3-CA1D4407A67A}.Release|Any CPU.Build.0 = Release|Any CPU
		{0E18937F-57A2-49A8-8772-37F257469D86}.Debug|Any CPU.ActiveCfg = Debug|Any CPU
		{0E18937F-57A2-49A8-8772-37F257469D86}.Debug|Any CPU.Build.0 = Debug|Any CPU
		{0E18937F-57A2-49A8-8772-37F257469D86}.Release|Any CPU.ActiveCfg = Release|Any CPU
		{0E18937F-57A2-49A8-8772-37F257469D86}.Release|Any CPU.Build.0 = Release|Any CPU
		{B4B6C566-0822-4D2F-957D-E5A874D94E69}.Debug|Any CPU.ActiveCfg = Debug|Any CPU
		{B4B6C566-0822-4D2F-957D-E5A874D94E69}.Debug|Any CPU.Build.0 = Debug|Any CPU
		{B4B6C566-0822-4D2F-957D-E5A874D94E69}.Release|Any CPU.ActiveCfg = Release|Any CPU
		{B4B6C566-0822-4D2F-957D-E5A874D94E69}.Release|Any CPU.Build.0 = Release|Any CPU
		{E947CC42-2F9C-4790-93B4-36B6AF096719}.Debug|Any CPU.ActiveCfg = Debug|Any CPU
		{E947CC42-2F9C-4790-93B4-36B6AF096719}.Debug|Any CPU.Build.0 = Debug|Any CPU
		{E947CC42-2F9C-4790-93B4-36B6AF096719}.Release|Any CPU.ActiveCfg = Release|Any CPU
		{E947CC42-2F9C-4790-93B4-36B6AF096719}.Release|Any CPU.Build.0 = Release|Any CPU
		{B100B03B-DE1D-4BE3-85D2-F4001EF1EFA7}.Debug|Any CPU.ActiveCfg = Debug|Any CPU
		{B100B03B-DE1D-4BE3-85D2-F4001EF1EFA7}.Debug|Any CPU.Build.0 = Debug|Any CPU
		{B100B03B-DE1D-4BE3-85D2-F4001EF1EFA7}.Release|Any CPU.ActiveCfg = Release|Any CPU
		{B100B03B-DE1D-4BE3-85D2-F4001EF1EFA7}.Release|Any CPU.Build.0 = Release|Any CPU
		{6C25FCF2-1ED9-4442-B2E9-35FDEA4954D2}.Debug|Any CPU.ActiveCfg = Debug|Any CPU
		{6C25FCF2-1ED9-4442-B2E9-35FDEA4954D2}.Debug|Any CPU.Build.0 = Debug|Any CPU
		{6C25FCF2-1ED9-4442-B2E9-35FDEA4954D2}.Release|Any CPU.ActiveCfg = Release|Any CPU
		{6C25FCF2-1ED9-4442-B2E9-35FDEA4954D2}.Release|Any CPU.Build.0 = Release|Any CPU
	EndGlobalSection
	GlobalSection(SolutionProperties) = preSolution
		HideSolutionNode = FALSE
	EndGlobalSection
	GlobalSection(NestedProjects) = preSolution
		{8791F941-0EA7-4438-81C3-CA1D4407A67A} = {D436D3A8-781E-4A56-A190-B1B3FFE86607}
		{0E18937F-57A2-49A8-8772-37F257469D86} = {D436D3A8-781E-4A56-A190-B1B3FFE86607}
		{B4B6C566-0822-4D2F-957D-E5A874D94E69} = {D436D3A8-781E-4A56-A190-B1B3FFE86607}
		{E947CC42-2F9C-4790-93B4-36B6AF096719} = {2A337F3F-40AF-4F5F-8B82-D19C1337B045}
		{B100B03B-DE1D-4BE3-85D2-F4001EF1EFA7} = {2A337F3F-40AF-4F5F-8B82-D19C1337B045}
		{6C25FCF2-1ED9-4442-B2E9-35FDEA4954D2} = {2A337F3F-40AF-4F5F-8B82-D19C1337B045}
	EndGlobalSection
EndGlobal
