Microsoft Visual Studio Solution File, Format Version 12.00
# Visual Studio Version 17
VisualStudioVersion = 17.0.31903.59
MinimumVisualStudioVersion = 10.0.40219.1
Project("{2150E333-8FDC-42A3-9474-1A3956D46DE8}") = "src", "src", "{D436D3A8-781E-4A56-A190-B1B3FFE86607}"
EndProject
Project("{2150E333-8FDC-42A3-9474-1A3956D46DE8}") = "tests", "tests", "{2A337F3F-40AF-4F5F-8B82-D19C1337B045}"
EndProject
Project("{2150E333-8FDC-42A3-9474-1A3956D46DE8}") = "Aspire", "Aspire", "{A1B2C3D4-E5F6-7890-ABCD-EF1234567890}"
EndProject
Project("{2150E333-8FDC-42A3-9474-1A3956D46DE8}") = "Identity", "Identity", "{B1B2C3D4-E5F6-7890-ABCD-EF1234567891}"
EndProject
Project("{2150E333-8FDC-42A3-9474-1A3956D46DE8}") = "Assignments", "Assignments", "{C1B2C3D4-E5F6-7890-ABCD-EF1234567892}"
EndProject
Project("{2150E333-8FDC-42A3-9474-1A3956D46DE8}") = "Chores", "Chores", "{D1B2C3D4-E5F6-7890-ABCD-EF1234567893}"
EndProject
Project("{2150E333-8FDC-42A3-9474-1A3956D46DE8}") = "FamilyMembers", "FamilyMembers", "{E1B2C3D4-E5F6-7890-ABCD-EF1234567894}"
EndProject
Project("{2150E333-8FDC-42A3-9474-1A3956D46DE8}") = "Rewards", "Rewards", "{F1B2C3D4-E5F6-7890-ABCD-EF1234567895}"
EndProject
Project("{FAE04EC0-301F-11D3-BF4B-00C04F79EFBC}") = "ChoreAssignmentTracker.AppHost", "src\ChoreAssignmentTracker.AppHost\ChoreAssignmentTracker.AppHost.csproj", "{11111111-1111-1111-1111-111111111111}"
EndProject
Project("{FAE04EC0-301F-11D3-BF4B-00C04F79EFBC}") = "ChoreAssignmentTracker.ServiceDefaults", "src\ChoreAssignmentTracker.ServiceDefaults\ChoreAssignmentTracker.ServiceDefaults.csproj", "{22222222-2222-2222-2222-222222222222}"
EndProject
Project("{FAE04EC0-301F-11D3-BF4B-00C04F79EFBC}") = "Messaging.Contracts", "src\Messaging.Contracts\Messaging.Contracts.csproj", "{33333333-3333-3333-3333-333333333333}"
EndProject
Project("{FAE04EC0-301F-11D3-BF4B-00C04F79EFBC}") = "Identity.Api", "src\Identity.Api\Identity.Api.csproj", "{44444444-4444-4444-4444-444444444444}"
EndProject
Project("{FAE04EC0-301F-11D3-BF4B-00C04F79EFBC}") = "Identity.Core", "src\Identity.Core\Identity.Core.csproj", "{55555555-5555-5555-5555-555555555555}"
EndProject
Project("{FAE04EC0-301F-11D3-BF4B-00C04F79EFBC}") = "Identity.Infrastructure", "src\Identity.Infrastructure\Identity.Infrastructure.csproj", "{66666666-6666-6666-6666-666666666666}"
EndProject
Project("{FAE04EC0-301F-11D3-BF4B-00C04F79EFBC}") = "Assignments.Api", "src\Assignments.Api\Assignments.Api.csproj", "{77777777-7777-7777-7777-777777777777}"
EndProject
Project("{FAE04EC0-301F-11D3-BF4B-00C04F79EFBC}") = "Assignments.Core", "src\Assignments.Core\Assignments.Core.csproj", "{88888888-8888-8888-8888-888888888888}"
EndProject
Project("{FAE04EC0-301F-11D3-BF4B-00C04F79EFBC}") = "Assignments.Infrastructure", "src\Assignments.Infrastructure\Assignments.Infrastructure.csproj", "{99999999-9999-9999-9999-999999999999}"
EndProject
Project("{FAE04EC0-301F-11D3-BF4B-00C04F79EFBC}") = "Chores.Api", "src\Chores.Api\Chores.Api.csproj", "{AAAAAAAA-AAAA-AAAA-AAAA-AAAAAAAAAAAA}"
EndProject
Project("{FAE04EC0-301F-11D3-BF4B-00C04F79EFBC}") = "Chores.Core", "src\Chores.Core\Chores.Core.csproj", "{BBBBBBBB-BBBB-BBBB-BBBB-BBBBBBBBBBBB}"
EndProject
Project("{FAE04EC0-301F-11D3-BF4B-00C04F79EFBC}") = "Chores.Infrastructure", "src\Chores.Infrastructure\Chores.Infrastructure.csproj", "{CCCCCCCC-CCCC-CCCC-CCCC-CCCCCCCCCCCC}"
EndProject
Project("{FAE04EC0-301F-11D3-BF4B-00C04F79EFBC}") = "FamilyMembers.Api", "src\FamilyMembers.Api\FamilyMembers.Api.csproj", "{DDDDDDDD-DDDD-DDDD-DDDD-DDDDDDDDDDDD}"
EndProject
Project("{FAE04EC0-301F-11D3-BF4B-00C04F79EFBC}") = "FamilyMembers.Core", "src\FamilyMembers.Core\FamilyMembers.Core.csproj", "{EEEEEEEE-EEEE-EEEE-EEEE-EEEEEEEEEEEE}"
EndProject
Project("{FAE04EC0-301F-11D3-BF4B-00C04F79EFBC}") = "FamilyMembers.Infrastructure", "src\FamilyMembers.Infrastructure\FamilyMembers.Infrastructure.csproj", "{FFFFFFFF-FFFF-FFFF-FFFF-FFFFFFFFFFFF}"
EndProject
Project("{FAE04EC0-301F-11D3-BF4B-00C04F79EFBC}") = "Rewards.Api", "src\Rewards.Api\Rewards.Api.csproj", "{11111111-2222-3333-4444-555555555555}"
EndProject
Project("{FAE04EC0-301F-11D3-BF4B-00C04F79EFBC}") = "Rewards.Core", "src\Rewards.Core\Rewards.Core.csproj", "{22222222-3333-4444-5555-666666666666}"
EndProject
Project("{FAE04EC0-301F-11D3-BF4B-00C04F79EFBC}") = "Rewards.Infrastructure", "src\Rewards.Infrastructure\Rewards.Infrastructure.csproj", "{33333333-4444-5555-6666-777777777777}"
EndProject
Project("{FAE04EC0-301F-11D3-BF4B-00C04F79EFBC}") = "ChoreAssignmentTracker.Core", "src\ChoreAssignmentTracker.Core\ChoreAssignmentTracker.Core.csproj", "{8791F941-0EA7-4438-81C3-CA1D4407A67A}"
EndProject
Project("{FAE04EC0-301F-11D3-BF4B-00C04F79EFBC}") = "ChoreAssignmentTracker.Infrastructure", "src\ChoreAssignmentTracker.Infrastructure\ChoreAssignmentTracker.Infrastructure.csproj", "{0E18937F-57A2-49A8-8772-37F257469D86}"
EndProject
Project("{FAE04EC0-301F-11D3-BF4B-00C04F79EFBC}") = "ChoreAssignmentTracker.Api", "src\ChoreAssignmentTracker.Api\ChoreAssignmentTracker.Api.csproj", "{B4B6C566-0822-4D2F-957D-E5A874D94E69}"
EndProject
Project("{FAE04EC0-301F-11D3-BF4B-00C04F79EFBC}") = "ChoreAssignmentTracker.Core.Tests", "tests\ChoreAssignmentTracker.Core.Tests\ChoreAssignmentTracker.Core.Tests.csproj", "{E947CC42-2F9C-4790-93B4-36B6AF096719}"
EndProject
Project("{FAE04EC0-301F-11D3-BF4B-00C04F79EFBC}") = "ChoreAssignmentTracker.Infrastructure.Tests", "tests\ChoreAssignmentTracker.Infrastructure.Tests\ChoreAssignmentTracker.Infrastructure.Tests.csproj", "{B100B03B-DE1D-4BE3-85D2-F4001EF1EFA7}"
EndProject
Project("{FAE04EC0-301F-11D3-BF4B-00C04F79EFBC}") = "ChoreAssignmentTracker.Api.Tests", "tests\ChoreAssignmentTracker.Api.Tests\ChoreAssignmentTracker.Api.Tests.csproj", "{6C25FCF2-1ED9-4442-B2E9-35FDEA4954D2}"
EndProject
Global
	GlobalSection(SolutionConfigurationPlatforms) = preSolution
		Debug|Any CPU = Debug|Any CPU
		Release|Any CPU = Release|Any CPU
	EndGlobalSection
	GlobalSection(ProjectConfigurationPlatforms) = postSolution
		{11111111-1111-1111-1111-111111111111}.Debug|Any CPU.ActiveCfg = Debug|Any CPU
		{11111111-1111-1111-1111-111111111111}.Debug|Any CPU.Build.0 = Debug|Any CPU
		{11111111-1111-1111-1111-111111111111}.Release|Any CPU.ActiveCfg = Release|Any CPU
		{11111111-1111-1111-1111-111111111111}.Release|Any CPU.Build.0 = Release|Any CPU
		{22222222-2222-2222-2222-222222222222}.Debug|Any CPU.ActiveCfg = Debug|Any CPU
		{22222222-2222-2222-2222-222222222222}.Debug|Any CPU.Build.0 = Debug|Any CPU
		{22222222-2222-2222-2222-222222222222}.Release|Any CPU.ActiveCfg = Release|Any CPU
		{22222222-2222-2222-2222-222222222222}.Release|Any CPU.Build.0 = Release|Any CPU
		{33333333-3333-3333-3333-333333333333}.Debug|Any CPU.ActiveCfg = Debug|Any CPU
		{33333333-3333-3333-3333-333333333333}.Debug|Any CPU.Build.0 = Debug|Any CPU
		{33333333-3333-3333-3333-333333333333}.Release|Any CPU.ActiveCfg = Release|Any CPU
		{33333333-3333-3333-3333-333333333333}.Release|Any CPU.Build.0 = Release|Any CPU
		{44444444-4444-4444-4444-444444444444}.Debug|Any CPU.ActiveCfg = Debug|Any CPU
		{44444444-4444-4444-4444-444444444444}.Debug|Any CPU.Build.0 = Debug|Any CPU
		{44444444-4444-4444-4444-444444444444}.Release|Any CPU.ActiveCfg = Release|Any CPU
		{44444444-4444-4444-4444-444444444444}.Release|Any CPU.Build.0 = Release|Any CPU
		{55555555-5555-5555-5555-555555555555}.Debug|Any CPU.ActiveCfg = Debug|Any CPU
		{55555555-5555-5555-5555-555555555555}.Debug|Any CPU.Build.0 = Debug|Any CPU
		{55555555-5555-5555-5555-555555555555}.Release|Any CPU.ActiveCfg = Release|Any CPU
		{55555555-5555-5555-5555-555555555555}.Release|Any CPU.Build.0 = Release|Any CPU
		{66666666-6666-6666-6666-666666666666}.Debug|Any CPU.ActiveCfg = Debug|Any CPU
		{66666666-6666-6666-6666-666666666666}.Debug|Any CPU.Build.0 = Debug|Any CPU
		{66666666-6666-6666-6666-666666666666}.Release|Any CPU.ActiveCfg = Release|Any CPU
		{66666666-6666-6666-6666-666666666666}.Release|Any CPU.Build.0 = Release|Any CPU
		{77777777-7777-7777-7777-777777777777}.Debug|Any CPU.ActiveCfg = Debug|Any CPU
		{77777777-7777-7777-7777-777777777777}.Debug|Any CPU.Build.0 = Debug|Any CPU
		{77777777-7777-7777-7777-777777777777}.Release|Any CPU.ActiveCfg = Release|Any CPU
		{77777777-7777-7777-7777-777777777777}.Release|Any CPU.Build.0 = Release|Any CPU
		{88888888-8888-8888-8888-888888888888}.Debug|Any CPU.ActiveCfg = Debug|Any CPU
		{88888888-8888-8888-8888-888888888888}.Debug|Any CPU.Build.0 = Debug|Any CPU
		{88888888-8888-8888-8888-888888888888}.Release|Any CPU.ActiveCfg = Release|Any CPU
		{88888888-8888-8888-8888-888888888888}.Release|Any CPU.Build.0 = Release|Any CPU
		{99999999-9999-9999-9999-999999999999}.Debug|Any CPU.ActiveCfg = Debug|Any CPU
		{99999999-9999-9999-9999-999999999999}.Debug|Any CPU.Build.0 = Debug|Any CPU
		{99999999-9999-9999-9999-999999999999}.Release|Any CPU.ActiveCfg = Release|Any CPU
		{99999999-9999-9999-9999-999999999999}.Release|Any CPU.Build.0 = Release|Any CPU
		{AAAAAAAA-AAAA-AAAA-AAAA-AAAAAAAAAAAA}.Debug|Any CPU.ActiveCfg = Debug|Any CPU
		{AAAAAAAA-AAAA-AAAA-AAAA-AAAAAAAAAAAA}.Debug|Any CPU.Build.0 = Debug|Any CPU
		{AAAAAAAA-AAAA-AAAA-AAAA-AAAAAAAAAAAA}.Release|Any CPU.ActiveCfg = Release|Any CPU
		{AAAAAAAA-AAAA-AAAA-AAAA-AAAAAAAAAAAA}.Release|Any CPU.Build.0 = Release|Any CPU
		{BBBBBBBB-BBBB-BBBB-BBBB-BBBBBBBBBBBB}.Debug|Any CPU.ActiveCfg = Debug|Any CPU
		{BBBBBBBB-BBBB-BBBB-BBBB-BBBBBBBBBBBB}.Debug|Any CPU.Build.0 = Debug|Any CPU
		{BBBBBBBB-BBBB-BBBB-BBBB-BBBBBBBBBBBB}.Release|Any CPU.ActiveCfg = Release|Any CPU
		{BBBBBBBB-BBBB-BBBB-BBBB-BBBBBBBBBBBB}.Release|Any CPU.Build.0 = Release|Any CPU
		{CCCCCCCC-CCCC-CCCC-CCCC-CCCCCCCCCCCC}.Debug|Any CPU.ActiveCfg = Debug|Any CPU
		{CCCCCCCC-CCCC-CCCC-CCCC-CCCCCCCCCCCC}.Debug|Any CPU.Build.0 = Debug|Any CPU
		{CCCCCCCC-CCCC-CCCC-CCCC-CCCCCCCCCCCC}.Release|Any CPU.ActiveCfg = Release|Any CPU
		{CCCCCCCC-CCCC-CCCC-CCCC-CCCCCCCCCCCC}.Release|Any CPU.Build.0 = Release|Any CPU
		{DDDDDDDD-DDDD-DDDD-DDDD-DDDDDDDDDDDD}.Debug|Any CPU.ActiveCfg = Debug|Any CPU
		{DDDDDDDD-DDDD-DDDD-DDDD-DDDDDDDDDDDD}.Debug|Any CPU.Build.0 = Debug|Any CPU
		{DDDDDDDD-DDDD-DDDD-DDDD-DDDDDDDDDDDD}.Release|Any CPU.ActiveCfg = Release|Any CPU
		{DDDDDDDD-DDDD-DDDD-DDDD-DDDDDDDDDDDD}.Release|Any CPU.Build.0 = Release|Any CPU
		{EEEEEEEE-EEEE-EEEE-EEEE-EEEEEEEEEEEE}.Debug|Any CPU.ActiveCfg = Debug|Any CPU
		{EEEEEEEE-EEEE-EEEE-EEEE-EEEEEEEEEEEE}.Debug|Any CPU.Build.0 = Debug|Any CPU
		{EEEEEEEE-EEEE-EEEE-EEEE-EEEEEEEEEEEE}.Release|Any CPU.ActiveCfg = Release|Any CPU
		{EEEEEEEE-EEEE-EEEE-EEEE-EEEEEEEEEEEE}.Release|Any CPU.Build.0 = Release|Any CPU
		{FFFFFFFF-FFFF-FFFF-FFFF-FFFFFFFFFFFF}.Debug|Any CPU.ActiveCfg = Debug|Any CPU
		{FFFFFFFF-FFFF-FFFF-FFFF-FFFFFFFFFFFF}.Debug|Any CPU.Build.0 = Debug|Any CPU
		{FFFFFFFF-FFFF-FFFF-FFFF-FFFFFFFFFFFF}.Release|Any CPU.ActiveCfg = Release|Any CPU
		{FFFFFFFF-FFFF-FFFF-FFFF-FFFFFFFFFFFF}.Release|Any CPU.Build.0 = Release|Any CPU
		{11111111-2222-3333-4444-555555555555}.Debug|Any CPU.ActiveCfg = Debug|Any CPU
		{11111111-2222-3333-4444-555555555555}.Debug|Any CPU.Build.0 = Debug|Any CPU
		{11111111-2222-3333-4444-555555555555}.Release|Any CPU.ActiveCfg = Release|Any CPU
		{11111111-2222-3333-4444-555555555555}.Release|Any CPU.Build.0 = Release|Any CPU
		{22222222-3333-4444-5555-666666666666}.Debug|Any CPU.ActiveCfg = Debug|Any CPU
		{22222222-3333-4444-5555-666666666666}.Debug|Any CPU.Build.0 = Debug|Any CPU
		{22222222-3333-4444-5555-666666666666}.Release|Any CPU.ActiveCfg = Release|Any CPU
		{22222222-3333-4444-5555-666666666666}.Release|Any CPU.Build.0 = Release|Any CPU
		{33333333-4444-5555-6666-777777777777}.Debug|Any CPU.ActiveCfg = Debug|Any CPU
		{33333333-4444-5555-6666-777777777777}.Debug|Any CPU.Build.0 = Debug|Any CPU
		{33333333-4444-5555-6666-777777777777}.Release|Any CPU.ActiveCfg = Release|Any CPU
		{33333333-4444-5555-6666-777777777777}.Release|Any CPU.Build.0 = Release|Any CPU
		{8791F941-0EA7-4438-81C3-CA1D4407A67A}.Debug|Any CPU.ActiveCfg = Debug|Any CPU
		{8791F941-0EA7-4438-81C3-CA1D4407A67A}.Debug|Any CPU.Build.0 = Debug|Any CPU
		{8791F941-0EA7-4438-81C3-CA1D4407A67A}.Release|Any CPU.ActiveCfg = Release|Any CPU
		{8791F941-0EA7-4438-81C3-CA1D4407A67A}.Release|Any CPU.Build.0 = Release|Any CPU
		{0E18937F-57A2-49A8-8772-37F257469D86}.Debug|Any CPU.ActiveCfg = Debug|Any CPU
		{0E18937F-57A2-49A8-8772-37F257469D86}.Debug|Any CPU.Build.0 = Debug|Any CPU
		{0E18937F-57A2-49A8-8772-37F257469D86}.Release|Any CPU.ActiveCfg = Release|Any CPU
		{0E18937F-57A2-49A8-8772-37F257469D86}.Release|Any CPU.Build.0 = Release|Any CPU
		{B4B6C566-0822-4D2F-957D-E5A874D94E69}.Debug|Any CPU.ActiveCfg = Debug|Any CPU
		{B4B6C566-0822-4D2F-957D-E5A874D94E69}.Debug|Any CPU.Build.0 = Debug|Any CPU
		{B4B6C566-0822-4D2F-957D-E5A874D94E69}.Release|Any CPU.ActiveCfg = Release|Any CPU
		{B4B6C566-0822-4D2F-957D-E5A874D94E69}.Release|Any CPU.Build.0 = Release|Any CPU
		{E947CC42-2F9C-4790-93B4-36B6AF096719}.Debug|Any CPU.ActiveCfg = Debug|Any CPU
		{E947CC42-2F9C-4790-93B4-36B6AF096719}.Debug|Any CPU.Build.0 = Debug|Any CPU
		{E947CC42-2F9C-4790-93B4-36B6AF096719}.Release|Any CPU.ActiveCfg = Release|Any CPU
		{E947CC42-2F9C-4790-93B4-36B6AF096719}.Release|Any CPU.Build.0 = Release|Any CPU
		{B100B03B-DE1D-4BE3-85D2-F4001EF1EFA7}.Debug|Any CPU.ActiveCfg = Debug|Any CPU
		{B100B03B-DE1D-4BE3-85D2-F4001EF1EFA7}.Debug|Any CPU.Build.0 = Debug|Any CPU
		{B100B03B-DE1D-4BE3-85D2-F4001EF1EFA7}.Release|Any CPU.ActiveCfg = Release|Any CPU
		{B100B03B-DE1D-4BE3-85D2-F4001EF1EFA7}.Release|Any CPU.Build.0 = Release|Any CPU
		{6C25FCF2-1ED9-4442-B2E9-35FDEA4954D2}.Debug|Any CPU.ActiveCfg = Debug|Any CPU
		{6C25FCF2-1ED9-4442-B2E9-35FDEA4954D2}.Debug|Any CPU.Build.0 = Debug|Any CPU
		{6C25FCF2-1ED9-4442-B2E9-35FDEA4954D2}.Release|Any CPU.ActiveCfg = Release|Any CPU
		{6C25FCF2-1ED9-4442-B2E9-35FDEA4954D2}.Release|Any CPU.Build.0 = Release|Any CPU
	EndGlobalSection
	GlobalSection(SolutionProperties) = preSolution
		HideSolutionNode = FALSE
	EndGlobalSection
	GlobalSection(NestedProjects) = preSolution
		{11111111-1111-1111-1111-111111111111} = {A1B2C3D4-E5F6-7890-ABCD-EF1234567890}
		{22222222-2222-2222-2222-222222222222} = {A1B2C3D4-E5F6-7890-ABCD-EF1234567890}
		{33333333-3333-3333-3333-333333333333} = {D436D3A8-781E-4A56-A190-B1B3FFE86607}
		{44444444-4444-4444-4444-444444444444} = {B1B2C3D4-E5F6-7890-ABCD-EF1234567891}
		{55555555-5555-5555-5555-555555555555} = {B1B2C3D4-E5F6-7890-ABCD-EF1234567891}
		{66666666-6666-6666-6666-666666666666} = {B1B2C3D4-E5F6-7890-ABCD-EF1234567891}
		{77777777-7777-7777-7777-777777777777} = {C1B2C3D4-E5F6-7890-ABCD-EF1234567892}
		{88888888-8888-8888-8888-888888888888} = {C1B2C3D4-E5F6-7890-ABCD-EF1234567892}
		{99999999-9999-9999-9999-999999999999} = {C1B2C3D4-E5F6-7890-ABCD-EF1234567892}
		{AAAAAAAA-AAAA-AAAA-AAAA-AAAAAAAAAAAA} = {D1B2C3D4-E5F6-7890-ABCD-EF1234567893}
		{BBBBBBBB-BBBB-BBBB-BBBB-BBBBBBBBBBBB} = {D1B2C3D4-E5F6-7890-ABCD-EF1234567893}
		{CCCCCCCC-CCCC-CCCC-CCCC-CCCCCCCCCCCC} = {D1B2C3D4-E5F6-7890-ABCD-EF1234567893}
		{DDDDDDDD-DDDD-DDDD-DDDD-DDDDDDDDDDDD} = {E1B2C3D4-E5F6-7890-ABCD-EF1234567894}
		{EEEEEEEE-EEEE-EEEE-EEEE-EEEEEEEEEEEE} = {E1B2C3D4-E5F6-7890-ABCD-EF1234567894}
		{FFFFFFFF-FFFF-FFFF-FFFF-FFFFFFFFFFFF} = {E1B2C3D4-E5F6-7890-ABCD-EF1234567894}
		{11111111-2222-3333-4444-555555555555} = {F1B2C3D4-E5F6-7890-ABCD-EF1234567895}
		{22222222-3333-4444-5555-666666666666} = {F1B2C3D4-E5F6-7890-ABCD-EF1234567895}
		{33333333-4444-5555-6666-777777777777} = {F1B2C3D4-E5F6-7890-ABCD-EF1234567895}
		{8791F941-0EA7-4438-81C3-CA1D4407A67A} = {D436D3A8-781E-4A56-A190-B1B3FFE86607}
		{0E18937F-57A2-49A8-8772-37F257469D86} = {D436D3A8-781E-4A56-A190-B1B3FFE86607}
		{B4B6C566-0822-4D2F-957D-E5A874D94E69} = {D436D3A8-781E-4A56-A190-B1B3FFE86607}
		{E947CC42-2F9C-4790-93B4-36B6AF096719} = {2A337F3F-40AF-4F5F-8B82-D19C1337B045}
		{B100B03B-DE1D-4BE3-85D2-F4001EF1EFA7} = {2A337F3F-40AF-4F5F-8B82-D19C1337B045}
		{6C25FCF2-1ED9-4442-B2E9-35FDEA4954D2} = {2A337F3F-40AF-4F5F-8B82-D19C1337B045}
	EndGlobalSection
EndGlobal
