Microsoft Visual Studio Solution File, Format Version 12.00
# Visual Studio Version 17
VisualStudioVersion = 17.0.31903.59
MinimumVisualStudioVersion = 10.0.40219.1
Project("{2150E333-8FDC-42A3-9474-1A3956D46DE8}") = "src", "src", "{2B9FBC65-C715-40AF-A8AC-20684A1C2CDA}"
EndProject
Project("{2150E333-8FDC-42A3-9474-1A3956D46DE8}") = "tests", "tests", "{E81A636C-CD2F-401F-BC09-B3F49EF1E4FB}"
EndProject
Project("{FAE04EC0-301F-11D3-BF4B-00C04F79EFBC}") = "PersonalLoanComparisonTool.Core", "src\PersonalLoanComparisonTool.Core\PersonalLoanComparisonTool.Core.csproj", "{D43D916C-5092-4354-B496-AE62B8A819C3}"
EndProject
Project("{FAE04EC0-301F-11D3-BF4B-00C04F79EFBC}") = "PersonalLoanComparisonTool.Infrastructure", "src\PersonalLoanComparisonTool.Infrastructure\PersonalLoanComparisonTool.Infrastructure.csproj", "{54D03CAB-4C3F-45BC-95D7-594FB1FB1936}"
EndProject
Project("{FAE04EC0-301F-11D3-BF4B-00C04F79EFBC}") = "PersonalLoanComparisonTool.Api", "src\PersonalLoanComparisonTool.Api\PersonalLoanComparisonTool.Api.csproj", "{84544A18-52C1-4B48-924B-631D752C48FB}"
EndProject
Project("{FAE04EC0-301F-11D3-BF4B-00C04F79EFBC}") = "PersonalLoanComparisonTool.Core.Tests", "tests\PersonalLoanComparisonTool.Core.Tests\PersonalLoanComparisonTool.Core.Tests.csproj", "{9B3DDBD7-6FF4-4E9D-8ED5-C7BE07C7D3AE}"
EndProject
Project("{FAE04EC0-301F-11D3-BF4B-00C04F79EFBC}") = "PersonalLoanComparisonTool.Infrastructure.Tests", "tests\PersonalLoanComparisonTool.Infrastructure.Tests\PersonalLoanComparisonTool.Infrastructure.Tests.csproj", "{4FFAB433-DBDF-433A-B620-501C365B5B2B}"
EndProject
Project("{FAE04EC0-301F-11D3-BF4B-00C04F79EFBC}") = "PersonalLoanComparisonTool.Api.Tests", "tests\PersonalLoanComparisonTool.Api.Tests\PersonalLoanComparisonTool.Api.Tests.csproj", "{3D41EEC6-863C-4661-B863-524EE6BD6BDD}"
EndProject
Global
	GlobalSection(SolutionConfigurationPlatforms) = preSolution
		Debug|Any CPU = Debug|Any CPU
		Release|Any CPU = Release|Any CPU
	EndGlobalSection
	GlobalSection(ProjectConfigurationPlatforms) = postSolution
		{D43D916C-5092-4354-B496-AE62B8A819C3}.Debug|Any CPU.ActiveCfg = Debug|Any CPU
		{D43D916C-5092-4354-B496-AE62B8A819C3}.Debug|Any CPU.Build.0 = Debug|Any CPU
		{D43D916C-5092-4354-B496-AE62B8A819C3}.Release|Any CPU.ActiveCfg = Release|Any CPU
		{D43D916C-5092-4354-B496-AE62B8A819C3}.Release|Any CPU.Build.0 = Release|Any CPU
		{54D03CAB-4C3F-45BC-95D7-594FB1FB1936}.Debug|Any CPU.ActiveCfg = Debug|Any CPU
		{54D03CAB-4C3F-45BC-95D7-594FB1FB1936}.Debug|Any CPU.Build.0 = Debug|Any CPU
		{54D03CAB-4C3F-45BC-95D7-594FB1FB1936}.Release|Any CPU.ActiveCfg = Release|Any CPU
		{54D03CAB-4C3F-45BC-95D7-594FB1FB1936}.Release|Any CPU.Build.0 = Release|Any CPU
		{84544A18-52C1-4B48-924B-631D752C48FB}.Debug|Any CPU.ActiveCfg = Debug|Any CPU
		{84544A18-52C1-4B48-924B-631D752C48FB}.Debug|Any CPU.Build.0 = Debug|Any CPU
		{84544A18-52C1-4B48-924B-631D752C48FB}.Release|Any CPU.ActiveCfg = Release|Any CPU
		{84544A18-52C1-4B48-924B-631D752C48FB}.Release|Any CPU.Build.0 = Release|Any CPU
		{9B3DDBD7-6FF4-4E9D-8ED5-C7BE07C7D3AE}.Debug|Any CPU.ActiveCfg = Debug|Any CPU
		{9B3DDBD7-6FF4-4E9D-8ED5-C7BE07C7D3AE}.Debug|Any CPU.Build.0 = Debug|Any CPU
		{9B3DDBD7-6FF4-4E9D-8ED5-C7BE07C7D3AE}.Release|Any CPU.ActiveCfg = Release|Any CPU
		{9B3DDBD7-6FF4-4E9D-8ED5-C7BE07C7D3AE}.Release|Any CPU.Build.0 = Release|Any CPU
		{4FFAB433-DBDF-433A-B620-501C365B5B2B}.Debug|Any CPU.ActiveCfg = Debug|Any CPU
		{4FFAB433-DBDF-433A-B620-501C365B5B2B}.Debug|Any CPU.Build.0 = Debug|Any CPU
		{4FFAB433-DBDF-433A-B620-501C365B5B2B}.Release|Any CPU.ActiveCfg = Release|Any CPU
		{4FFAB433-DBDF-433A-B620-501C365B5B2B}.Release|Any CPU.Build.0 = Release|Any CPU
		{3D41EEC6-863C-4661-B863-524EE6BD6BDD}.Debug|Any CPU.ActiveCfg = Debug|Any CPU
		{3D41EEC6-863C-4661-B863-524EE6BD6BDD}.Debug|Any CPU.Build.0 = Debug|Any CPU
		{3D41EEC6-863C-4661-B863-524EE6BD6BDD}.Release|Any CPU.ActiveCfg = Release|Any CPU
		{3D41EEC6-863C-4661-B863-524EE6BD6BDD}.Release|Any CPU.Build.0 = Release|Any CPU
	EndGlobalSection
	GlobalSection(SolutionProperties) = preSolution
		HideSolutionNode = FALSE
	EndGlobalSection
	GlobalSection(NestedProjects) = preSolution
		{D43D916C-5092-4354-B496-AE62B8A819C3} = {2B9FBC65-C715-40AF-A8AC-20684A1C2CDA}
		{54D03CAB-4C3F-45BC-95D7-594FB1FB1936} = {2B9FBC65-C715-40AF-A8AC-20684A1C2CDA}
		{84544A18-52C1-4B48-924B-631D752C48FB} = {2B9FBC65-C715-40AF-A8AC-20684A1C2CDA}
		{9B3DDBD7-6FF4-4E9D-8ED5-C7BE07C7D3AE} = {E81A636C-CD2F-401F-BC09-B3F49EF1E4FB}
		{4FFAB433-DBDF-433A-B620-501C365B5B2B} = {E81A636C-CD2F-401F-BC09-B3F49EF1E4FB}
		{3D41EEC6-863C-4661-B863-524EE6BD6BDD} = {E81A636C-CD2F-401F-BC09-B3F49EF1E4FB}
	EndGlobalSection
EndGlobal
