Microsoft Visual Studio Solution File, Format Version 12.00
# Visual Studio Version 17
VisualStudioVersion = 17.0.31903.59
MinimumVisualStudioVersion = 10.0.40219.1
Project("{2150E333-8FDC-42A3-9474-1A3956D46DE8}") = "src", "src", "{21C4C310-72EB-4F58-AFE3-03B7F344FC4B}"
EndProject
Project("{2150E333-8FDC-42A3-9474-1A3956D46DE8}") = "tests", "tests", "{34FD1D47-0988-4586-A335-3EC45430EC01}"
EndProject
Project("{FAE04EC0-301F-11D3-BF4B-00C04F79EFBC}") = "ProfessionalReadingList.Core", "src\ProfessionalReadingList.Core\ProfessionalReadingList.Core.csproj", "{B7DD4E5B-03ED-418F-8830-8E9E61874A36}"
EndProject
Project("{FAE04EC0-301F-11D3-BF4B-00C04F79EFBC}") = "ProfessionalReadingList.Infrastructure", "src\ProfessionalReadingList.Infrastructure\ProfessionalReadingList.Infrastructure.csproj", "{B9665ABD-97EB-4FAB-8E99-9CBAB954C7D0}"
EndProject
Project("{FAE04EC0-301F-11D3-BF4B-00C04F79EFBC}") = "ProfessionalReadingList.Api", "src\ProfessionalReadingList.Api\ProfessionalReadingList.Api.csproj", "{DFCE7829-74AD-45C7-9A35-A951AB47E1AB}"
EndProject
Project("{FAE04EC0-301F-11D3-BF4B-00C04F79EFBC}") = "ProfessionalReadingList.Core.Tests", "tests\ProfessionalReadingList.Core.Tests\ProfessionalReadingList.Core.Tests.csproj", "{AF8411C3-FE92-4CAF-8E8A-AD72B9905082}"
EndProject
Project("{FAE04EC0-301F-11D3-BF4B-00C04F79EFBC}") = "ProfessionalReadingList.Infrastructure.Tests", "tests\ProfessionalReadingList.Infrastructure.Tests\ProfessionalReadingList.Infrastructure.Tests.csproj", "{E824ECA2-F37C-4CC7-96C8-251906FD8985}"
EndProject
Project("{FAE04EC0-301F-11D3-BF4B-00C04F79EFBC}") = "ProfessionalReadingList.Api.Tests", "tests\ProfessionalReadingList.Api.Tests\ProfessionalReadingList.Api.Tests.csproj", "{09248639-D32C-4ECF-9D69-D943A1236623}"
EndProject
Global
	GlobalSection(SolutionConfigurationPlatforms) = preSolution
		Debug|Any CPU = Debug|Any CPU
		Release|Any CPU = Release|Any CPU
	EndGlobalSection
	GlobalSection(ProjectConfigurationPlatforms) = postSolution
		{B7DD4E5B-03ED-418F-8830-8E9E61874A36}.Debug|Any CPU.ActiveCfg = Debug|Any CPU
		{B7DD4E5B-03ED-418F-8830-8E9E61874A36}.Debug|Any CPU.Build.0 = Debug|Any CPU
		{B7DD4E5B-03ED-418F-8830-8E9E61874A36}.Release|Any CPU.ActiveCfg = Release|Any CPU
		{B7DD4E5B-03ED-418F-8830-8E9E61874A36}.Release|Any CPU.Build.0 = Release|Any CPU
		{B9665ABD-97EB-4FAB-8E99-9CBAB954C7D0}.Debug|Any CPU.ActiveCfg = Debug|Any CPU
		{B9665ABD-97EB-4FAB-8E99-9CBAB954C7D0}.Debug|Any CPU.Build.0 = Debug|Any CPU
		{B9665ABD-97EB-4FAB-8E99-9CBAB954C7D0}.Release|Any CPU.ActiveCfg = Release|Any CPU
		{B9665ABD-97EB-4FAB-8E99-9CBAB954C7D0}.Release|Any CPU.Build.0 = Release|Any CPU
		{DFCE7829-74AD-45C7-9A35-A951AB47E1AB}.Debug|Any CPU.ActiveCfg = Debug|Any CPU
		{DFCE7829-74AD-45C7-9A35-A951AB47E1AB}.Debug|Any CPU.Build.0 = Debug|Any CPU
		{DFCE7829-74AD-45C7-9A35-A951AB47E1AB}.Release|Any CPU.ActiveCfg = Release|Any CPU
		{DFCE7829-74AD-45C7-9A35-A951AB47E1AB}.Release|Any CPU.Build.0 = Release|Any CPU
		{AF8411C3-FE92-4CAF-8E8A-AD72B9905082}.Debug|Any CPU.ActiveCfg = Debug|Any CPU
		{AF8411C3-FE92-4CAF-8E8A-AD72B9905082}.Debug|Any CPU.Build.0 = Debug|Any CPU
		{AF8411C3-FE92-4CAF-8E8A-AD72B9905082}.Release|Any CPU.ActiveCfg = Release|Any CPU
		{AF8411C3-FE92-4CAF-8E8A-AD72B9905082}.Release|Any CPU.Build.0 = Release|Any CPU
		{E824ECA2-F37C-4CC7-96C8-251906FD8985}.Debug|Any CPU.ActiveCfg = Debug|Any CPU
		{E824ECA2-F37C-4CC7-96C8-251906FD8985}.Debug|Any CPU.Build.0 = Debug|Any CPU
		{E824ECA2-F37C-4CC7-96C8-251906FD8985}.Release|Any CPU.ActiveCfg = Release|Any CPU
		{E824ECA2-F37C-4CC7-96C8-251906FD8985}.Release|Any CPU.Build.0 = Release|Any CPU
		{09248639-D32C-4ECF-9D69-D943A1236623}.Debug|Any CPU.ActiveCfg = Debug|Any CPU
		{09248639-D32C-4ECF-9D69-D943A1236623}.Debug|Any CPU.Build.0 = Debug|Any CPU
		{09248639-D32C-4ECF-9D69-D943A1236623}.Release|Any CPU.ActiveCfg = Release|Any CPU
		{09248639-D32C-4ECF-9D69-D943A1236623}.Release|Any CPU.Build.0 = Release|Any CPU
	EndGlobalSection
	GlobalSection(SolutionProperties) = preSolution
		HideSolutionNode = FALSE
	EndGlobalSection
	GlobalSection(NestedProjects) = preSolution
		{B7DD4E5B-03ED-418F-8830-8E9E61874A36} = {21C4C310-72EB-4F58-AFE3-03B7F344FC4B}
		{B9665ABD-97EB-4FAB-8E99-9CBAB954C7D0} = {21C4C310-72EB-4F58-AFE3-03B7F344FC4B}
		{DFCE7829-74AD-45C7-9A35-A951AB47E1AB} = {21C4C310-72EB-4F58-AFE3-03B7F344FC4B}
		{AF8411C3-FE92-4CAF-8E8A-AD72B9905082} = {34FD1D47-0988-4586-A335-3EC45430EC01}
		{E824ECA2-F37C-4CC7-96C8-251906FD8985} = {34FD1D47-0988-4586-A335-3EC45430EC01}
		{09248639-D32C-4ECF-9D69-D943A1236623} = {34FD1D47-0988-4586-A335-3EC45430EC01}
	EndGlobalSection
EndGlobal
