Microsoft Visual Studio Solution File, Format Version 12.00
# Visual Studio Version 17
VisualStudioVersion = 17.0.31903.59
MinimumVisualStudioVersion = 10.0.40219.1
Project("{2150E333-8FDC-42A3-9474-1A3956D46DE8}") = "src", "src", "{21C4C310-72EB-4F58-AFE3-03B7F344FC4B}"
EndProject
Project("{2150E333-8FDC-42A3-9474-1A3956D46DE8}") = "tests", "tests", "{34FD1D47-0988-4586-A335-3EC45430EC01}"
EndProject
Project("{2150E333-8FDC-42A3-9474-1A3956D46DE8}") = "Identity", "Identity", "{A1B2C3D4-1111-2222-3333-444455556666}"
EndProject
Project("{2150E333-8FDC-42A3-9474-1A3956D46DE8}") = "Resources", "Resources", "{A1B2C3D4-2222-3333-4444-555566667777}"
EndProject
Project("{2150E333-8FDC-42A3-9474-1A3956D46DE8}") = "ReadingProgress", "ReadingProgress", "{A1B2C3D4-3333-4444-5555-666677778888}"
EndProject
Project("{2150E333-8FDC-42A3-9474-1A3956D46DE8}") = "Notes", "Notes", "{A1B2C3D4-4444-5555-6666-777788889999}"
EndProject
Project("{FAE04EC0-301F-11D3-BF4B-00C04F79EFBC}") = "ProfessionalReadingList.Core", "src\ProfessionalReadingList.Core\ProfessionalReadingList.Core.csproj", "{B7DD4E5B-03ED-418F-8830-8E9E61874A36}"
EndProject
Project("{FAE04EC0-301F-11D3-BF4B-00C04F79EFBC}") = "ProfessionalReadingList.Infrastructure", "src\ProfessionalReadingList.Infrastructure\ProfessionalReadingList.Infrastructure.csproj", "{B9665ABD-97EB-4FAB-8E99-9CBAB954C7D0}"
EndProject
Project("{FAE04EC0-301F-11D3-BF4B-00C04F79EFBC}") = "ProfessionalReadingList.Api", "src\ProfessionalReadingList.Api\ProfessionalReadingList.Api.csproj", "{DFCE7829-74AD-45C7-9A35-A951AB47E1AB}"
EndProject
Project("{FAE04EC0-301F-11D3-BF4B-00C04F79EFBC}") = "ProfessionalReadingList.Core.Tests", "tests\ProfessionalReadingList.Core.Tests\ProfessionalReadingList.Core.Tests.csproj", "{AF8411C3-FE92-4CAF-8E8A-AD72B9905082}"
EndProject
Project("{FAE04EC0-301F-11D3-BF4B-00C04F79EFBC}") = "ProfessionalReadingList.Infrastructure.Tests", "tests\ProfessionalReadingList.Infrastructure.Tests\ProfessionalReadingList.Infrastructure.Tests.csproj", "{E824ECA2-F37C-4CC7-96C8-251906FD8985}"
EndProject
Project("{FAE04EC0-301F-11D3-BF4B-00C04F79EFBC}") = "ProfessionalReadingList.Api.Tests", "tests\ProfessionalReadingList.Api.Tests\ProfessionalReadingList.Api.Tests.csproj", "{09248639-D32C-4ECF-9D69-D943A1236623}"
EndProject
Project("{FAE04EC0-301F-11D3-BF4B-00C04F79EFBC}") = "ProfessionalReadingList.AppHost", "src\ProfessionalReadingList.AppHost\ProfessionalReadingList.AppHost.csproj", "{11111111-1111-1111-1111-111111111111}"
EndProject
Project("{FAE04EC0-301F-11D3-BF4B-00C04F79EFBC}") = "ProfessionalReadingList.ServiceDefaults", "src\ProfessionalReadingList.ServiceDefaults\ProfessionalReadingList.ServiceDefaults.csproj", "{22222222-2222-2222-2222-222222222222}"
EndProject
Project("{FAE04EC0-301F-11D3-BF4B-00C04F79EFBC}") = "Messaging.Contracts", "src\Messaging.Contracts\Messaging.Contracts.csproj", "{33333333-3333-3333-3333-333333333333}"
EndProject
Project("{FAE04EC0-301F-11D3-BF4B-00C04F79EFBC}") = "Identity.Api", "src\Identity.Api\Identity.Api.csproj", "{44444444-4444-4444-4444-444444444444}"
EndProject
Project("{FAE04EC0-301F-11D3-BF4B-00C04F79EFBC}") = "Identity.Core", "src\Identity.Core\Identity.Core.csproj", "{55555555-5555-5555-5555-555555555555}"
EndProject
Project("{FAE04EC0-301F-11D3-BF4B-00C04F79EFBC}") = "Identity.Infrastructure", "src\Identity.Infrastructure\Identity.Infrastructure.csproj", "{66666666-6666-6666-6666-666666666666}"
EndProject
Project("{FAE04EC0-301F-11D3-BF4B-00C04F79EFBC}") = "Resources.Api", "src\Resources.Api\Resources.Api.csproj", "{77777777-7777-7777-7777-777777777777}"
EndProject
Project("{FAE04EC0-301F-11D3-BF4B-00C04F79EFBC}") = "Resources.Core", "src\Resources.Core\Resources.Core.csproj", "{88888888-8888-8888-8888-888888888888}"
EndProject
Project("{FAE04EC0-301F-11D3-BF4B-00C04F79EFBC}") = "Resources.Infrastructure", "src\Resources.Infrastructure\Resources.Infrastructure.csproj", "{99999999-9999-9999-9999-999999999999}"
EndProject
Project("{FAE04EC0-301F-11D3-BF4B-00C04F79EFBC}") = "ReadingProgress.Api", "src\ReadingProgress.Api\ReadingProgress.Api.csproj", "{AAAAAAAA-AAAA-AAAA-AAAA-AAAAAAAAAAAA}"
EndProject
Project("{FAE04EC0-301F-11D3-BF4B-00C04F79EFBC}") = "ReadingProgress.Core", "src\ReadingProgress.Core\ReadingProgress.Core.csproj", "{BBBBBBBB-BBBB-BBBB-BBBB-BBBBBBBBBBBB}"
EndProject
Project("{FAE04EC0-301F-11D3-BF4B-00C04F79EFBC}") = "ReadingProgress.Infrastructure", "src\ReadingProgress.Infrastructure\ReadingProgress.Infrastructure.csproj", "{CCCCCCCC-CCCC-CCCC-CCCC-CCCCCCCCCCCC}"
EndProject
Project("{FAE04EC0-301F-11D3-BF4B-00C04F79EFBC}") = "Notes.Api", "src\Notes.Api\Notes.Api.csproj", "{DDDDDDDD-DDDD-DDDD-DDDD-DDDDDDDDDDDD}"
EndProject
Project("{FAE04EC0-301F-11D3-BF4B-00C04F79EFBC}") = "Notes.Core", "src\Notes.Core\Notes.Core.csproj", "{EEEEEEEE-EEEE-EEEE-EEEE-EEEEEEEEEEEE}"
EndProject
Project("{FAE04EC0-301F-11D3-BF4B-00C04F79EFBC}") = "Notes.Infrastructure", "src\Notes.Infrastructure\Notes.Infrastructure.csproj", "{FFFFFFFF-FFFF-FFFF-FFFF-FFFFFFFFFFFF}"
EndProject
Global
	GlobalSection(SolutionConfigurationPlatforms) = preSolution
		Debug|Any CPU = Debug|Any CPU
		Release|Any CPU = Release|Any CPU
	EndGlobalSection
	GlobalSection(ProjectConfigurationPlatforms) = postSolution
		{B7DD4E5B-03ED-418F-8830-8E9E61874A36}.Debug|Any CPU.ActiveCfg = Debug|Any CPU
		{B7DD4E5B-03ED-418F-8830-8E9E61874A36}.Debug|Any CPU.Build.0 = Debug|Any CPU
		{B7DD4E5B-03ED-418F-8830-8E9E61874A36}.Release|Any CPU.ActiveCfg = Release|Any CPU
		{B7DD4E5B-03ED-418F-8830-8E9E61874A36}.Release|Any CPU.Build.0 = Release|Any CPU
		{B9665ABD-97EB-4FAB-8E99-9CBAB954C7D0}.Debug|Any CPU.ActiveCfg = Debug|Any CPU
		{B9665ABD-97EB-4FAB-8E99-9CBAB954C7D0}.Debug|Any CPU.Build.0 = Debug|Any CPU
		{B9665ABD-97EB-4FAB-8E99-9CBAB954C7D0}.Release|Any CPU.ActiveCfg = Release|Any CPU
		{B9665ABD-97EB-4FAB-8E99-9CBAB954C7D0}.Release|Any CPU.Build.0 = Release|Any CPU
		{DFCE7829-74AD-45C7-9A35-A951AB47E1AB}.Debug|Any CPU.ActiveCfg = Debug|Any CPU
		{DFCE7829-74AD-45C7-9A35-A951AB47E1AB}.Debug|Any CPU.Build.0 = Debug|Any CPU
		{DFCE7829-74AD-45C7-9A35-A951AB47E1AB}.Release|Any CPU.ActiveCfg = Release|Any CPU
		{DFCE7829-74AD-45C7-9A35-A951AB47E1AB}.Release|Any CPU.Build.0 = Release|Any CPU
		{AF8411C3-FE92-4CAF-8E8A-AD72B9905082}.Debug|Any CPU.ActiveCfg = Debug|Any CPU
		{AF8411C3-FE92-4CAF-8E8A-AD72B9905082}.Debug|Any CPU.Build.0 = Debug|Any CPU
		{AF8411C3-FE92-4CAF-8E8A-AD72B9905082}.Release|Any CPU.ActiveCfg = Release|Any CPU
		{AF8411C3-FE92-4CAF-8E8A-AD72B9905082}.Release|Any CPU.Build.0 = Release|Any CPU
		{E824ECA2-F37C-4CC7-96C8-251906FD8985}.Debug|Any CPU.ActiveCfg = Debug|Any CPU
		{E824ECA2-F37C-4CC7-96C8-251906FD8985}.Debug|Any CPU.Build.0 = Debug|Any CPU
		{E824ECA2-F37C-4CC7-96C8-251906FD8985}.Release|Any CPU.ActiveCfg = Release|Any CPU
		{E824ECA2-F37C-4CC7-96C8-251906FD8985}.Release|Any CPU.Build.0 = Release|Any CPU
		{09248639-D32C-4ECF-9D69-D943A1236623}.Debug|Any CPU.ActiveCfg = Debug|Any CPU
		{09248639-D32C-4ECF-9D69-D943A1236623}.Debug|Any CPU.Build.0 = Debug|Any CPU
		{09248639-D32C-4ECF-9D69-D943A1236623}.Release|Any CPU.ActiveCfg = Release|Any CPU
		{09248639-D32C-4ECF-9D69-D943A1236623}.Release|Any CPU.Build.0 = Release|Any CPU
		{11111111-1111-1111-1111-111111111111}.Debug|Any CPU.ActiveCfg = Debug|Any CPU
		{11111111-1111-1111-1111-111111111111}.Debug|Any CPU.Build.0 = Debug|Any CPU
		{11111111-1111-1111-1111-111111111111}.Release|Any CPU.ActiveCfg = Release|Any CPU
		{11111111-1111-1111-1111-111111111111}.Release|Any CPU.Build.0 = Release|Any CPU
		{22222222-2222-2222-2222-222222222222}.Debug|Any CPU.ActiveCfg = Debug|Any CPU
		{22222222-2222-2222-2222-222222222222}.Debug|Any CPU.Build.0 = Debug|Any CPU
		{22222222-2222-2222-2222-222222222222}.Release|Any CPU.ActiveCfg = Release|Any CPU
		{22222222-2222-2222-2222-222222222222}.Release|Any CPU.Build.0 = Release|Any CPU
		{33333333-3333-3333-3333-333333333333}.Debug|Any CPU.ActiveCfg = Debug|Any CPU
		{33333333-3333-3333-3333-333333333333}.Debug|Any CPU.Build.0 = Debug|Any CPU
		{33333333-3333-3333-3333-333333333333}.Release|Any CPU.ActiveCfg = Release|Any CPU
		{33333333-3333-3333-3333-333333333333}.Release|Any CPU.Build.0 = Release|Any CPU
		{44444444-4444-4444-4444-444444444444}.Debug|Any CPU.ActiveCfg = Debug|Any CPU
		{44444444-4444-4444-4444-444444444444}.Debug|Any CPU.Build.0 = Debug|Any CPU
		{44444444-4444-4444-4444-444444444444}.Release|Any CPU.ActiveCfg = Release|Any CPU
		{44444444-4444-4444-4444-444444444444}.Release|Any CPU.Build.0 = Release|Any CPU
		{55555555-5555-5555-5555-555555555555}.Debug|Any CPU.ActiveCfg = Debug|Any CPU
		{55555555-5555-5555-5555-555555555555}.Debug|Any CPU.Build.0 = Debug|Any CPU
		{55555555-5555-5555-5555-555555555555}.Release|Any CPU.ActiveCfg = Release|Any CPU
		{55555555-5555-5555-5555-555555555555}.Release|Any CPU.Build.0 = Release|Any CPU
		{66666666-6666-6666-6666-666666666666}.Debug|Any CPU.ActiveCfg = Debug|Any CPU
		{66666666-6666-6666-6666-666666666666}.Debug|Any CPU.Build.0 = Debug|Any CPU
		{66666666-6666-6666-6666-666666666666}.Release|Any CPU.ActiveCfg = Release|Any CPU
		{66666666-6666-6666-6666-666666666666}.Release|Any CPU.Build.0 = Release|Any CPU
		{77777777-7777-7777-7777-777777777777}.Debug|Any CPU.ActiveCfg = Debug|Any CPU
		{77777777-7777-7777-7777-777777777777}.Debug|Any CPU.Build.0 = Debug|Any CPU
		{77777777-7777-7777-7777-777777777777}.Release|Any CPU.ActiveCfg = Release|Any CPU
		{77777777-7777-7777-7777-777777777777}.Release|Any CPU.Build.0 = Release|Any CPU
		{88888888-8888-8888-8888-888888888888}.Debug|Any CPU.ActiveCfg = Debug|Any CPU
		{88888888-8888-8888-8888-888888888888}.Debug|Any CPU.Build.0 = Debug|Any CPU
		{88888888-8888-8888-8888-888888888888}.Release|Any CPU.ActiveCfg = Release|Any CPU
		{88888888-8888-8888-8888-888888888888}.Release|Any CPU.Build.0 = Release|Any CPU
		{99999999-9999-9999-9999-999999999999}.Debug|Any CPU.ActiveCfg = Debug|Any CPU
		{99999999-9999-9999-9999-999999999999}.Debug|Any CPU.Build.0 = Debug|Any CPU
		{99999999-9999-9999-9999-999999999999}.Release|Any CPU.ActiveCfg = Release|Any CPU
		{99999999-9999-9999-9999-999999999999}.Release|Any CPU.Build.0 = Release|Any CPU
		{AAAAAAAA-AAAA-AAAA-AAAA-AAAAAAAAAAAA}.Debug|Any CPU.ActiveCfg = Debug|Any CPU
		{AAAAAAAA-AAAA-AAAA-AAAA-AAAAAAAAAAAA}.Debug|Any CPU.Build.0 = Debug|Any CPU
		{AAAAAAAA-AAAA-AAAA-AAAA-AAAAAAAAAAAA}.Release|Any CPU.ActiveCfg = Release|Any CPU
		{AAAAAAAA-AAAA-AAAA-AAAA-AAAAAAAAAAAA}.Release|Any CPU.Build.0 = Release|Any CPU
		{BBBBBBBB-BBBB-BBBB-BBBB-BBBBBBBBBBBB}.Debug|Any CPU.ActiveCfg = Debug|Any CPU
		{BBBBBBBB-BBBB-BBBB-BBBB-BBBBBBBBBBBB}.Debug|Any CPU.Build.0 = Debug|Any CPU
		{BBBBBBBB-BBBB-BBBB-BBBB-BBBBBBBBBBBB}.Release|Any CPU.ActiveCfg = Release|Any CPU
		{BBBBBBBB-BBBB-BBBB-BBBB-BBBBBBBBBBBB}.Release|Any CPU.Build.0 = Release|Any CPU
		{CCCCCCCC-CCCC-CCCC-CCCC-CCCCCCCCCCCC}.Debug|Any CPU.ActiveCfg = Debug|Any CPU
		{CCCCCCCC-CCCC-CCCC-CCCC-CCCCCCCCCCCC}.Debug|Any CPU.Build.0 = Debug|Any CPU
		{CCCCCCCC-CCCC-CCCC-CCCC-CCCCCCCCCCCC}.Release|Any CPU.ActiveCfg = Release|Any CPU
		{CCCCCCCC-CCCC-CCCC-CCCC-CCCCCCCCCCCC}.Release|Any CPU.Build.0 = Release|Any CPU
		{DDDDDDDD-DDDD-DDDD-DDDD-DDDDDDDDDDDD}.Debug|Any CPU.ActiveCfg = Debug|Any CPU
		{DDDDDDDD-DDDD-DDDD-DDDD-DDDDDDDDDDDD}.Debug|Any CPU.Build.0 = Debug|Any CPU
		{DDDDDDDD-DDDD-DDDD-DDDD-DDDDDDDDDDDD}.Release|Any CPU.ActiveCfg = Release|Any CPU
		{DDDDDDDD-DDDD-DDDD-DDDD-DDDDDDDDDDDD}.Release|Any CPU.Build.0 = Release|Any CPU
		{EEEEEEEE-EEEE-EEEE-EEEE-EEEEEEEEEEEE}.Debug|Any CPU.ActiveCfg = Debug|Any CPU
		{EEEEEEEE-EEEE-EEEE-EEEE-EEEEEEEEEEEE}.Debug|Any CPU.Build.0 = Debug|Any CPU
		{EEEEEEEE-EEEE-EEEE-EEEE-EEEEEEEEEEEE}.Release|Any CPU.ActiveCfg = Release|Any CPU
		{EEEEEEEE-EEEE-EEEE-EEEE-EEEEEEEEEEEE}.Release|Any CPU.Build.0 = Release|Any CPU
		{FFFFFFFF-FFFF-FFFF-FFFF-FFFFFFFFFFFF}.Debug|Any CPU.ActiveCfg = Debug|Any CPU
		{FFFFFFFF-FFFF-FFFF-FFFF-FFFFFFFFFFFF}.Debug|Any CPU.Build.0 = Debug|Any CPU
		{FFFFFFFF-FFFF-FFFF-FFFF-FFFFFFFFFFFF}.Release|Any CPU.ActiveCfg = Release|Any CPU
		{FFFFFFFF-FFFF-FFFF-FFFF-FFFFFFFFFFFF}.Release|Any CPU.Build.0 = Release|Any CPU
	EndGlobalSection
	GlobalSection(SolutionProperties) = preSolution
		HideSolutionNode = FALSE
	EndGlobalSection
	GlobalSection(NestedProjects) = preSolution
		{B7DD4E5B-03ED-418F-8830-8E9E61874A36} = {21C4C310-72EB-4F58-AFE3-03B7F344FC4B}
		{B9665ABD-97EB-4FAB-8E99-9CBAB954C7D0} = {21C4C310-72EB-4F58-AFE3-03B7F344FC4B}
		{DFCE7829-74AD-45C7-9A35-A951AB47E1AB} = {21C4C310-72EB-4F58-AFE3-03B7F344FC4B}
		{AF8411C3-FE92-4CAF-8E8A-AD72B9905082} = {34FD1D47-0988-4586-A335-3EC45430EC01}
		{E824ECA2-F37C-4CC7-96C8-251906FD8985} = {34FD1D47-0988-4586-A335-3EC45430EC01}
		{09248639-D32C-4ECF-9D69-D943A1236623} = {34FD1D47-0988-4586-A335-3EC45430EC01}
		{11111111-1111-1111-1111-111111111111} = {21C4C310-72EB-4F58-AFE3-03B7F344FC4B}
		{22222222-2222-2222-2222-222222222222} = {21C4C310-72EB-4F58-AFE3-03B7F344FC4B}
		{33333333-3333-3333-3333-333333333333} = {21C4C310-72EB-4F58-AFE3-03B7F344FC4B}
		{44444444-4444-4444-4444-444444444444} = {A1B2C3D4-1111-2222-3333-444455556666}
		{55555555-5555-5555-5555-555555555555} = {A1B2C3D4-1111-2222-3333-444455556666}
		{66666666-6666-6666-6666-666666666666} = {A1B2C3D4-1111-2222-3333-444455556666}
		{77777777-7777-7777-7777-777777777777} = {A1B2C3D4-2222-3333-4444-555566667777}
		{88888888-8888-8888-8888-888888888888} = {A1B2C3D4-2222-3333-4444-555566667777}
		{99999999-9999-9999-9999-999999999999} = {A1B2C3D4-2222-3333-4444-555566667777}
		{AAAAAAAA-AAAA-AAAA-AAAA-AAAAAAAAAAAA} = {A1B2C3D4-3333-4444-5555-666677778888}
		{BBBBBBBB-BBBB-BBBB-BBBB-BBBBBBBBBBBB} = {A1B2C3D4-3333-4444-5555-666677778888}
		{CCCCCCCC-CCCC-CCCC-CCCC-CCCCCCCCCCCC} = {A1B2C3D4-3333-4444-5555-666677778888}
		{DDDDDDDD-DDDD-DDDD-DDDD-DDDDDDDDDDDD} = {A1B2C3D4-4444-5555-6666-777788889999}
		{EEEEEEEE-EEEE-EEEE-EEEE-EEEEEEEEEEEE} = {A1B2C3D4-4444-5555-6666-777788889999}
		{FFFFFFFF-FFFF-FFFF-FFFF-FFFFFFFFFFFF} = {A1B2C3D4-4444-5555-6666-777788889999}
		{A1B2C3D4-1111-2222-3333-444455556666} = {21C4C310-72EB-4F58-AFE3-03B7F344FC4B}
		{A1B2C3D4-2222-3333-4444-555566667777} = {21C4C310-72EB-4F58-AFE3-03B7F344FC4B}
		{A1B2C3D4-3333-4444-5555-666677778888} = {21C4C310-72EB-4F58-AFE3-03B7F344FC4B}
		{A1B2C3D4-4444-5555-6666-777788889999} = {21C4C310-72EB-4F58-AFE3-03B7F344FC4B}
	EndGlobalSection
EndGlobal
