Microsoft Visual Studio Solution File, Format Version 12.00
# Visual Studio Version 17
VisualStudioVersion = 17.0.31903.59
MinimumVisualStudioVersion = 10.0.40219.1
Project("{2150E333-8FDC-42A3-9474-1A3956D46DE8}") = "src", "src", "{4D681DE0-DB31-47BF-B083-2DBCD1B26B93}"
EndProject
Project("{2150E333-8FDC-42A3-9474-1A3956D46DE8}") = "tests", "tests", "{D5C3E760-A5AD-4934-B3F2-78B19CAAAD61}"
EndProject
Project("{FAE04EC0-301F-11D3-BF4B-00C04F79EFBC}") = "GolfScoreTracker.Core", "src\GolfScoreTracker.Core\GolfScoreTracker.Core.csproj", "{173660C8-F773-4AFD-87D2-EA0A2BB94BC0}"
EndProject
Project("{FAE04EC0-301F-11D3-BF4B-00C04F79EFBC}") = "GolfScoreTracker.Infrastructure", "src\GolfScoreTracker.Infrastructure\GolfScoreTracker.Infrastructure.csproj", "{2542AD53-9C82-42B9-96FF-6E860FD2D4FA}"
EndProject
Project("{FAE04EC0-301F-11D3-BF4B-00C04F79EFBC}") = "GolfScoreTracker.Api", "src\GolfScoreTracker.Api\GolfScoreTracker.Api.csproj", "{218708A9-1B7C-4F3E-867A-7469A977129D}"
EndProject
Project("{FAE04EC0-301F-11D3-BF4B-00C04F79EFBC}") = "GolfScoreTracker.Core.Tests", "tests\GolfScoreTracker.Core.Tests\GolfScoreTracker.Core.Tests.csproj", "{6B03326E-D40F-4DAC-B1C0-7ED62E47FAA5}"
EndProject
Project("{FAE04EC0-301F-11D3-BF4B-00C04F79EFBC}") = "GolfScoreTracker.Infrastructure.Tests", "tests\GolfScoreTracker.Infrastructure.Tests\GolfScoreTracker.Infrastructure.Tests.csproj", "{5339F967-B9A1-4A68-9124-D55FF4C0A07C}"
EndProject
Project("{FAE04EC0-301F-11D3-BF4B-00C04F79EFBC}") = "GolfScoreTracker.Api.Tests", "tests\GolfScoreTracker.Api.Tests\GolfScoreTracker.Api.Tests.csproj", "{2BF5D7CA-D07D-45EE-B1B0-95D18E8BE3C0}"
EndProject
Global
	GlobalSection(SolutionConfigurationPlatforms) = preSolution
		Debug|Any CPU = Debug|Any CPU
		Release|Any CPU = Release|Any CPU
	EndGlobalSection
	GlobalSection(ProjectConfigurationPlatforms) = postSolution
		{173660C8-F773-4AFD-87D2-EA0A2BB94BC0}.Debug|Any CPU.ActiveCfg = Debug|Any CPU
		{173660C8-F773-4AFD-87D2-EA0A2BB94BC0}.Debug|Any CPU.Build.0 = Debug|Any CPU
		{173660C8-F773-4AFD-87D2-EA0A2BB94BC0}.Release|Any CPU.ActiveCfg = Release|Any CPU
		{173660C8-F773-4AFD-87D2-EA0A2BB94BC0}.Release|Any CPU.Build.0 = Release|Any CPU
		{2542AD53-9C82-42B9-96FF-6E860FD2D4FA}.Debug|Any CPU.ActiveCfg = Debug|Any CPU
		{2542AD53-9C82-42B9-96FF-6E860FD2D4FA}.Debug|Any CPU.Build.0 = Debug|Any CPU
		{2542AD53-9C82-42B9-96FF-6E860FD2D4FA}.Release|Any CPU.ActiveCfg = Release|Any CPU
		{2542AD53-9C82-42B9-96FF-6E860FD2D4FA}.Release|Any CPU.Build.0 = Release|Any CPU
		{218708A9-1B7C-4F3E-867A-7469A977129D}.Debug|Any CPU.ActiveCfg = Debug|Any CPU
		{218708A9-1B7C-4F3E-867A-7469A977129D}.Debug|Any CPU.Build.0 = Debug|Any CPU
		{218708A9-1B7C-4F3E-867A-7469A977129D}.Release|Any CPU.ActiveCfg = Release|Any CPU
		{218708A9-1B7C-4F3E-867A-7469A977129D}.Release|Any CPU.Build.0 = Release|Any CPU
		{6B03326E-D40F-4DAC-B1C0-7ED62E47FAA5}.Debug|Any CPU.ActiveCfg = Debug|Any CPU
		{6B03326E-D40F-4DAC-B1C0-7ED62E47FAA5}.Debug|Any CPU.Build.0 = Debug|Any CPU
		{6B03326E-D40F-4DAC-B1C0-7ED62E47FAA5}.Release|Any CPU.ActiveCfg = Release|Any CPU
		{6B03326E-D40F-4DAC-B1C0-7ED62E47FAA5}.Release|Any CPU.Build.0 = Release|Any CPU
		{5339F967-B9A1-4A68-9124-D55FF4C0A07C}.Debug|Any CPU.ActiveCfg = Debug|Any CPU
		{5339F967-B9A1-4A68-9124-D55FF4C0A07C}.Debug|Any CPU.Build.0 = Debug|Any CPU
		{5339F967-B9A1-4A68-9124-D55FF4C0A07C}.Release|Any CPU.ActiveCfg = Release|Any CPU
		{5339F967-B9A1-4A68-9124-D55FF4C0A07C}.Release|Any CPU.Build.0 = Release|Any CPU
		{2BF5D7CA-D07D-45EE-B1B0-95D18E8BE3C0}.Debug|Any CPU.ActiveCfg = Debug|Any CPU
		{2BF5D7CA-D07D-45EE-B1B0-95D18E8BE3C0}.Debug|Any CPU.Build.0 = Debug|Any CPU
		{2BF5D7CA-D07D-45EE-B1B0-95D18E8BE3C0}.Release|Any CPU.ActiveCfg = Release|Any CPU
		{2BF5D7CA-D07D-45EE-B1B0-95D18E8BE3C0}.Release|Any CPU.Build.0 = Release|Any CPU
	EndGlobalSection
	GlobalSection(SolutionProperties) = preSolution
		HideSolutionNode = FALSE
	EndGlobalSection
	GlobalSection(NestedProjects) = preSolution
		{173660C8-F773-4AFD-87D2-EA0A2BB94BC0} = {4D681DE0-DB31-47BF-B083-2DBCD1B26B93}
		{2542AD53-9C82-42B9-96FF-6E860FD2D4FA} = {4D681DE0-DB31-47BF-B083-2DBCD1B26B93}
		{218708A9-1B7C-4F3E-867A-7469A977129D} = {4D681DE0-DB31-47BF-B083-2DBCD1B26B93}
		{6B03326E-D40F-4DAC-B1C0-7ED62E47FAA5} = {D5C3E760-A5AD-4934-B3F2-78B19CAAAD61}
		{5339F967-B9A1-4A68-9124-D55FF4C0A07C} = {D5C3E760-A5AD-4934-B3F2-78B19CAAAD61}
		{2BF5D7CA-D07D-45EE-B1B0-95D18E8BE3C0} = {D5C3E760-A5AD-4934-B3F2-78B19CAAAD61}
	EndGlobalSection
EndGlobal
