Microsoft Visual Studio Solution File, Format Version 12.00
# Visual Studio Version 17
VisualStudioVersion = 17.0.31903.59
MinimumVisualStudioVersion = 10.0.40219.1
Project("{2150E333-8FDC-42A3-9474-1A3956D46DE8}") = "src", "src", "{44916A01-804A-4A51-AC53-F1BAD9329177}"
EndProject
Project("{2150E333-8FDC-42A3-9474-1A3956D46DE8}") = "tests", "tests", "{21A43D19-A4A6-4C6A-8F14-8D4D14B462DC}"
EndProject
Project("{FAE04EC0-301F-11D3-BF4B-00C04F79EFBC}") = "WineCellarInventory.Core", "src\WineCellarInventory.Core\WineCellarInventory.Core.csproj", "{CEFCC3CC-09BF-4967-A76F-FF4BE9EB9DC6}"
EndProject
Project("{FAE04EC0-301F-11D3-BF4B-00C04F79EFBC}") = "WineCellarInventory.Infrastructure", "src\WineCellarInventory.Infrastructure\WineCellarInventory.Infrastructure.csproj", "{E6FAE9F6-F0CF-4427-B4BC-286FD3487889}"
EndProject
Project("{FAE04EC0-301F-11D3-BF4B-00C04F79EFBC}") = "WineCellarInventory.Api", "src\WineCellarInventory.Api\WineCellarInventory.Api.csproj", "{09F9F4F9-5351-4266-B776-2139CC74EC6E}"
EndProject
Project("{FAE04EC0-301F-11D3-BF4B-00C04F79EFBC}") = "WineCellarInventory.Core.Tests", "tests\WineCellarInventory.Core.Tests\WineCellarInventory.Core.Tests.csproj", "{F84FC913-D38C-4E78-89FE-6891EB514472}"
EndProject
Project("{FAE04EC0-301F-11D3-BF4B-00C04F79EFBC}") = "WineCellarInventory.Infrastructure.Tests", "tests\WineCellarInventory.Infrastructure.Tests\WineCellarInventory.Infrastructure.Tests.csproj", "{E1B6B5FC-7954-4BCB-8120-CBBF2D3E28FB}"
EndProject
Project("{FAE04EC0-301F-11D3-BF4B-00C04F79EFBC}") = "WineCellarInventory.Api.Tests", "tests\WineCellarInventory.Api.Tests\WineCellarInventory.Api.Tests.csproj", "{22B1F775-D206-4EA2-998B-8C86FDA1DAFB}"
EndProject
Global
	GlobalSection(SolutionConfigurationPlatforms) = preSolution
		Debug|Any CPU = Debug|Any CPU
		Release|Any CPU = Release|Any CPU
	EndGlobalSection
	GlobalSection(ProjectConfigurationPlatforms) = postSolution
		{CEFCC3CC-09BF-4967-A76F-FF4BE9EB9DC6}.Debug|Any CPU.ActiveCfg = Debug|Any CPU
		{CEFCC3CC-09BF-4967-A76F-FF4BE9EB9DC6}.Debug|Any CPU.Build.0 = Debug|Any CPU
		{CEFCC3CC-09BF-4967-A76F-FF4BE9EB9DC6}.Release|Any CPU.ActiveCfg = Release|Any CPU
		{CEFCC3CC-09BF-4967-A76F-FF4BE9EB9DC6}.Release|Any CPU.Build.0 = Release|Any CPU
		{E6FAE9F6-F0CF-4427-B4BC-286FD3487889}.Debug|Any CPU.ActiveCfg = Debug|Any CPU
		{E6FAE9F6-F0CF-4427-B4BC-286FD3487889}.Debug|Any CPU.Build.0 = Debug|Any CPU
		{E6FAE9F6-F0CF-4427-B4BC-286FD3487889}.Release|Any CPU.ActiveCfg = Release|Any CPU
		{E6FAE9F6-F0CF-4427-B4BC-286FD3487889}.Release|Any CPU.Build.0 = Release|Any CPU
		{09F9F4F9-5351-4266-B776-2139CC74EC6E}.Debug|Any CPU.ActiveCfg = Debug|Any CPU
		{09F9F4F9-5351-4266-B776-2139CC74EC6E}.Debug|Any CPU.Build.0 = Debug|Any CPU
		{09F9F4F9-5351-4266-B776-2139CC74EC6E}.Release|Any CPU.ActiveCfg = Release|Any CPU
		{09F9F4F9-5351-4266-B776-2139CC74EC6E}.Release|Any CPU.Build.0 = Release|Any CPU
		{F84FC913-D38C-4E78-89FE-6891EB514472}.Debug|Any CPU.ActiveCfg = Debug|Any CPU
		{F84FC913-D38C-4E78-89FE-6891EB514472}.Debug|Any CPU.Build.0 = Debug|Any CPU
		{F84FC913-D38C-4E78-89FE-6891EB514472}.Release|Any CPU.ActiveCfg = Release|Any CPU
		{F84FC913-D38C-4E78-89FE-6891EB514472}.Release|Any CPU.Build.0 = Release|Any CPU
		{E1B6B5FC-7954-4BCB-8120-CBBF2D3E28FB}.Debug|Any CPU.ActiveCfg = Debug|Any CPU
		{E1B6B5FC-7954-4BCB-8120-CBBF2D3E28FB}.Debug|Any CPU.Build.0 = Debug|Any CPU
		{E1B6B5FC-7954-4BCB-8120-CBBF2D3E28FB}.Release|Any CPU.ActiveCfg = Release|Any CPU
		{E1B6B5FC-7954-4BCB-8120-CBBF2D3E28FB}.Release|Any CPU.Build.0 = Release|Any CPU
		{22B1F775-D206-4EA2-998B-8C86FDA1DAFB}.Debug|Any CPU.ActiveCfg = Debug|Any CPU
		{22B1F775-D206-4EA2-998B-8C86FDA1DAFB}.Debug|Any CPU.Build.0 = Debug|Any CPU
		{22B1F775-D206-4EA2-998B-8C86FDA1DAFB}.Release|Any CPU.ActiveCfg = Release|Any CPU
		{22B1F775-D206-4EA2-998B-8C86FDA1DAFB}.Release|Any CPU.Build.0 = Release|Any CPU
	EndGlobalSection
	GlobalSection(SolutionProperties) = preSolution
		HideSolutionNode = FALSE
	EndGlobalSection
	GlobalSection(NestedProjects) = preSolution
		{CEFCC3CC-09BF-4967-A76F-FF4BE9EB9DC6} = {44916A01-804A-4A51-AC53-F1BAD9329177}
		{E6FAE9F6-F0CF-4427-B4BC-286FD3487889} = {44916A01-804A-4A51-AC53-F1BAD9329177}
		{09F9F4F9-5351-4266-B776-2139CC74EC6E} = {44916A01-804A-4A51-AC53-F1BAD9329177}
		{F84FC913-D38C-4E78-89FE-6891EB514472} = {21A43D19-A4A6-4C6A-8F14-8D4D14B462DC}
		{E1B6B5FC-7954-4BCB-8120-CBBF2D3E28FB} = {21A43D19-A4A6-4C6A-8F14-8D4D14B462DC}
		{22B1F775-D206-4EA2-998B-8C86FDA1DAFB} = {21A43D19-A4A6-4C6A-8F14-8D4D14B462DC}
	EndGlobalSection
EndGlobal
