Microsoft Visual Studio Solution File, Format Version 12.00
# Visual Studio Version 17
VisualStudioVersion = 17.0.31903.59
MinimumVisualStudioVersion = 10.0.40219.1
Project("{2150E333-8FDC-42A3-9474-1A3956D46DE8}") = "src", "src", "{4C4A0016-9403-4F8F-845F-AE4BD66A5A4E}"
EndProject
Project("{2150E333-8FDC-42A3-9474-1A3956D46DE8}") = "tests", "tests", "{2BE7A77B-6C0A-47F5-B902-08D67EB7F1F8}"
EndProject
Project("{FAE04EC0-301F-11D3-BF4B-00C04F79EFBC}") = "SkillDevelopmentTracker.Core", "src\SkillDevelopmentTracker.Core\SkillDevelopmentTracker.Core.csproj", "{9D56C148-C1D6-4CDA-BF7D-D0C4637E88A9}"
EndProject
Project("{FAE04EC0-301F-11D3-BF4B-00C04F79EFBC}") = "SkillDevelopmentTracker.Infrastructure", "src\SkillDevelopmentTracker.Infrastructure\SkillDevelopmentTracker.Infrastructure.csproj", "{5C9BA87A-C2D2-411F-8E9E-9833CD72DDA6}"
EndProject
Project("{FAE04EC0-301F-11D3-BF4B-00C04F79EFBC}") = "SkillDevelopmentTracker.Api", "src\SkillDevelopmentTracker.Api\SkillDevelopmentTracker.Api.csproj", "{081300EB-9BB0-4407-81BF-A8095774FA91}"
EndProject
Project("{FAE04EC0-301F-11D3-BF4B-00C04F79EFBC}") = "SkillDevelopmentTracker.Core.Tests", "tests\SkillDevelopmentTracker.Core.Tests\SkillDevelopmentTracker.Core.Tests.csproj", "{5D8A49D9-E9DB-4FBC-9443-4103A3889807}"
EndProject
Project("{FAE04EC0-301F-11D3-BF4B-00C04F79EFBC}") = "SkillDevelopmentTracker.Infrastructure.Tests", "tests\SkillDevelopmentTracker.Infrastructure.Tests\SkillDevelopmentTracker.Infrastructure.Tests.csproj", "{E127BB76-3448-45A6-99E6-1F486C36613B}"
EndProject
Project("{FAE04EC0-301F-11D3-BF4B-00C04F79EFBC}") = "SkillDevelopmentTracker.Api.Tests", "tests\SkillDevelopmentTracker.Api.Tests\SkillDevelopmentTracker.Api.Tests.csproj", "{229005EA-FE10-479F-842D-CFAFC812E576}"
EndProject
Global
	GlobalSection(SolutionConfigurationPlatforms) = preSolution
		Debug|Any CPU = Debug|Any CPU
		Release|Any CPU = Release|Any CPU
	EndGlobalSection
	GlobalSection(ProjectConfigurationPlatforms) = postSolution
		{9D56C148-C1D6-4CDA-BF7D-D0C4637E88A9}.Debug|Any CPU.ActiveCfg = Debug|Any CPU
		{9D56C148-C1D6-4CDA-BF7D-D0C4637E88A9}.Debug|Any CPU.Build.0 = Debug|Any CPU
		{9D56C148-C1D6-4CDA-BF7D-D0C4637E88A9}.Release|Any CPU.ActiveCfg = Release|Any CPU
		{9D56C148-C1D6-4CDA-BF7D-D0C4637E88A9}.Release|Any CPU.Build.0 = Release|Any CPU
		{5C9BA87A-C2D2-411F-8E9E-9833CD72DDA6}.Debug|Any CPU.ActiveCfg = Debug|Any CPU
		{5C9BA87A-C2D2-411F-8E9E-9833CD72DDA6}.Debug|Any CPU.Build.0 = Debug|Any CPU
		{5C9BA87A-C2D2-411F-8E9E-9833CD72DDA6}.Release|Any CPU.ActiveCfg = Release|Any CPU
		{5C9BA87A-C2D2-411F-8E9E-9833CD72DDA6}.Release|Any CPU.Build.0 = Release|Any CPU
		{081300EB-9BB0-4407-81BF-A8095774FA91}.Debug|Any CPU.ActiveCfg = Debug|Any CPU
		{081300EB-9BB0-4407-81BF-A8095774FA91}.Debug|Any CPU.Build.0 = Debug|Any CPU
		{081300EB-9BB0-4407-81BF-A8095774FA91}.Release|Any CPU.ActiveCfg = Release|Any CPU
		{081300EB-9BB0-4407-81BF-A8095774FA91}.Release|Any CPU.Build.0 = Release|Any CPU
		{5D8A49D9-E9DB-4FBC-9443-4103A3889807}.Debug|Any CPU.ActiveCfg = Debug|Any CPU
		{5D8A49D9-E9DB-4FBC-9443-4103A3889807}.Debug|Any CPU.Build.0 = Debug|Any CPU
		{5D8A49D9-E9DB-4FBC-9443-4103A3889807}.Release|Any CPU.ActiveCfg = Release|Any CPU
		{5D8A49D9-E9DB-4FBC-9443-4103A3889807}.Release|Any CPU.Build.0 = Release|Any CPU
		{E127BB76-3448-45A6-99E6-1F486C36613B}.Debug|Any CPU.ActiveCfg = Debug|Any CPU
		{E127BB76-3448-45A6-99E6-1F486C36613B}.Debug|Any CPU.Build.0 = Debug|Any CPU
		{E127BB76-3448-45A6-99E6-1F486C36613B}.Release|Any CPU.ActiveCfg = Release|Any CPU
		{E127BB76-3448-45A6-99E6-1F486C36613B}.Release|Any CPU.Build.0 = Release|Any CPU
		{229005EA-FE10-479F-842D-CFAFC812E576}.Debug|Any CPU.ActiveCfg = Debug|Any CPU
		{229005EA-FE10-479F-842D-CFAFC812E576}.Debug|Any CPU.Build.0 = Debug|Any CPU
		{229005EA-FE10-479F-842D-CFAFC812E576}.Release|Any CPU.ActiveCfg = Release|Any CPU
		{229005EA-FE10-479F-842D-CFAFC812E576}.Release|Any CPU.Build.0 = Release|Any CPU
	EndGlobalSection
	GlobalSection(SolutionProperties) = preSolution
		HideSolutionNode = FALSE
	EndGlobalSection
	GlobalSection(NestedProjects) = preSolution
		{9D56C148-C1D6-4CDA-BF7D-D0C4637E88A9} = {4C4A0016-9403-4F8F-845F-AE4BD66A5A4E}
		{5C9BA87A-C2D2-411F-8E9E-9833CD72DDA6} = {4C4A0016-9403-4F8F-845F-AE4BD66A5A4E}
		{081300EB-9BB0-4407-81BF-A8095774FA91} = {4C4A0016-9403-4F8F-845F-AE4BD66A5A4E}
		{5D8A49D9-E9DB-4FBC-9443-4103A3889807} = {2BE7A77B-6C0A-47F5-B902-08D67EB7F1F8}
		{E127BB76-3448-45A6-99E6-1F486C36613B} = {2BE7A77B-6C0A-47F5-B902-08D67EB7F1F8}
		{229005EA-FE10-479F-842D-CFAFC812E576} = {2BE7A77B-6C0A-47F5-B902-08D67EB7F1F8}
	EndGlobalSection
EndGlobal
