Microsoft Visual Studio Solution File, Format Version 12.00
# Visual Studio Version 17
VisualStudioVersion = 17.0.31903.59
MinimumVisualStudioVersion = 10.0.40219.1
Project("{2150E333-8FDC-42A3-9474-1A3956D46DE8}") = "src", "src", "{7CBBB4CC-992C-4F5B-8D6D-359D674FEF68}"
EndProject
Project("{2150E333-8FDC-42A3-9474-1A3956D46DE8}") = "tests", "tests", "{6E9E9715-D8A2-41A8-93F7-6F1F5CE83C46}"
EndProject
Project("{FAE04EC0-301F-11D3-BF4B-00C04F79EFBC}") = "AnniversaryBirthdayReminder.Core", "src\AnniversaryBirthdayReminder.Core\AnniversaryBirthdayReminder.Core.csproj", "{CEC56D5F-9AFC-4FE3-B615-43502E18128D}"
EndProject
Project("{FAE04EC0-301F-11D3-BF4B-00C04F79EFBC}") = "AnniversaryBirthdayReminder.Infrastructure", "src\AnniversaryBirthdayReminder.Infrastructure\AnniversaryBirthdayReminder.Infrastructure.csproj", "{22B2779C-7726-41D4-AFE3-A26FCEFBAB21}"
EndProject
Project("{FAE04EC0-301F-11D3-BF4B-00C04F79EFBC}") = "AnniversaryBirthdayReminder.Api", "src\AnniversaryBirthdayReminder.Api\AnniversaryBirthdayReminder.Api.csproj", "{38BDBCDC-A8AE-49ED-BBD9-01576817D9EB}"
EndProject
Project("{FAE04EC0-301F-11D3-BF4B-00C04F79EFBC}") = "AnniversaryBirthdayReminder.Core.Tests", "tests\AnniversaryBirthdayReminder.Core.Tests\AnniversaryBirthdayReminder.Core.Tests.csproj", "{B19FB169-0354-46BF-B0C7-6316D2C54884}"
EndProject
Project("{FAE04EC0-301F-11D3-BF4B-00C04F79EFBC}") = "AnniversaryBirthdayReminder.Infrastructure.Tests", "tests\AnniversaryBirthdayReminder.Infrastructure.Tests\AnniversaryBirthdayReminder.Infrastructure.Tests.csproj", "{AA806E51-35CE-4A30-8475-4C9F95E196BE}"
EndProject
Project("{FAE04EC0-301F-11D3-BF4B-00C04F79EFBC}") = "AnniversaryBirthdayReminder.Api.Tests", "tests\AnniversaryBirthdayReminder.Api.Tests\AnniversaryBirthdayReminder.Api.Tests.csproj", "{3C32A60F-5789-4C7F-9FCC-E0FDCE35FC90}"
EndProject
Global
	GlobalSection(SolutionConfigurationPlatforms) = preSolution
		Debug|Any CPU = Debug|Any CPU
		Release|Any CPU = Release|Any CPU
	EndGlobalSection
	GlobalSection(ProjectConfigurationPlatforms) = postSolution
		{CEC56D5F-9AFC-4FE3-B615-43502E18128D}.Debug|Any CPU.ActiveCfg = Debug|Any CPU
		{CEC56D5F-9AFC-4FE3-B615-43502E18128D}.Debug|Any CPU.Build.0 = Debug|Any CPU
		{CEC56D5F-9AFC-4FE3-B615-43502E18128D}.Release|Any CPU.ActiveCfg = Release|Any CPU
		{CEC56D5F-9AFC-4FE3-B615-43502E18128D}.Release|Any CPU.Build.0 = Release|Any CPU
		{22B2779C-7726-41D4-AFE3-A26FCEFBAB21}.Debug|Any CPU.ActiveCfg = Debug|Any CPU
		{22B2779C-7726-41D4-AFE3-A26FCEFBAB21}.Debug|Any CPU.Build.0 = Debug|Any CPU
		{22B2779C-7726-41D4-AFE3-A26FCEFBAB21}.Release|Any CPU.ActiveCfg = Release|Any CPU
		{22B2779C-7726-41D4-AFE3-A26FCEFBAB21}.Release|Any CPU.Build.0 = Release|Any CPU
		{38BDBCDC-A8AE-49ED-BBD9-01576817D9EB}.Debug|Any CPU.ActiveCfg = Debug|Any CPU
		{38BDBCDC-A8AE-49ED-BBD9-01576817D9EB}.Debug|Any CPU.Build.0 = Debug|Any CPU
		{38BDBCDC-A8AE-49ED-BBD9-01576817D9EB}.Release|Any CPU.ActiveCfg = Release|Any CPU
		{38BDBCDC-A8AE-49ED-BBD9-01576817D9EB}.Release|Any CPU.Build.0 = Release|Any CPU
		{B19FB169-0354-46BF-B0C7-6316D2C54884}.Debug|Any CPU.ActiveCfg = Debug|Any CPU
		{B19FB169-0354-46BF-B0C7-6316D2C54884}.Debug|Any CPU.Build.0 = Debug|Any CPU
		{B19FB169-0354-46BF-B0C7-6316D2C54884}.Release|Any CPU.ActiveCfg = Release|Any CPU
		{B19FB169-0354-46BF-B0C7-6316D2C54884}.Release|Any CPU.Build.0 = Release|Any CPU
		{AA806E51-35CE-4A30-8475-4C9F95E196BE}.Debug|Any CPU.ActiveCfg = Debug|Any CPU
		{AA806E51-35CE-4A30-8475-4C9F95E196BE}.Debug|Any CPU.Build.0 = Debug|Any CPU
		{AA806E51-35CE-4A30-8475-4C9F95E196BE}.Release|Any CPU.ActiveCfg = Release|Any CPU
		{AA806E51-35CE-4A30-8475-4C9F95E196BE}.Release|Any CPU.Build.0 = Release|Any CPU
		{3C32A60F-5789-4C7F-9FCC-E0FDCE35FC90}.Debug|Any CPU.ActiveCfg = Debug|Any CPU
		{3C32A60F-5789-4C7F-9FCC-E0FDCE35FC90}.Debug|Any CPU.Build.0 = Debug|Any CPU
		{3C32A60F-5789-4C7F-9FCC-E0FDCE35FC90}.Release|Any CPU.ActiveCfg = Release|Any CPU
		{3C32A60F-5789-4C7F-9FCC-E0FDCE35FC90}.Release|Any CPU.Build.0 = Release|Any CPU
	EndGlobalSection
	GlobalSection(SolutionProperties) = preSolution
		HideSolutionNode = FALSE
	EndGlobalSection
	GlobalSection(NestedProjects) = preSolution
		{CEC56D5F-9AFC-4FE3-B615-43502E18128D} = {7CBBB4CC-992C-4F5B-8D6D-359D674FEF68}
		{22B2779C-7726-41D4-AFE3-A26FCEFBAB21} = {7CBBB4CC-992C-4F5B-8D6D-359D674FEF68}
		{38BDBCDC-A8AE-49ED-BBD9-01576817D9EB} = {7CBBB4CC-992C-4F5B-8D6D-359D674FEF68}
		{B19FB169-0354-46BF-B0C7-6316D2C54884} = {6E9E9715-D8A2-41A8-93F7-6F1F5CE83C46}
		{AA806E51-35CE-4A30-8475-4C9F95E196BE} = {6E9E9715-D8A2-41A8-93F7-6F1F5CE83C46}
		{3C32A60F-5789-4C7F-9FCC-E0FDCE35FC90} = {6E9E9715-D8A2-41A8-93F7-6F1F5CE83C46}
	EndGlobalSection
EndGlobal
