Microsoft Visual Studio Solution File, Format Version 12.00
# Visual Studio Version 17
VisualStudioVersion = 17.0.31903.59
MinimumVisualStudioVersion = 10.0.40219.1
Project("{2150E333-8FDC-42A3-9474-1A3956D46DE8}") = "src", "src", "{6DE16E11-7502-4D5F-B903-9A19DC08F09A}"
EndProject
Project("{2150E333-8FDC-42A3-9474-1A3956D46DE8}") = "tests", "tests", "{35F24C51-08DF-40B2-87DC-BB707F9B899F}"
EndProject
Project("{FAE04EC0-301F-11D3-BF4B-00C04F79EFBC}") = "WoodworkingProjectManager.Core", "src\WoodworkingProjectManager.Core\WoodworkingProjectManager.Core.csproj", "{44A7A511-05D4-48B4-A6B2-385FC3ECCDD1}"
EndProject
Project("{FAE04EC0-301F-11D3-BF4B-00C04F79EFBC}") = "WoodworkingProjectManager.Infrastructure", "src\WoodworkingProjectManager.Infrastructure\WoodworkingProjectManager.Infrastructure.csproj", "{8BC3DC15-0B83-4EDB-92EC-45B959B1947C}"
EndProject
Project("{FAE04EC0-301F-11D3-BF4B-00C04F79EFBC}") = "WoodworkingProjectManager.Api", "src\WoodworkingProjectManager.Api\WoodworkingProjectManager.Api.csproj", "{D1E46420-D9C6-4D30-8725-01EB6B0F1AB0}"
EndProject
Project("{FAE04EC0-301F-11D3-BF4B-00C04F79EFBC}") = "WoodworkingProjectManager.Core.Tests", "tests\WoodworkingProjectManager.Core.Tests\WoodworkingProjectManager.Core.Tests.csproj", "{E4884F22-6556-413E-8786-90B94D7C3DDB}"
EndProject
Project("{FAE04EC0-301F-11D3-BF4B-00C04F79EFBC}") = "WoodworkingProjectManager.Infrastructure.Tests", "tests\WoodworkingProjectManager.Infrastructure.Tests\WoodworkingProjectManager.Infrastructure.Tests.csproj", "{BB66295B-0CA3-4BDC-8AB0-E74E2E058FB2}"
EndProject
Project("{FAE04EC0-301F-11D3-BF4B-00C04F79EFBC}") = "WoodworkingProjectManager.Api.Tests", "tests\WoodworkingProjectManager.Api.Tests\WoodworkingProjectManager.Api.Tests.csproj", "{1E6C6C69-9416-4122-8936-21696D6A9A97}"
EndProject
Global
	GlobalSection(SolutionConfigurationPlatforms) = preSolution
		Debug|Any CPU = Debug|Any CPU
		Release|Any CPU = Release|Any CPU
	EndGlobalSection
	GlobalSection(ProjectConfigurationPlatforms) = postSolution
		{44A7A511-05D4-48B4-A6B2-385FC3ECCDD1}.Debug|Any CPU.ActiveCfg = Debug|Any CPU
		{44A7A511-05D4-48B4-A6B2-385FC3ECCDD1}.Debug|Any CPU.Build.0 = Debug|Any CPU
		{44A7A511-05D4-48B4-A6B2-385FC3ECCDD1}.Release|Any CPU.ActiveCfg = Release|Any CPU
		{44A7A511-05D4-48B4-A6B2-385FC3ECCDD1}.Release|Any CPU.Build.0 = Release|Any CPU
		{8BC3DC15-0B83-4EDB-92EC-45B959B1947C}.Debug|Any CPU.ActiveCfg = Debug|Any CPU
		{8BC3DC15-0B83-4EDB-92EC-45B959B1947C}.Debug|Any CPU.Build.0 = Debug|Any CPU
		{8BC3DC15-0B83-4EDB-92EC-45B959B1947C}.Release|Any CPU.ActiveCfg = Release|Any CPU
		{8BC3DC15-0B83-4EDB-92EC-45B959B1947C}.Release|Any CPU.Build.0 = Release|Any CPU
		{D1E46420-D9C6-4D30-8725-01EB6B0F1AB0}.Debug|Any CPU.ActiveCfg = Debug|Any CPU
		{D1E46420-D9C6-4D30-8725-01EB6B0F1AB0}.Debug|Any CPU.Build.0 = Debug|Any CPU
		{D1E46420-D9C6-4D30-8725-01EB6B0F1AB0}.Release|Any CPU.ActiveCfg = Release|Any CPU
		{D1E46420-D9C6-4D30-8725-01EB6B0F1AB0}.Release|Any CPU.Build.0 = Release|Any CPU
		{E4884F22-6556-413E-8786-90B94D7C3DDB}.Debug|Any CPU.ActiveCfg = Debug|Any CPU
		{E4884F22-6556-413E-8786-90B94D7C3DDB}.Debug|Any CPU.Build.0 = Debug|Any CPU
		{E4884F22-6556-413E-8786-90B94D7C3DDB}.Release|Any CPU.ActiveCfg = Release|Any CPU
		{E4884F22-6556-413E-8786-90B94D7C3DDB}.Release|Any CPU.Build.0 = Release|Any CPU
		{BB66295B-0CA3-4BDC-8AB0-E74E2E058FB2}.Debug|Any CPU.ActiveCfg = Debug|Any CPU
		{BB66295B-0CA3-4BDC-8AB0-E74E2E058FB2}.Debug|Any CPU.Build.0 = Debug|Any CPU
		{BB66295B-0CA3-4BDC-8AB0-E74E2E058FB2}.Release|Any CPU.ActiveCfg = Release|Any CPU
		{BB66295B-0CA3-4BDC-8AB0-E74E2E058FB2}.Release|Any CPU.Build.0 = Release|Any CPU
		{1E6C6C69-9416-4122-8936-21696D6A9A97}.Debug|Any CPU.ActiveCfg = Debug|Any CPU
		{1E6C6C69-9416-4122-8936-21696D6A9A97}.Debug|Any CPU.Build.0 = Debug|Any CPU
		{1E6C6C69-9416-4122-8936-21696D6A9A97}.Release|Any CPU.ActiveCfg = Release|Any CPU
		{1E6C6C69-9416-4122-8936-21696D6A9A97}.Release|Any CPU.Build.0 = Release|Any CPU
	EndGlobalSection
	GlobalSection(SolutionProperties) = preSolution
		HideSolutionNode = FALSE
	EndGlobalSection
	GlobalSection(NestedProjects) = preSolution
		{44A7A511-05D4-48B4-A6B2-385FC3ECCDD1} = {6DE16E11-7502-4D5F-B903-9A19DC08F09A}
		{8BC3DC15-0B83-4EDB-92EC-45B959B1947C} = {6DE16E11-7502-4D5F-B903-9A19DC08F09A}
		{D1E46420-D9C6-4D30-8725-01EB6B0F1AB0} = {6DE16E11-7502-4D5F-B903-9A19DC08F09A}
		{E4884F22-6556-413E-8786-90B94D7C3DDB} = {35F24C51-08DF-40B2-87DC-BB707F9B899F}
		{BB66295B-0CA3-4BDC-8AB0-E74E2E058FB2} = {35F24C51-08DF-40B2-87DC-BB707F9B899F}
		{1E6C6C69-9416-4122-8936-21696D6A9A97} = {35F24C51-08DF-40B2-87DC-BB707F9B899F}
	EndGlobalSection
EndGlobal
