Microsoft Visual Studio Solution File, Format Version 12.00
# Visual Studio Version 17
VisualStudioVersion = 17.0.31903.59
MinimumVisualStudioVersion = 10.0.40219.1
Project("{2150E333-8FDC-42A3-9474-1A3956D46DE8}") = "src", "src", "{025E378C-8E77-4256-BBE3-7CB7333B44E9}"
EndProject
Project("{2150E333-8FDC-42A3-9474-1A3956D46DE8}") = "tests", "tests", "{0988A943-AE7E-435A-909A-AE08AB5D489D}"
EndProject
Project("{FAE04EC0-301F-11D3-BF4B-00C04F79EFBC}") = "GiftIdeaTracker.Core", "src\GiftIdeaTracker.Core\GiftIdeaTracker.Core.csproj", "{32F172B9-1624-416E-9FDD-E40E99627C0C}"
EndProject
Project("{FAE04EC0-301F-11D3-BF4B-00C04F79EFBC}") = "GiftIdeaTracker.Infrastructure", "src\GiftIdeaTracker.Infrastructure\GiftIdeaTracker.Infrastructure.csproj", "{43191F91-D8EA-4A11-897F-5A7E23F8BA81}"
EndProject
Project("{FAE04EC0-301F-11D3-BF4B-00C04F79EFBC}") = "GiftIdeaTracker.Api", "src\GiftIdeaTracker.Api\GiftIdeaTracker.Api.csproj", "{CF7CAF43-4D98-47B4-B0C7-07049DFC3591}"
EndProject
Project("{FAE04EC0-301F-11D3-BF4B-00C04F79EFBC}") = "GiftIdeaTracker.Core.Tests", "tests\GiftIdeaTracker.Core.Tests\GiftIdeaTracker.Core.Tests.csproj", "{9314C3D6-9569-46E2-A3A0-F0EA7A24DB2B}"
EndProject
Project("{FAE04EC0-301F-11D3-BF4B-00C04F79EFBC}") = "GiftIdeaTracker.Infrastructure.Tests", "tests\GiftIdeaTracker.Infrastructure.Tests\GiftIdeaTracker.Infrastructure.Tests.csproj", "{250284F6-DC3D-4B65-951F-F4C842AF407F}"
EndProject
Project("{FAE04EC0-301F-11D3-BF4B-00C04F79EFBC}") = "GiftIdeaTracker.Api.Tests", "tests\GiftIdeaTracker.Api.Tests\GiftIdeaTracker.Api.Tests.csproj", "{AFFE136E-E22C-4AB4-B153-95732414968E}"
EndProject
Global
	GlobalSection(SolutionConfigurationPlatforms) = preSolution
		Debug|Any CPU = Debug|Any CPU
		Release|Any CPU = Release|Any CPU
	EndGlobalSection
	GlobalSection(ProjectConfigurationPlatforms) = postSolution
		{32F172B9-1624-416E-9FDD-E40E99627C0C}.Debug|Any CPU.ActiveCfg = Debug|Any CPU
		{32F172B9-1624-416E-9FDD-E40E99627C0C}.Debug|Any CPU.Build.0 = Debug|Any CPU
		{32F172B9-1624-416E-9FDD-E40E99627C0C}.Release|Any CPU.ActiveCfg = Release|Any CPU
		{32F172B9-1624-416E-9FDD-E40E99627C0C}.Release|Any CPU.Build.0 = Release|Any CPU
		{43191F91-D8EA-4A11-897F-5A7E23F8BA81}.Debug|Any CPU.ActiveCfg = Debug|Any CPU
		{43191F91-D8EA-4A11-897F-5A7E23F8BA81}.Debug|Any CPU.Build.0 = Debug|Any CPU
		{43191F91-D8EA-4A11-897F-5A7E23F8BA81}.Release|Any CPU.ActiveCfg = Release|Any CPU
		{43191F91-D8EA-4A11-897F-5A7E23F8BA81}.Release|Any CPU.Build.0 = Release|Any CPU
		{CF7CAF43-4D98-47B4-B0C7-07049DFC3591}.Debug|Any CPU.ActiveCfg = Debug|Any CPU
		{CF7CAF43-4D98-47B4-B0C7-07049DFC3591}.Debug|Any CPU.Build.0 = Debug|Any CPU
		{CF7CAF43-4D98-47B4-B0C7-07049DFC3591}.Release|Any CPU.ActiveCfg = Release|Any CPU
		{CF7CAF43-4D98-47B4-B0C7-07049DFC3591}.Release|Any CPU.Build.0 = Release|Any CPU
		{9314C3D6-9569-46E2-A3A0-F0EA7A24DB2B}.Debug|Any CPU.ActiveCfg = Debug|Any CPU
		{9314C3D6-9569-46E2-A3A0-F0EA7A24DB2B}.Debug|Any CPU.Build.0 = Debug|Any CPU
		{9314C3D6-9569-46E2-A3A0-F0EA7A24DB2B}.Release|Any CPU.ActiveCfg = Release|Any CPU
		{9314C3D6-9569-46E2-A3A0-F0EA7A24DB2B}.Release|Any CPU.Build.0 = Release|Any CPU
		{250284F6-DC3D-4B65-951F-F4C842AF407F}.Debug|Any CPU.ActiveCfg = Debug|Any CPU
		{250284F6-DC3D-4B65-951F-F4C842AF407F}.Debug|Any CPU.Build.0 = Debug|Any CPU
		{250284F6-DC3D-4B65-951F-F4C842AF407F}.Release|Any CPU.ActiveCfg = Release|Any CPU
		{250284F6-DC3D-4B65-951F-F4C842AF407F}.Release|Any CPU.Build.0 = Release|Any CPU
		{AFFE136E-E22C-4AB4-B153-95732414968E}.Debug|Any CPU.ActiveCfg = Debug|Any CPU
		{AFFE136E-E22C-4AB4-B153-95732414968E}.Debug|Any CPU.Build.0 = Debug|Any CPU
		{AFFE136E-E22C-4AB4-B153-95732414968E}.Release|Any CPU.ActiveCfg = Release|Any CPU
		{AFFE136E-E22C-4AB4-B153-95732414968E}.Release|Any CPU.Build.0 = Release|Any CPU
	EndGlobalSection
	GlobalSection(SolutionProperties) = preSolution
		HideSolutionNode = FALSE
	EndGlobalSection
	GlobalSection(NestedProjects) = preSolution
		{32F172B9-1624-416E-9FDD-E40E99627C0C} = {025E378C-8E77-4256-BBE3-7CB7333B44E9}
		{43191F91-D8EA-4A11-897F-5A7E23F8BA81} = {025E378C-8E77-4256-BBE3-7CB7333B44E9}
		{CF7CAF43-4D98-47B4-B0C7-07049DFC3591} = {025E378C-8E77-4256-BBE3-7CB7333B44E9}
		{9314C3D6-9569-46E2-A3A0-F0EA7A24DB2B} = {0988A943-AE7E-435A-909A-AE08AB5D489D}
		{250284F6-DC3D-4B65-951F-F4C842AF407F} = {0988A943-AE7E-435A-909A-AE08AB5D489D}
		{AFFE136E-E22C-4AB4-B153-95732414968E} = {0988A943-AE7E-435A-909A-AE08AB5D489D}
	EndGlobalSection
EndGlobal
