Microsoft Visual Studio Solution File, Format Version 12.00
# Visual Studio Version 17
VisualStudioVersion = 17.0.31903.59
MinimumVisualStudioVersion = 10.0.40219.1
Project("{2150E333-8FDC-42A3-9474-1A3956D46DE8}") = "src", "src", "{EC813FE1-C9CA-42C2-B0AF-08883C32A62B}"
EndProject
Project("{2150E333-8FDC-42A3-9474-1A3956D46DE8}") = "tests", "tests", "{4BDF5D01-B4E6-4829-A0F3-E43FFEF8B4C9}"
EndProject
Project("{FAE04EC0-301F-11D3-BF4B-00C04F79EFBC}") = "PerformanceReviewPrepTool.Core", "src\PerformanceReviewPrepTool.Core\PerformanceReviewPrepTool.Core.csproj", "{16BE3FBC-9808-4502-9E28-D70733280F17}"
EndProject
Project("{FAE04EC0-301F-11D3-BF4B-00C04F79EFBC}") = "PerformanceReviewPrepTool.Infrastructure", "src\PerformanceReviewPrepTool.Infrastructure\PerformanceReviewPrepTool.Infrastructure.csproj", "{736BF52A-E157-40FB-A8F8-6BB2A4B131F2}"
EndProject
Project("{FAE04EC0-301F-11D3-BF4B-00C04F79EFBC}") = "PerformanceReviewPrepTool.Api", "src\PerformanceReviewPrepTool.Api\PerformanceReviewPrepTool.Api.csproj", "{B786D722-63BB-40B1-80F7-8E448830B230}"
EndProject
Project("{FAE04EC0-301F-11D3-BF4B-00C04F79EFBC}") = "PerformanceReviewPrepTool.Core.Tests", "tests\PerformanceReviewPrepTool.Core.Tests\PerformanceReviewPrepTool.Core.Tests.csproj", "{598B07BD-E325-42DE-8D25-8F36CE6B2CC4}"
EndProject
Project("{FAE04EC0-301F-11D3-BF4B-00C04F79EFBC}") = "PerformanceReviewPrepTool.Infrastructure.Tests", "tests\PerformanceReviewPrepTool.Infrastructure.Tests\PerformanceReviewPrepTool.Infrastructure.Tests.csproj", "{F417BF6E-192E-4ADE-B5CF-FDC7DF21F618}"
EndProject
Project("{FAE04EC0-301F-11D3-BF4B-00C04F79EFBC}") = "PerformanceReviewPrepTool.Api.Tests", "tests\PerformanceReviewPrepTool.Api.Tests\PerformanceReviewPrepTool.Api.Tests.csproj", "{4359F82C-ED95-41EC-9D4C-DF66DA3F09F4}"
EndProject
Global
	GlobalSection(SolutionConfigurationPlatforms) = preSolution
		Debug|Any CPU = Debug|Any CPU
		Release|Any CPU = Release|Any CPU
	EndGlobalSection
	GlobalSection(ProjectConfigurationPlatforms) = postSolution
		{16BE3FBC-9808-4502-9E28-D70733280F17}.Debug|Any CPU.ActiveCfg = Debug|Any CPU
		{16BE3FBC-9808-4502-9E28-D70733280F17}.Debug|Any CPU.Build.0 = Debug|Any CPU
		{16BE3FBC-9808-4502-9E28-D70733280F17}.Release|Any CPU.ActiveCfg = Release|Any CPU
		{16BE3FBC-9808-4502-9E28-D70733280F17}.Release|Any CPU.Build.0 = Release|Any CPU
		{736BF52A-E157-40FB-A8F8-6BB2A4B131F2}.Debug|Any CPU.ActiveCfg = Debug|Any CPU
		{736BF52A-E157-40FB-A8F8-6BB2A4B131F2}.Debug|Any CPU.Build.0 = Debug|Any CPU
		{736BF52A-E157-40FB-A8F8-6BB2A4B131F2}.Release|Any CPU.ActiveCfg = Release|Any CPU
		{736BF52A-E157-40FB-A8F8-6BB2A4B131F2}.Release|Any CPU.Build.0 = Release|Any CPU
		{B786D722-63BB-40B1-80F7-8E448830B230}.Debug|Any CPU.ActiveCfg = Debug|Any CPU
		{B786D722-63BB-40B1-80F7-8E448830B230}.Debug|Any CPU.Build.0 = Debug|Any CPU
		{B786D722-63BB-40B1-80F7-8E448830B230}.Release|Any CPU.ActiveCfg = Release|Any CPU
		{B786D722-63BB-40B1-80F7-8E448830B230}.Release|Any CPU.Build.0 = Release|Any CPU
		{598B07BD-E325-42DE-8D25-8F36CE6B2CC4}.Debug|Any CPU.ActiveCfg = Debug|Any CPU
		{598B07BD-E325-42DE-8D25-8F36CE6B2CC4}.Debug|Any CPU.Build.0 = Debug|Any CPU
		{598B07BD-E325-42DE-8D25-8F36CE6B2CC4}.Release|Any CPU.ActiveCfg = Release|Any CPU
		{598B07BD-E325-42DE-8D25-8F36CE6B2CC4}.Release|Any CPU.Build.0 = Release|Any CPU
		{F417BF6E-192E-4ADE-B5CF-FDC7DF21F618}.Debug|Any CPU.ActiveCfg = Debug|Any CPU
		{F417BF6E-192E-4ADE-B5CF-FDC7DF21F618}.Debug|Any CPU.Build.0 = Debug|Any CPU
		{F417BF6E-192E-4ADE-B5CF-FDC7DF21F618}.Release|Any CPU.ActiveCfg = Release|Any CPU
		{F417BF6E-192E-4ADE-B5CF-FDC7DF21F618}.Release|Any CPU.Build.0 = Release|Any CPU
		{4359F82C-ED95-41EC-9D4C-DF66DA3F09F4}.Debug|Any CPU.ActiveCfg = Debug|Any CPU
		{4359F82C-ED95-41EC-9D4C-DF66DA3F09F4}.Debug|Any CPU.Build.0 = Debug|Any CPU
		{4359F82C-ED95-41EC-9D4C-DF66DA3F09F4}.Release|Any CPU.ActiveCfg = Release|Any CPU
		{4359F82C-ED95-41EC-9D4C-DF66DA3F09F4}.Release|Any CPU.Build.0 = Release|Any CPU
	EndGlobalSection
	GlobalSection(SolutionProperties) = preSolution
		HideSolutionNode = FALSE
	EndGlobalSection
	GlobalSection(NestedProjects) = preSolution
		{16BE3FBC-9808-4502-9E28-D70733280F17} = {EC813FE1-C9CA-42C2-B0AF-08883C32A62B}
		{736BF52A-E157-40FB-A8F8-6BB2A4B131F2} = {EC813FE1-C9CA-42C2-B0AF-08883C32A62B}
		{B786D722-63BB-40B1-80F7-8E448830B230} = {EC813FE1-C9CA-42C2-B0AF-08883C32A62B}
		{598B07BD-E325-42DE-8D25-8F36CE6B2CC4} = {4BDF5D01-B4E6-4829-A0F3-E43FFEF8B4C9}
		{F417BF6E-192E-4ADE-B5CF-FDC7DF21F618} = {4BDF5D01-B4E6-4829-A0F3-E43FFEF8B4C9}
		{4359F82C-ED95-41EC-9D4C-DF66DA3F09F4} = {4BDF5D01-B4E6-4829-A0F3-E43FFEF8B4C9}
	EndGlobalSection
EndGlobal
