Microsoft Visual Studio Solution File, Format Version 12.00
# Visual Studio Version 17
VisualStudioVersion = 17.0.31903.59
MinimumVisualStudioVersion = 10.0.40219.1
Project("{2150E333-8FDC-42A3-9474-1A3956D46DE8}") = "src", "src", "{9E40B843-7A51-4D4B-A1EB-5DF86A27BB5A}"
EndProject
Project("{FAE04EC0-301F-11D3-BF4B-00C04F79EFBC}") = "ContactManagementApp.Core", "src\ContactManagementApp.Core\ContactManagementApp.Core.csproj", "{9B2B76AE-6B22-4980-9C3C-7FDD4091DB1B}"
EndProject
Project("{FAE04EC0-301F-11D3-BF4B-00C04F79EFBC}") = "ContactManagementApp.Infrastructure", "src\ContactManagementApp.Infrastructure\ContactManagementApp.Infrastructure.csproj", "{BCF0A95D-AC59-4A04-BFA1-1FF56069E9CD}"
EndProject
Project("{FAE04EC0-301F-11D3-BF4B-00C04F79EFBC}") = "ContactManagementApp.Api", "src\ContactManagementApp.Api\ContactManagementApp.Api.csproj", "{4A292DD6-5D00-4C10-AF74-CB1A92BBD09D}"
EndProject
Global
	GlobalSection(SolutionConfigurationPlatforms) = preSolution
		Debug|Any CPU = Debug|Any CPU
		Release|Any CPU = Release|Any CPU
	EndGlobalSection
	GlobalSection(ProjectConfigurationPlatforms) = postSolution
		{9B2B76AE-6B22-4980-9C3C-7FDD4091DB1B}.Debug|Any CPU.ActiveCfg = Debug|Any CPU
		{9B2B76AE-6B22-4980-9C3C-7FDD4091DB1B}.Debug|Any CPU.Build.0 = Debug|Any CPU
		{9B2B76AE-6B22-4980-9C3C-7FDD4091DB1B}.Release|Any CPU.ActiveCfg = Release|Any CPU
		{9B2B76AE-6B22-4980-9C3C-7FDD4091DB1B}.Release|Any CPU.Build.0 = Release|Any CPU
		{BCF0A95D-AC59-4A04-BFA1-1FF56069E9CD}.Debug|Any CPU.ActiveCfg = Debug|Any CPU
		{BCF0A95D-AC59-4A04-BFA1-1FF56069E9CD}.Debug|Any CPU.Build.0 = Debug|Any CPU
		{BCF0A95D-AC59-4A04-BFA1-1FF56069E9CD}.Release|Any CPU.ActiveCfg = Release|Any CPU
		{BCF0A95D-AC59-4A04-BFA1-1FF56069E9CD}.Release|Any CPU.Build.0 = Release|Any CPU
		{4A292DD6-5D00-4C10-AF74-CB1A92BBD09D}.Debug|Any CPU.ActiveCfg = Debug|Any CPU
		{4A292DD6-5D00-4C10-AF74-CB1A92BBD09D}.Debug|Any CPU.Build.0 = Debug|Any CPU
		{4A292DD6-5D00-4C10-AF74-CB1A92BBD09D}.Release|Any CPU.ActiveCfg = Release|Any CPU
		{4A292DD6-5D00-4C10-AF74-CB1A92BBD09D}.Release|Any CPU.Build.0 = Release|Any CPU
	EndGlobalSection
	GlobalSection(SolutionProperties) = preSolution
		HideSolutionNode = FALSE
	EndGlobalSection
	GlobalSection(NestedProjects) = preSolution
		{9B2B76AE-6B22-4980-9C3C-7FDD4091DB1B} = {9E40B843-7A51-4D4B-A1EB-5DF86A27BB5A}
		{BCF0A95D-AC59-4A04-BFA1-1FF56069E9CD} = {9E40B843-7A51-4D4B-A1EB-5DF86A27BB5A}
		{4A292DD6-5D00-4C10-AF74-CB1A92BBD09D} = {9E40B843-7A51-4D4B-A1EB-5DF86A27BB5A}
	EndGlobalSection
EndGlobal
