Microsoft Visual Studio Solution File, Format Version 12.00
# Visual Studio Version 17
VisualStudioVersion = 17.0.31903.59
MinimumVisualStudioVersion = 10.0.40219.1
Project("{2150E333-8FDC-42A3-9474-1A3956D46DE8}") = "src", "src", "{71946938-95EC-4A22-B70A-6DA3582E80AF}"
EndProject
Project("{2150E333-8FDC-42A3-9474-1A3956D46DE8}") = "tests", "tests", "{7204E45F-D8D4-413C-9FAE-6FDCAF94EBD1}"
EndProject
Project("{FAE04EC0-301F-11D3-BF4B-00C04F79EFBC}") = "ClassicCarRestorationLog.Core", "src\ClassicCarRestorationLog.Core\ClassicCarRestorationLog.Core.csproj", "{657264D0-A53C-4B25-A40E-66EDF7045509}"
EndProject
Project("{FAE04EC0-301F-11D3-BF4B-00C04F79EFBC}") = "ClassicCarRestorationLog.Infrastructure", "src\ClassicCarRestorationLog.Infrastructure\ClassicCarRestorationLog.Infrastructure.csproj", "{BC123695-BCE8-4563-B1D6-1F46EE589BBE}"
EndProject
Project("{FAE04EC0-301F-11D3-BF4B-00C04F79EFBC}") = "ClassicCarRestorationLog.Api", "src\ClassicCarRestorationLog.Api\ClassicCarRestorationLog.Api.csproj", "{FEE7FBC9-F618-4455-8F40-7751A4D1E223}"
EndProject
Project("{FAE04EC0-301F-11D3-BF4B-00C04F79EFBC}") = "ClassicCarRestorationLog.Core.Tests", "tests\ClassicCarRestorationLog.Core.Tests\ClassicCarRestorationLog.Core.Tests.csproj", "{D64B6E6E-ACCE-444F-A132-B6338D8E0381}"
EndProject
Project("{FAE04EC0-301F-11D3-BF4B-00C04F79EFBC}") = "ClassicCarRestorationLog.Infrastructure.Tests", "tests\ClassicCarRestorationLog.Infrastructure.Tests\ClassicCarRestorationLog.Infrastructure.Tests.csproj", "{07E30B70-F79E-4FAD-ADEC-2185942A5BE1}"
EndProject
Project("{FAE04EC0-301F-11D3-BF4B-00C04F79EFBC}") = "ClassicCarRestorationLog.Api.Tests", "tests\ClassicCarRestorationLog.Api.Tests\ClassicCarRestorationLog.Api.Tests.csproj", "{1BEA7161-E539-4D22-8C69-4F73D82D393F}"
EndProject
Global
	GlobalSection(SolutionConfigurationPlatforms) = preSolution
		Debug|Any CPU = Debug|Any CPU
		Release|Any CPU = Release|Any CPU
	EndGlobalSection
	GlobalSection(ProjectConfigurationPlatforms) = postSolution
		{657264D0-A53C-4B25-A40E-66EDF7045509}.Debug|Any CPU.ActiveCfg = Debug|Any CPU
		{657264D0-A53C-4B25-A40E-66EDF7045509}.Debug|Any CPU.Build.0 = Debug|Any CPU
		{657264D0-A53C-4B25-A40E-66EDF7045509}.Release|Any CPU.ActiveCfg = Release|Any CPU
		{657264D0-A53C-4B25-A40E-66EDF7045509}.Release|Any CPU.Build.0 = Release|Any CPU
		{BC123695-BCE8-4563-B1D6-1F46EE589BBE}.Debug|Any CPU.ActiveCfg = Debug|Any CPU
		{BC123695-BCE8-4563-B1D6-1F46EE589BBE}.Debug|Any CPU.Build.0 = Debug|Any CPU
		{BC123695-BCE8-4563-B1D6-1F46EE589BBE}.Release|Any CPU.ActiveCfg = Release|Any CPU
		{BC123695-BCE8-4563-B1D6-1F46EE589BBE}.Release|Any CPU.Build.0 = Release|Any CPU
		{FEE7FBC9-F618-4455-8F40-7751A4D1E223}.Debug|Any CPU.ActiveCfg = Debug|Any CPU
		{FEE7FBC9-F618-4455-8F40-7751A4D1E223}.Debug|Any CPU.Build.0 = Debug|Any CPU
		{FEE7FBC9-F618-4455-8F40-7751A4D1E223}.Release|Any CPU.ActiveCfg = Release|Any CPU
		{FEE7FBC9-F618-4455-8F40-7751A4D1E223}.Release|Any CPU.Build.0 = Release|Any CPU
		{D64B6E6E-ACCE-444F-A132-B6338D8E0381}.Debug|Any CPU.ActiveCfg = Debug|Any CPU
		{D64B6E6E-ACCE-444F-A132-B6338D8E0381}.Debug|Any CPU.Build.0 = Debug|Any CPU
		{D64B6E6E-ACCE-444F-A132-B6338D8E0381}.Release|Any CPU.ActiveCfg = Release|Any CPU
		{D64B6E6E-ACCE-444F-A132-B6338D8E0381}.Release|Any CPU.Build.0 = Release|Any CPU
		{07E30B70-F79E-4FAD-ADEC-2185942A5BE1}.Debug|Any CPU.ActiveCfg = Debug|Any CPU
		{07E30B70-F79E-4FAD-ADEC-2185942A5BE1}.Debug|Any CPU.Build.0 = Debug|Any CPU
		{07E30B70-F79E-4FAD-ADEC-2185942A5BE1}.Release|Any CPU.ActiveCfg = Release|Any CPU
		{07E30B70-F79E-4FAD-ADEC-2185942A5BE1}.Release|Any CPU.Build.0 = Release|Any CPU
		{1BEA7161-E539-4D22-8C69-4F73D82D393F}.Debug|Any CPU.ActiveCfg = Debug|Any CPU
		{1BEA7161-E539-4D22-8C69-4F73D82D393F}.Debug|Any CPU.Build.0 = Debug|Any CPU
		{1BEA7161-E539-4D22-8C69-4F73D82D393F}.Release|Any CPU.ActiveCfg = Release|Any CPU
		{1BEA7161-E539-4D22-8C69-4F73D82D393F}.Release|Any CPU.Build.0 = Release|Any CPU
	EndGlobalSection
	GlobalSection(SolutionProperties) = preSolution
		HideSolutionNode = FALSE
	EndGlobalSection
	GlobalSection(NestedProjects) = preSolution
		{657264D0-A53C-4B25-A40E-66EDF7045509} = {71946938-95EC-4A22-B70A-6DA3582E80AF}
		{BC123695-BCE8-4563-B1D6-1F46EE589BBE} = {71946938-95EC-4A22-B70A-6DA3582E80AF}
		{FEE7FBC9-F618-4455-8F40-7751A4D1E223} = {71946938-95EC-4A22-B70A-6DA3582E80AF}
		{D64B6E6E-ACCE-444F-A132-B6338D8E0381} = {7204E45F-D8D4-413C-9FAE-6FDCAF94EBD1}
		{07E30B70-F79E-4FAD-ADEC-2185942A5BE1} = {7204E45F-D8D4-413C-9FAE-6FDCAF94EBD1}
		{1BEA7161-E539-4D22-8C69-4F73D82D393F} = {7204E45F-D8D4-413C-9FAE-6FDCAF94EBD1}
	EndGlobalSection
EndGlobal
