Microsoft Visual Studio Solution File, Format Version 12.00
# Visual Studio Version 17
VisualStudioVersion = 17.0.31903.59
MinimumVisualStudioVersion = 10.0.40219.1
Project("{2150E333-8FDC-42A3-9474-1A3956D46DE8}") = "src", "src", "{23A0166F-E178-4DAA-9E96-EF824A04AAD4}"
EndProject
Project("{2150E333-8FDC-42A3-9474-1A3956D46DE8}") = "tests", "tests", "{0511F6E0-509D-4EC7-A3F6-1B19A7A8887E}"
EndProject
Project("{FAE04EC0-301F-11D3-BF4B-00C04F79EFBC}") = "HomeGymEquipmentManager.Core", "src\HomeGymEquipmentManager.Core\HomeGymEquipmentManager.Core.csproj", "{99B44DA7-EBF7-4E78-A387-3AAB608F16CA}"
EndProject
Project("{FAE04EC0-301F-11D3-BF4B-00C04F79EFBC}") = "HomeGymEquipmentManager.Infrastructure", "src\HomeGymEquipmentManager.Infrastructure\HomeGymEquipmentManager.Infrastructure.csproj", "{3410DDDA-113F-4BF0-A97F-F3CC9A1C072F}"
EndProject
Project("{FAE04EC0-301F-11D3-BF4B-00C04F79EFBC}") = "HomeGymEquipmentManager.Api", "src\HomeGymEquipmentManager.Api\HomeGymEquipmentManager.Api.csproj", "{E6D3F345-F997-4234-ACAA-CA546AC823AA}"
EndProject
Project("{FAE04EC0-301F-11D3-BF4B-00C04F79EFBC}") = "HomeGymEquipmentManager.Core.Tests", "tests\HomeGymEquipmentManager.Core.Tests\HomeGymEquipmentManager.Core.Tests.csproj", "{E6679CC6-E28A-4AF1-8A6F-EF4B36E50CF6}"
EndProject
Project("{FAE04EC0-301F-11D3-BF4B-00C04F79EFBC}") = "HomeGymEquipmentManager.Infrastructure.Tests", "tests\HomeGymEquipmentManager.Infrastructure.Tests\HomeGymEquipmentManager.Infrastructure.Tests.csproj", "{2550030B-6F93-4F64-8DF6-AD85C830E41A}"
EndProject
Project("{FAE04EC0-301F-11D3-BF4B-00C04F79EFBC}") = "HomeGymEquipmentManager.Api.Tests", "tests\HomeGymEquipmentManager.Api.Tests\HomeGymEquipmentManager.Api.Tests.csproj", "{CF267900-DD99-4E31-A27C-EB4DC871599A}"
EndProject
Global
	GlobalSection(SolutionConfigurationPlatforms) = preSolution
		Debug|Any CPU = Debug|Any CPU
		Release|Any CPU = Release|Any CPU
	EndGlobalSection
	GlobalSection(ProjectConfigurationPlatforms) = postSolution
		{99B44DA7-EBF7-4E78-A387-3AAB608F16CA}.Debug|Any CPU.ActiveCfg = Debug|Any CPU
		{99B44DA7-EBF7-4E78-A387-3AAB608F16CA}.Debug|Any CPU.Build.0 = Debug|Any CPU
		{99B44DA7-EBF7-4E78-A387-3AAB608F16CA}.Release|Any CPU.ActiveCfg = Release|Any CPU
		{99B44DA7-EBF7-4E78-A387-3AAB608F16CA}.Release|Any CPU.Build.0 = Release|Any CPU
		{3410DDDA-113F-4BF0-A97F-F3CC9A1C072F}.Debug|Any CPU.ActiveCfg = Debug|Any CPU
		{3410DDDA-113F-4BF0-A97F-F3CC9A1C072F}.Debug|Any CPU.Build.0 = Debug|Any CPU
		{3410DDDA-113F-4BF0-A97F-F3CC9A1C072F}.Release|Any CPU.ActiveCfg = Release|Any CPU
		{3410DDDA-113F-4BF0-A97F-F3CC9A1C072F}.Release|Any CPU.Build.0 = Release|Any CPU
		{E6D3F345-F997-4234-ACAA-CA546AC823AA}.Debug|Any CPU.ActiveCfg = Debug|Any CPU
		{E6D3F345-F997-4234-ACAA-CA546AC823AA}.Debug|Any CPU.Build.0 = Debug|Any CPU
		{E6D3F345-F997-4234-ACAA-CA546AC823AA}.Release|Any CPU.ActiveCfg = Release|Any CPU
		{E6D3F345-F997-4234-ACAA-CA546AC823AA}.Release|Any CPU.Build.0 = Release|Any CPU
		{E6679CC6-E28A-4AF1-8A6F-EF4B36E50CF6}.Debug|Any CPU.ActiveCfg = Debug|Any CPU
		{E6679CC6-E28A-4AF1-8A6F-EF4B36E50CF6}.Debug|Any CPU.Build.0 = Debug|Any CPU
		{E6679CC6-E28A-4AF1-8A6F-EF4B36E50CF6}.Release|Any CPU.ActiveCfg = Release|Any CPU
		{E6679CC6-E28A-4AF1-8A6F-EF4B36E50CF6}.Release|Any CPU.Build.0 = Release|Any CPU
		{2550030B-6F93-4F64-8DF6-AD85C830E41A}.Debug|Any CPU.ActiveCfg = Debug|Any CPU
		{2550030B-6F93-4F64-8DF6-AD85C830E41A}.Debug|Any CPU.Build.0 = Debug|Any CPU
		{2550030B-6F93-4F64-8DF6-AD85C830E41A}.Release|Any CPU.ActiveCfg = Release|Any CPU
		{2550030B-6F93-4F64-8DF6-AD85C830E41A}.Release|Any CPU.Build.0 = Release|Any CPU
		{CF267900-DD99-4E31-A27C-EB4DC871599A}.Debug|Any CPU.ActiveCfg = Debug|Any CPU
		{CF267900-DD99-4E31-A27C-EB4DC871599A}.Debug|Any CPU.Build.0 = Debug|Any CPU
		{CF267900-DD99-4E31-A27C-EB4DC871599A}.Release|Any CPU.ActiveCfg = Release|Any CPU
		{CF267900-DD99-4E31-A27C-EB4DC871599A}.Release|Any CPU.Build.0 = Release|Any CPU
	EndGlobalSection
	GlobalSection(SolutionProperties) = preSolution
		HideSolutionNode = FALSE
	EndGlobalSection
	GlobalSection(NestedProjects) = preSolution
		{99B44DA7-EBF7-4E78-A387-3AAB608F16CA} = {23A0166F-E178-4DAA-9E96-EF824A04AAD4}
		{3410DDDA-113F-4BF0-A97F-F3CC9A1C072F} = {23A0166F-E178-4DAA-9E96-EF824A04AAD4}
		{E6D3F345-F997-4234-ACAA-CA546AC823AA} = {23A0166F-E178-4DAA-9E96-EF824A04AAD4}
		{E6679CC6-E28A-4AF1-8A6F-EF4B36E50CF6} = {0511F6E0-509D-4EC7-A3F6-1B19A7A8887E}
		{2550030B-6F93-4F64-8DF6-AD85C830E41A} = {0511F6E0-509D-4EC7-A3F6-1B19A7A8887E}
		{CF267900-DD99-4E31-A27C-EB4DC871599A} = {0511F6E0-509D-4EC7-A3F6-1B19A7A8887E}
	EndGlobalSection
EndGlobal
