Microsoft Visual Studio Solution File, Format Version 12.00
# Visual Studio Version 17
VisualStudioVersion = 17.0.31903.59
MinimumVisualStudioVersion = 10.0.40219.1
Project("{2150E333-8FDC-42A3-9474-1A3956D46DE8}") = "src", "src", "{D93CDC7C-FCAC-436A-A2B2-B33A5284E8B5}"
EndProject
Project("{2150E333-8FDC-42A3-9474-1A3956D46DE8}") = "tests", "tests", "{EF07F1F2-55AC-4012-A0D8-78C99A5C68F5}"
EndProject
Project("{FAE04EC0-301F-11D3-BF4B-00C04F79EFBC}") = "SubscriptionAuditTool.Core", "src\SubscriptionAuditTool.Core\SubscriptionAuditTool.Core.csproj", "{0BE4ADF3-3A8C-4279-A5D7-289F08B2F7CA}"
EndProject
Project("{FAE04EC0-301F-11D3-BF4B-00C04F79EFBC}") = "SubscriptionAuditTool.Infrastructure", "src\SubscriptionAuditTool.Infrastructure\SubscriptionAuditTool.Infrastructure.csproj", "{BDCE5575-77C2-4FA3-9E91-86616C302BA3}"
EndProject
Project("{FAE04EC0-301F-11D3-BF4B-00C04F79EFBC}") = "SubscriptionAuditTool.Api", "src\SubscriptionAuditTool.Api\SubscriptionAuditTool.Api.csproj", "{DFDC2ABD-2633-49D3-8A81-94F4A46BDF82}"
EndProject
Project("{FAE04EC0-301F-11D3-BF4B-00C04F79EFBC}") = "SubscriptionAuditTool.Core.Tests", "tests\SubscriptionAuditTool.Core.Tests\SubscriptionAuditTool.Core.Tests.csproj", "{96451F56-E121-42A7-B58D-FD0FA07714AA}"
EndProject
Project("{FAE04EC0-301F-11D3-BF4B-00C04F79EFBC}") = "SubscriptionAuditTool.Infrastructure.Tests", "tests\SubscriptionAuditTool.Infrastructure.Tests\SubscriptionAuditTool.Infrastructure.Tests.csproj", "{9059A824-8127-4D5D-9844-EBD5E5CD5DC4}"
EndProject
Project("{FAE04EC0-301F-11D3-BF4B-00C04F79EFBC}") = "SubscriptionAuditTool.Api.Tests", "tests\SubscriptionAuditTool.Api.Tests\SubscriptionAuditTool.Api.Tests.csproj", "{F8FFF7B3-C193-4BC0-955B-B402468DDE07}"
EndProject
Global
	GlobalSection(SolutionConfigurationPlatforms) = preSolution
		Debug|Any CPU = Debug|Any CPU
		Release|Any CPU = Release|Any CPU
	EndGlobalSection
	GlobalSection(ProjectConfigurationPlatforms) = postSolution
		{0BE4ADF3-3A8C-4279-A5D7-289F08B2F7CA}.Debug|Any CPU.ActiveCfg = Debug|Any CPU
		{0BE4ADF3-3A8C-4279-A5D7-289F08B2F7CA}.Debug|Any CPU.Build.0 = Debug|Any CPU
		{0BE4ADF3-3A8C-4279-A5D7-289F08B2F7CA}.Release|Any CPU.ActiveCfg = Release|Any CPU
		{0BE4ADF3-3A8C-4279-A5D7-289F08B2F7CA}.Release|Any CPU.Build.0 = Release|Any CPU
		{BDCE5575-77C2-4FA3-9E91-86616C302BA3}.Debug|Any CPU.ActiveCfg = Debug|Any CPU
		{BDCE5575-77C2-4FA3-9E91-86616C302BA3}.Debug|Any CPU.Build.0 = Debug|Any CPU
		{BDCE5575-77C2-4FA3-9E91-86616C302BA3}.Release|Any CPU.ActiveCfg = Release|Any CPU
		{BDCE5575-77C2-4FA3-9E91-86616C302BA3}.Release|Any CPU.Build.0 = Release|Any CPU
		{DFDC2ABD-2633-49D3-8A81-94F4A46BDF82}.Debug|Any CPU.ActiveCfg = Debug|Any CPU
		{DFDC2ABD-2633-49D3-8A81-94F4A46BDF82}.Debug|Any CPU.Build.0 = Debug|Any CPU
		{DFDC2ABD-2633-49D3-8A81-94F4A46BDF82}.Release|Any CPU.ActiveCfg = Release|Any CPU
		{DFDC2ABD-2633-49D3-8A81-94F4A46BDF82}.Release|Any CPU.Build.0 = Release|Any CPU
		{96451F56-E121-42A7-B58D-FD0FA07714AA}.Debug|Any CPU.ActiveCfg = Debug|Any CPU
		{96451F56-E121-42A7-B58D-FD0FA07714AA}.Debug|Any CPU.Build.0 = Debug|Any CPU
		{96451F56-E121-42A7-B58D-FD0FA07714AA}.Release|Any CPU.ActiveCfg = Release|Any CPU
		{96451F56-E121-42A7-B58D-FD0FA07714AA}.Release|Any CPU.Build.0 = Release|Any CPU
		{9059A824-8127-4D5D-9844-EBD5E5CD5DC4}.Debug|Any CPU.ActiveCfg = Debug|Any CPU
		{9059A824-8127-4D5D-9844-EBD5E5CD5DC4}.Debug|Any CPU.Build.0 = Debug|Any CPU
		{9059A824-8127-4D5D-9844-EBD5E5CD5DC4}.Release|Any CPU.ActiveCfg = Release|Any CPU
		{9059A824-8127-4D5D-9844-EBD5E5CD5DC4}.Release|Any CPU.Build.0 = Release|Any CPU
		{F8FFF7B3-C193-4BC0-955B-B402468DDE07}.Debug|Any CPU.ActiveCfg = Debug|Any CPU
		{F8FFF7B3-C193-4BC0-955B-B402468DDE07}.Debug|Any CPU.Build.0 = Debug|Any CPU
		{F8FFF7B3-C193-4BC0-955B-B402468DDE07}.Release|Any CPU.ActiveCfg = Release|Any CPU
		{F8FFF7B3-C193-4BC0-955B-B402468DDE07}.Release|Any CPU.Build.0 = Release|Any CPU
	EndGlobalSection
	GlobalSection(SolutionProperties) = preSolution
		HideSolutionNode = FALSE
	EndGlobalSection
	GlobalSection(NestedProjects) = preSolution
		{0BE4ADF3-3A8C-4279-A5D7-289F08B2F7CA} = {D93CDC7C-FCAC-436A-A2B2-B33A5284E8B5}
		{BDCE5575-77C2-4FA3-9E91-86616C302BA3} = {D93CDC7C-FCAC-436A-A2B2-B33A5284E8B5}
		{DFDC2ABD-2633-49D3-8A81-94F4A46BDF82} = {D93CDC7C-FCAC-436A-A2B2-B33A5284E8B5}
		{96451F56-E121-42A7-B58D-FD0FA07714AA} = {EF07F1F2-55AC-4012-A0D8-78C99A5C68F5}
		{9059A824-8127-4D5D-9844-EBD5E5CD5DC4} = {EF07F1F2-55AC-4012-A0D8-78C99A5C68F5}
		{F8FFF7B3-C193-4BC0-955B-B402468DDE07} = {EF07F1F2-55AC-4012-A0D8-78C99A5C68F5}
	EndGlobalSection
EndGlobal
