Microsoft Visual Studio Solution File, Format Version 12.00
# Visual Studio Version 17
VisualStudioVersion = 17.0.31903.59
MinimumVisualStudioVersion = 10.0.40219.1
Project("{2150E333-8FDC-42A3-9474-1A3956D46DE8}") = "src", "src", "{7EE4D13B-7CC3-48C8-9B59-C1D047A74110}"
EndProject
Project("{2150E333-8FDC-42A3-9474-1A3956D46DE8}") = "tests", "tests", "{0DBBEC71-AC96-4CF6-8558-9C0711BD602C}"
EndProject
Project("{FAE04EC0-301F-11D3-BF4B-00C04F79EFBC}") = "TaxDeductionOrganizer.Core", "src\TaxDeductionOrganizer.Core\TaxDeductionOrganizer.Core.csproj", "{574942A8-5411-4BE5-8214-70F9DA3D056F}"
EndProject
Project("{FAE04EC0-301F-11D3-BF4B-00C04F79EFBC}") = "TaxDeductionOrganizer.Infrastructure", "src\TaxDeductionOrganizer.Infrastructure\TaxDeductionOrganizer.Infrastructure.csproj", "{BBC0C5B8-D7A4-4AB2-BC30-2C1760B43D27}"
EndProject
Project("{FAE04EC0-301F-11D3-BF4B-00C04F79EFBC}") = "TaxDeductionOrganizer.Api", "src\TaxDeductionOrganizer.Api\TaxDeductionOrganizer.Api.csproj", "{ECB1D33F-10A2-4C94-921E-96EF217B442E}"
EndProject
Project("{FAE04EC0-301F-11D3-BF4B-00C04F79EFBC}") = "TaxDeductionOrganizer.Core.Tests", "tests\TaxDeductionOrganizer.Core.Tests\TaxDeductionOrganizer.Core.Tests.csproj", "{8F10CDB0-5BAF-4448-9CF8-B5F0DF334CC5}"
EndProject
Project("{FAE04EC0-301F-11D3-BF4B-00C04F79EFBC}") = "TaxDeductionOrganizer.Infrastructure.Tests", "tests\TaxDeductionOrganizer.Infrastructure.Tests\TaxDeductionOrganizer.Infrastructure.Tests.csproj", "{DB379B84-FA41-473B-BE9F-BD306BB4294E}"
EndProject
Project("{FAE04EC0-301F-11D3-BF4B-00C04F79EFBC}") = "TaxDeductionOrganizer.Api.Tests", "tests\TaxDeductionOrganizer.Api.Tests\TaxDeductionOrganizer.Api.Tests.csproj", "{0932D3A9-2BDA-46C1-8F30-621742DC2DDC}"
EndProject
Global
	GlobalSection(SolutionConfigurationPlatforms) = preSolution
		Debug|Any CPU = Debug|Any CPU
		Release|Any CPU = Release|Any CPU
	EndGlobalSection
	GlobalSection(ProjectConfigurationPlatforms) = postSolution
		{574942A8-5411-4BE5-8214-70F9DA3D056F}.Debug|Any CPU.ActiveCfg = Debug|Any CPU
		{574942A8-5411-4BE5-8214-70F9DA3D056F}.Debug|Any CPU.Build.0 = Debug|Any CPU
		{574942A8-5411-4BE5-8214-70F9DA3D056F}.Release|Any CPU.ActiveCfg = Release|Any CPU
		{574942A8-5411-4BE5-8214-70F9DA3D056F}.Release|Any CPU.Build.0 = Release|Any CPU
		{BBC0C5B8-D7A4-4AB2-BC30-2C1760B43D27}.Debug|Any CPU.ActiveCfg = Debug|Any CPU
		{BBC0C5B8-D7A4-4AB2-BC30-2C1760B43D27}.Debug|Any CPU.Build.0 = Debug|Any CPU
		{BBC0C5B8-D7A4-4AB2-BC30-2C1760B43D27}.Release|Any CPU.ActiveCfg = Release|Any CPU
		{BBC0C5B8-D7A4-4AB2-BC30-2C1760B43D27}.Release|Any CPU.Build.0 = Release|Any CPU
		{ECB1D33F-10A2-4C94-921E-96EF217B442E}.Debug|Any CPU.ActiveCfg = Debug|Any CPU
		{ECB1D33F-10A2-4C94-921E-96EF217B442E}.Debug|Any CPU.Build.0 = Debug|Any CPU
		{ECB1D33F-10A2-4C94-921E-96EF217B442E}.Release|Any CPU.ActiveCfg = Release|Any CPU
		{ECB1D33F-10A2-4C94-921E-96EF217B442E}.Release|Any CPU.Build.0 = Release|Any CPU
		{8F10CDB0-5BAF-4448-9CF8-B5F0DF334CC5}.Debug|Any CPU.ActiveCfg = Debug|Any CPU
		{8F10CDB0-5BAF-4448-9CF8-B5F0DF334CC5}.Debug|Any CPU.Build.0 = Debug|Any CPU
		{8F10CDB0-5BAF-4448-9CF8-B5F0DF334CC5}.Release|Any CPU.ActiveCfg = Release|Any CPU
		{8F10CDB0-5BAF-4448-9CF8-B5F0DF334CC5}.Release|Any CPU.Build.0 = Release|Any CPU
		{DB379B84-FA41-473B-BE9F-BD306BB4294E}.Debug|Any CPU.ActiveCfg = Debug|Any CPU
		{DB379B84-FA41-473B-BE9F-BD306BB4294E}.Debug|Any CPU.Build.0 = Debug|Any CPU
		{DB379B84-FA41-473B-BE9F-BD306BB4294E}.Release|Any CPU.ActiveCfg = Release|Any CPU
		{DB379B84-FA41-473B-BE9F-BD306BB4294E}.Release|Any CPU.Build.0 = Release|Any CPU
		{0932D3A9-2BDA-46C1-8F30-621742DC2DDC}.Debug|Any CPU.ActiveCfg = Debug|Any CPU
		{0932D3A9-2BDA-46C1-8F30-621742DC2DDC}.Debug|Any CPU.Build.0 = Debug|Any CPU
		{0932D3A9-2BDA-46C1-8F30-621742DC2DDC}.Release|Any CPU.ActiveCfg = Release|Any CPU
		{0932D3A9-2BDA-46C1-8F30-621742DC2DDC}.Release|Any CPU.Build.0 = Release|Any CPU
	EndGlobalSection
	GlobalSection(SolutionProperties) = preSolution
		HideSolutionNode = FALSE
	EndGlobalSection
	GlobalSection(NestedProjects) = preSolution
		{574942A8-5411-4BE5-8214-70F9DA3D056F} = {7EE4D13B-7CC3-48C8-9B59-C1D047A74110}
		{BBC0C5B8-D7A4-4AB2-BC30-2C1760B43D27} = {7EE4D13B-7CC3-48C8-9B59-C1D047A74110}
		{ECB1D33F-10A2-4C94-921E-96EF217B442E} = {7EE4D13B-7CC3-48C8-9B59-C1D047A74110}
		{8F10CDB0-5BAF-4448-9CF8-B5F0DF334CC5} = {0DBBEC71-AC96-4CF6-8558-9C0711BD602C}
		{DB379B84-FA41-473B-BE9F-BD306BB4294E} = {0DBBEC71-AC96-4CF6-8558-9C0711BD602C}
		{0932D3A9-2BDA-46C1-8F30-621742DC2DDC} = {0DBBEC71-AC96-4CF6-8558-9C0711BD602C}
	EndGlobalSection
EndGlobal
