Microsoft Visual Studio Solution File, Format Version 12.00
# Visual Studio Version 17
VisualStudioVersion = 17.0.31903.59
MinimumVisualStudioVersion = 10.0.40219.1
Project("{2150E333-8FDC-42A3-9474-1A3956D46DE8}") = "src", "src", "{6A210907-F5CC-4E05-AAE9-85B6BAD29618}"
EndProject
Project("{2150E333-8FDC-42A3-9474-1A3956D46DE8}") = "tests", "tests", "{4153532E-C6FA-4561-8F86-0EA1CFE97F21}"
EndProject
Project("{FAE04EC0-301F-11D3-BF4B-00C04F79EFBC}") = "FamilyTreeBuilder.Core", "src\FamilyTreeBuilder.Core\FamilyTreeBuilder.Core.csproj", "{DA40834E-01DF-4BAE-BA9D-639844B7A5CA}"
EndProject
Project("{FAE04EC0-301F-11D3-BF4B-00C04F79EFBC}") = "FamilyTreeBuilder.Infrastructure", "src\FamilyTreeBuilder.Infrastructure\FamilyTreeBuilder.Infrastructure.csproj", "{A8BFD554-6B05-474A-8563-2B71AB2C0DF0}"
EndProject
Project("{FAE04EC0-301F-11D3-BF4B-00C04F79EFBC}") = "FamilyTreeBuilder.Api", "src\FamilyTreeBuilder.Api\FamilyTreeBuilder.Api.csproj", "{9D5B4649-4C07-4E33-A50F-ECC452F003AE}"
EndProject
Project("{FAE04EC0-301F-11D3-BF4B-00C04F79EFBC}") = "FamilyTreeBuilder.Core.Tests", "tests\FamilyTreeBuilder.Core.Tests\FamilyTreeBuilder.Core.Tests.csproj", "{1FCB8C9E-6C64-4D61-AEAD-4E248101B380}"
EndProject
Project("{FAE04EC0-301F-11D3-BF4B-00C04F79EFBC}") = "FamilyTreeBuilder.Infrastructure.Tests", "tests\FamilyTreeBuilder.Infrastructure.Tests\FamilyTreeBuilder.Infrastructure.Tests.csproj", "{0C0F9841-E7DA-4721-8046-00D1C1DA6378}"
EndProject
Project("{FAE04EC0-301F-11D3-BF4B-00C04F79EFBC}") = "FamilyTreeBuilder.Api.Tests", "tests\FamilyTreeBuilder.Api.Tests\FamilyTreeBuilder.Api.Tests.csproj", "{F95732C7-392C-44BA-8D59-90C4DBB2BF6F}"
EndProject
Global
	GlobalSection(SolutionConfigurationPlatforms) = preSolution
		Debug|Any CPU = Debug|Any CPU
		Release|Any CPU = Release|Any CPU
	EndGlobalSection
	GlobalSection(ProjectConfigurationPlatforms) = postSolution
		{DA40834E-01DF-4BAE-BA9D-639844B7A5CA}.Debug|Any CPU.ActiveCfg = Debug|Any CPU
		{DA40834E-01DF-4BAE-BA9D-639844B7A5CA}.Debug|Any CPU.Build.0 = Debug|Any CPU
		{DA40834E-01DF-4BAE-BA9D-639844B7A5CA}.Release|Any CPU.ActiveCfg = Release|Any CPU
		{DA40834E-01DF-4BAE-BA9D-639844B7A5CA}.Release|Any CPU.Build.0 = Release|Any CPU
		{A8BFD554-6B05-474A-8563-2B71AB2C0DF0}.Debug|Any CPU.ActiveCfg = Debug|Any CPU
		{A8BFD554-6B05-474A-8563-2B71AB2C0DF0}.Debug|Any CPU.Build.0 = Debug|Any CPU
		{A8BFD554-6B05-474A-8563-2B71AB2C0DF0}.Release|Any CPU.ActiveCfg = Release|Any CPU
		{A8BFD554-6B05-474A-8563-2B71AB2C0DF0}.Release|Any CPU.Build.0 = Release|Any CPU
		{9D5B4649-4C07-4E33-A50F-ECC452F003AE}.Debug|Any CPU.ActiveCfg = Debug|Any CPU
		{9D5B4649-4C07-4E33-A50F-ECC452F003AE}.Debug|Any CPU.Build.0 = Debug|Any CPU
		{9D5B4649-4C07-4E33-A50F-ECC452F003AE}.Release|Any CPU.ActiveCfg = Release|Any CPU
		{9D5B4649-4C07-4E33-A50F-ECC452F003AE}.Release|Any CPU.Build.0 = Release|Any CPU
		{1FCB8C9E-6C64-4D61-AEAD-4E248101B380}.Debug|Any CPU.ActiveCfg = Debug|Any CPU
		{1FCB8C9E-6C64-4D61-AEAD-4E248101B380}.Debug|Any CPU.Build.0 = Debug|Any CPU
		{1FCB8C9E-6C64-4D61-AEAD-4E248101B380}.Release|Any CPU.ActiveCfg = Release|Any CPU
		{1FCB8C9E-6C64-4D61-AEAD-4E248101B380}.Release|Any CPU.Build.0 = Release|Any CPU
		{0C0F9841-E7DA-4721-8046-00D1C1DA6378}.Debug|Any CPU.ActiveCfg = Debug|Any CPU
		{0C0F9841-E7DA-4721-8046-00D1C1DA6378}.Debug|Any CPU.Build.0 = Debug|Any CPU
		{0C0F9841-E7DA-4721-8046-00D1C1DA6378}.Release|Any CPU.ActiveCfg = Release|Any CPU
		{0C0F9841-E7DA-4721-8046-00D1C1DA6378}.Release|Any CPU.Build.0 = Release|Any CPU
		{F95732C7-392C-44BA-8D59-90C4DBB2BF6F}.Debug|Any CPU.ActiveCfg = Debug|Any CPU
		{F95732C7-392C-44BA-8D59-90C4DBB2BF6F}.Debug|Any CPU.Build.0 = Debug|Any CPU
		{F95732C7-392C-44BA-8D59-90C4DBB2BF6F}.Release|Any CPU.ActiveCfg = Release|Any CPU
		{F95732C7-392C-44BA-8D59-90C4DBB2BF6F}.Release|Any CPU.Build.0 = Release|Any CPU
	EndGlobalSection
	GlobalSection(SolutionProperties) = preSolution
		HideSolutionNode = FALSE
	EndGlobalSection
	GlobalSection(NestedProjects) = preSolution
		{DA40834E-01DF-4BAE-BA9D-639844B7A5CA} = {6A210907-F5CC-4E05-AAE9-85B6BAD29618}
		{A8BFD554-6B05-474A-8563-2B71AB2C0DF0} = {6A210907-F5CC-4E05-AAE9-85B6BAD29618}
		{9D5B4649-4C07-4E33-A50F-ECC452F003AE} = {6A210907-F5CC-4E05-AAE9-85B6BAD29618}
		{1FCB8C9E-6C64-4D61-AEAD-4E248101B380} = {4153532E-C6FA-4561-8F86-0EA1CFE97F21}
		{0C0F9841-E7DA-4721-8046-00D1C1DA6378} = {4153532E-C6FA-4561-8F86-0EA1CFE97F21}
		{F95732C7-392C-44BA-8D59-90C4DBB2BF6F} = {4153532E-C6FA-4561-8F86-0EA1CFE97F21}
	EndGlobalSection
EndGlobal
