Microsoft Visual Studio Solution File, Format Version 12.00
# Visual Studio Version 17
VisualStudioVersion = 17.0.31903.59
MinimumVisualStudioVersion = 10.0.40219.1
Project("{2150E333-8FDC-42A3-9474-1A3956D46DE8}") = "src", "src", "{614F7B81-DAB9-4957-8DD6-17E75A11CA86}"
EndProject
Project("{2150E333-8FDC-42A3-9474-1A3956D46DE8}") = "tests", "tests", "{04545B8A-6445-491C-B342-28C504B8C753}"
EndProject
Project("{FAE04EC0-301F-11D3-BF4B-00C04F79EFBC}") = "DigitalLegacyPlanner.Core", "src\DigitalLegacyPlanner.Core\DigitalLegacyPlanner.Core.csproj", "{8D95830D-B383-4385-BDDC-747D63992A85}"
EndProject
Project("{FAE04EC0-301F-11D3-BF4B-00C04F79EFBC}") = "DigitalLegacyPlanner.Infrastructure", "src\DigitalLegacyPlanner.Infrastructure\DigitalLegacyPlanner.Infrastructure.csproj", "{6A9BC0FD-65C0-4B5C-83AE-DB0FEDD52F28}"
EndProject
Project("{FAE04EC0-301F-11D3-BF4B-00C04F79EFBC}") = "DigitalLegacyPlanner.Api", "src\DigitalLegacyPlanner.Api\DigitalLegacyPlanner.Api.csproj", "{7C119238-D505-4459-B3EC-FDBE88DBEF16}"
EndProject
Project("{FAE04EC0-301F-11D3-BF4B-00C04F79EFBC}") = "DigitalLegacyPlanner.Core.Tests", "tests\DigitalLegacyPlanner.Core.Tests\DigitalLegacyPlanner.Core.Tests.csproj", "{A387E144-F5BB-445A-8319-EE3A7C4DDBEF}"
EndProject
Project("{FAE04EC0-301F-11D3-BF4B-00C04F79EFBC}") = "DigitalLegacyPlanner.Infrastructure.Tests", "tests\DigitalLegacyPlanner.Infrastructure.Tests\DigitalLegacyPlanner.Infrastructure.Tests.csproj", "{48A9F26E-2B4D-4242-A004-3D4F147C72CC}"
EndProject
Project("{FAE04EC0-301F-11D3-BF4B-00C04F79EFBC}") = "DigitalLegacyPlanner.Api.Tests", "tests\DigitalLegacyPlanner.Api.Tests\DigitalLegacyPlanner.Api.Tests.csproj", "{00A0EF05-6B41-4D70-9E4E-8336C1F0F941}"
EndProject
Global
	GlobalSection(SolutionConfigurationPlatforms) = preSolution
		Debug|Any CPU = Debug|Any CPU
		Release|Any CPU = Release|Any CPU
	EndGlobalSection
	GlobalSection(ProjectConfigurationPlatforms) = postSolution
		{8D95830D-B383-4385-BDDC-747D63992A85}.Debug|Any CPU.ActiveCfg = Debug|Any CPU
		{8D95830D-B383-4385-BDDC-747D63992A85}.Debug|Any CPU.Build.0 = Debug|Any CPU
		{8D95830D-B383-4385-BDDC-747D63992A85}.Release|Any CPU.ActiveCfg = Release|Any CPU
		{8D95830D-B383-4385-BDDC-747D63992A85}.Release|Any CPU.Build.0 = Release|Any CPU
		{6A9BC0FD-65C0-4B5C-83AE-DB0FEDD52F28}.Debug|Any CPU.ActiveCfg = Debug|Any CPU
		{6A9BC0FD-65C0-4B5C-83AE-DB0FEDD52F28}.Debug|Any CPU.Build.0 = Debug|Any CPU
		{6A9BC0FD-65C0-4B5C-83AE-DB0FEDD52F28}.Release|Any CPU.ActiveCfg = Release|Any CPU
		{6A9BC0FD-65C0-4B5C-83AE-DB0FEDD52F28}.Release|Any CPU.Build.0 = Release|Any CPU
		{7C119238-D505-4459-B3EC-FDBE88DBEF16}.Debug|Any CPU.ActiveCfg = Debug|Any CPU
		{7C119238-D505-4459-B3EC-FDBE88DBEF16}.Debug|Any CPU.Build.0 = Debug|Any CPU
		{7C119238-D505-4459-B3EC-FDBE88DBEF16}.Release|Any CPU.ActiveCfg = Release|Any CPU
		{7C119238-D505-4459-B3EC-FDBE88DBEF16}.Release|Any CPU.Build.0 = Release|Any CPU
		{A387E144-F5BB-445A-8319-EE3A7C4DDBEF}.Debug|Any CPU.ActiveCfg = Debug|Any CPU
		{A387E144-F5BB-445A-8319-EE3A7C4DDBEF}.Debug|Any CPU.Build.0 = Debug|Any CPU
		{A387E144-F5BB-445A-8319-EE3A7C4DDBEF}.Release|Any CPU.ActiveCfg = Release|Any CPU
		{A387E144-F5BB-445A-8319-EE3A7C4DDBEF}.Release|Any CPU.Build.0 = Release|Any CPU
		{48A9F26E-2B4D-4242-A004-3D4F147C72CC}.Debug|Any CPU.ActiveCfg = Debug|Any CPU
		{48A9F26E-2B4D-4242-A004-3D4F147C72CC}.Debug|Any CPU.Build.0 = Debug|Any CPU
		{48A9F26E-2B4D-4242-A004-3D4F147C72CC}.Release|Any CPU.ActiveCfg = Release|Any CPU
		{48A9F26E-2B4D-4242-A004-3D4F147C72CC}.Release|Any CPU.Build.0 = Release|Any CPU
		{00A0EF05-6B41-4D70-9E4E-8336C1F0F941}.Debug|Any CPU.ActiveCfg = Debug|Any CPU
		{00A0EF05-6B41-4D70-9E4E-8336C1F0F941}.Debug|Any CPU.Build.0 = Debug|Any CPU
		{00A0EF05-6B41-4D70-9E4E-8336C1F0F941}.Release|Any CPU.ActiveCfg = Release|Any CPU
		{00A0EF05-6B41-4D70-9E4E-8336C1F0F941}.Release|Any CPU.Build.0 = Release|Any CPU
	EndGlobalSection
	GlobalSection(SolutionProperties) = preSolution
		HideSolutionNode = FALSE
	EndGlobalSection
	GlobalSection(NestedProjects) = preSolution
		{8D95830D-B383-4385-BDDC-747D63992A85} = {614F7B81-DAB9-4957-8DD6-17E75A11CA86}
		{6A9BC0FD-65C0-4B5C-83AE-DB0FEDD52F28} = {614F7B81-DAB9-4957-8DD6-17E75A11CA86}
		{7C119238-D505-4459-B3EC-FDBE88DBEF16} = {614F7B81-DAB9-4957-8DD6-17E75A11CA86}
		{A387E144-F5BB-445A-8319-EE3A7C4DDBEF} = {04545B8A-6445-491C-B342-28C504B8C753}
		{48A9F26E-2B4D-4242-A004-3D4F147C72CC} = {04545B8A-6445-491C-B342-28C504B8C753}
		{00A0EF05-6B41-4D70-9E4E-8336C1F0F941} = {04545B8A-6445-491C-B342-28C504B8C753}
	EndGlobalSection
EndGlobal
