Microsoft Visual Studio Solution File, Format Version 12.00
# Visual Studio Version 17
VisualStudioVersion = 17.0.31903.59
MinimumVisualStudioVersion = 10.0.40219.1
Project("{2150E333-8FDC-42A3-9474-1A3956D46DE8}") = "src", "src", "{767E7BD5-C224-40AF-9B0A-979DCF826302}"
EndProject
Project("{2150E333-8FDC-42A3-9474-1A3956D46DE8}") = "tests", "tests", "{34E3BEB5-7919-4400-9D0C-B5FDC1DB9FE3}"
EndProject
Project("{FAE04EC0-301F-11D3-BF4B-00C04F79EFBC}") = "BloodPressureMonitor.Core", "src\BloodPressureMonitor.Core\BloodPressureMonitor.Core.csproj", "{FBF49BE6-956B-4634-9C15-BF79680870BD}"
EndProject
Project("{FAE04EC0-301F-11D3-BF4B-00C04F79EFBC}") = "BloodPressureMonitor.Infrastructure", "src\BloodPressureMonitor.Infrastructure\BloodPressureMonitor.Infrastructure.csproj", "{34CD978B-110B-484F-A085-782985EEB2CC}"
EndProject
Project("{FAE04EC0-301F-11D3-BF4B-00C04F79EFBC}") = "BloodPressureMonitor.Api", "src\BloodPressureMonitor.Api\BloodPressureMonitor.Api.csproj", "{01C23EA1-8CB6-4851-8BAB-0EFCC5DEC9A1}"
EndProject
Project("{FAE04EC0-301F-11D3-BF4B-00C04F79EFBC}") = "BloodPressureMonitor.Core.Tests", "tests\BloodPressureMonitor.Core.Tests\BloodPressureMonitor.Core.Tests.csproj", "{E43E8E97-EC0D-4287-8169-DEA7FB15E906}"
EndProject
Project("{FAE04EC0-301F-11D3-BF4B-00C04F79EFBC}") = "BloodPressureMonitor.Infrastructure.Tests", "tests\BloodPressureMonitor.Infrastructure.Tests\BloodPressureMonitor.Infrastructure.Tests.csproj", "{D5648118-D0C6-47F0-9D7A-4FBE1991C2CF}"
EndProject
Project("{FAE04EC0-301F-11D3-BF4B-00C04F79EFBC}") = "BloodPressureMonitor.Api.Tests", "tests\BloodPressureMonitor.Api.Tests\BloodPressureMonitor.Api.Tests.csproj", "{CC17EF9E-A020-48B9-AFD9-4DA661F835BD}"
EndProject
Global
	GlobalSection(SolutionConfigurationPlatforms) = preSolution
		Debug|Any CPU = Debug|Any CPU
		Release|Any CPU = Release|Any CPU
	EndGlobalSection
	GlobalSection(ProjectConfigurationPlatforms) = postSolution
		{FBF49BE6-956B-4634-9C15-BF79680870BD}.Debug|Any CPU.ActiveCfg = Debug|Any CPU
		{FBF49BE6-956B-4634-9C15-BF79680870BD}.Debug|Any CPU.Build.0 = Debug|Any CPU
		{FBF49BE6-956B-4634-9C15-BF79680870BD}.Release|Any CPU.ActiveCfg = Release|Any CPU
		{FBF49BE6-956B-4634-9C15-BF79680870BD}.Release|Any CPU.Build.0 = Release|Any CPU
		{34CD978B-110B-484F-A085-782985EEB2CC}.Debug|Any CPU.ActiveCfg = Debug|Any CPU
		{34CD978B-110B-484F-A085-782985EEB2CC}.Debug|Any CPU.Build.0 = Debug|Any CPU
		{34CD978B-110B-484F-A085-782985EEB2CC}.Release|Any CPU.ActiveCfg = Release|Any CPU
		{34CD978B-110B-484F-A085-782985EEB2CC}.Release|Any CPU.Build.0 = Release|Any CPU
		{01C23EA1-8CB6-4851-8BAB-0EFCC5DEC9A1}.Debug|Any CPU.ActiveCfg = Debug|Any CPU
		{01C23EA1-8CB6-4851-8BAB-0EFCC5DEC9A1}.Debug|Any CPU.Build.0 = Debug|Any CPU
		{01C23EA1-8CB6-4851-8BAB-0EFCC5DEC9A1}.Release|Any CPU.ActiveCfg = Release|Any CPU
		{01C23EA1-8CB6-4851-8BAB-0EFCC5DEC9A1}.Release|Any CPU.Build.0 = Release|Any CPU
		{E43E8E97-EC0D-4287-8169-DEA7FB15E906}.Debug|Any CPU.ActiveCfg = Debug|Any CPU
		{E43E8E97-EC0D-4287-8169-DEA7FB15E906}.Debug|Any CPU.Build.0 = Debug|Any CPU
		{E43E8E97-EC0D-4287-8169-DEA7FB15E906}.Release|Any CPU.ActiveCfg = Release|Any CPU
		{E43E8E97-EC0D-4287-8169-DEA7FB15E906}.Release|Any CPU.Build.0 = Release|Any CPU
		{D5648118-D0C6-47F0-9D7A-4FBE1991C2CF}.Debug|Any CPU.ActiveCfg = Debug|Any CPU
		{D5648118-D0C6-47F0-9D7A-4FBE1991C2CF}.Debug|Any CPU.Build.0 = Debug|Any CPU
		{D5648118-D0C6-47F0-9D7A-4FBE1991C2CF}.Release|Any CPU.ActiveCfg = Release|Any CPU
		{D5648118-D0C6-47F0-9D7A-4FBE1991C2CF}.Release|Any CPU.Build.0 = Release|Any CPU
		{CC17EF9E-A020-48B9-AFD9-4DA661F835BD}.Debug|Any CPU.ActiveCfg = Debug|Any CPU
		{CC17EF9E-A020-48B9-AFD9-4DA661F835BD}.Debug|Any CPU.Build.0 = Debug|Any CPU
		{CC17EF9E-A020-48B9-AFD9-4DA661F835BD}.Release|Any CPU.ActiveCfg = Release|Any CPU
		{CC17EF9E-A020-48B9-AFD9-4DA661F835BD}.Release|Any CPU.Build.0 = Release|Any CPU
	EndGlobalSection
	GlobalSection(SolutionProperties) = preSolution
		HideSolutionNode = FALSE
	EndGlobalSection
	GlobalSection(NestedProjects) = preSolution
		{FBF49BE6-956B-4634-9C15-BF79680870BD} = {767E7BD5-C224-40AF-9B0A-979DCF826302}
		{34CD978B-110B-484F-A085-782985EEB2CC} = {767E7BD5-C224-40AF-9B0A-979DCF826302}
		{01C23EA1-8CB6-4851-8BAB-0EFCC5DEC9A1} = {767E7BD5-C224-40AF-9B0A-979DCF826302}
		{E43E8E97-EC0D-4287-8169-DEA7FB15E906} = {34E3BEB5-7919-4400-9D0C-B5FDC1DB9FE3}
		{D5648118-D0C6-47F0-9D7A-4FBE1991C2CF} = {34E3BEB5-7919-4400-9D0C-B5FDC1DB9FE3}
		{CC17EF9E-A020-48B9-AFD9-4DA661F835BD} = {34E3BEB5-7919-4400-9D0C-B5FDC1DB9FE3}
	EndGlobalSection
EndGlobal
