Microsoft Visual Studio Solution File, Format Version 12.00
# Visual Studio Version 17
VisualStudioVersion = 17.0.31903.59
MinimumVisualStudioVersion = 10.0.40219.1
Project("{2150E333-8FDC-42A3-9474-1A3956D46DE8}") = "src", "src", "{767E7BD5-C224-40AF-9B0A-979DCF826302}"
EndProject
Project("{2150E333-8FDC-42A3-9474-1A3956D46DE8}") = "tests", "tests", "{34E3BEB5-7919-4400-9D0C-B5FDC1DB9FE3}"
EndProject
Project("{2150E333-8FDC-42A3-9474-1A3956D46DE8}") = "Aspire", "Aspire", "{A1B2C3D4-E5F6-7890-ABCD-EF1234567890}"
EndProject
Project("{2150E333-8FDC-42A3-9474-1A3956D46DE8}") = "Identity", "Identity", "{B1B2C3D4-E5F6-7890-ABCD-EF1234567891}"
EndProject
Project("{2150E333-8FDC-42A3-9474-1A3956D46DE8}") = "Readings", "Readings", "{C1B2C3D4-E5F6-7890-ABCD-EF1234567892}"
EndProject
Project("{2150E333-8FDC-42A3-9474-1A3956D46DE8}") = "Trends", "Trends", "{D1B2C3D4-E5F6-7890-ABCD-EF1234567893}"
EndProject
Project("{FAE04EC0-301F-11D3-BF4B-00C04F79EFBC}") = "BloodPressureMonitor.Core", "src\BloodPressureMonitor.Core\BloodPressureMonitor.Core.csproj", "{FBF49BE6-956B-4634-9C15-BF79680870BD}"
EndProject
Project("{FAE04EC0-301F-11D3-BF4B-00C04F79EFBC}") = "BloodPressureMonitor.Infrastructure", "src\BloodPressureMonitor.Infrastructure\BloodPressureMonitor.Infrastructure.csproj", "{34CD978B-110B-484F-A085-782985EEB2CC}"
EndProject
Project("{FAE04EC0-301F-11D3-BF4B-00C04F79EFBC}") = "BloodPressureMonitor.Api", "src\BloodPressureMonitor.Api\BloodPressureMonitor.Api.csproj", "{01C23EA1-8CB6-4851-8BAB-0EFCC5DEC9A1}"
EndProject
Project("{FAE04EC0-301F-11D3-BF4B-00C04F79EFBC}") = "BloodPressureMonitor.Core.Tests", "tests\BloodPressureMonitor.Core.Tests\BloodPressureMonitor.Core.Tests.csproj", "{E43E8E97-EC0D-4287-8169-DEA7FB15E906}"
EndProject
Project("{FAE04EC0-301F-11D3-BF4B-00C04F79EFBC}") = "BloodPressureMonitor.Infrastructure.Tests", "tests\BloodPressureMonitor.Infrastructure.Tests\BloodPressureMonitor.Infrastructure.Tests.csproj", "{D5648118-D0C6-47F0-9D7A-4FBE1991C2CF}"
EndProject
Project("{FAE04EC0-301F-11D3-BF4B-00C04F79EFBC}") = "BloodPressureMonitor.Api.Tests", "tests\BloodPressureMonitor.Api.Tests\BloodPressureMonitor.Api.Tests.csproj", "{CC17EF9E-A020-48B9-AFD9-4DA661F835BD}"
EndProject
Project("{FAE04EC0-301F-11D3-BF4B-00C04F79EFBC}") = "BloodPressureMonitor.AppHost", "src\BloodPressureMonitor.AppHost\BloodPressureMonitor.AppHost.csproj", "{11111111-1111-1111-1111-111111111111}"
EndProject
Project("{FAE04EC0-301F-11D3-BF4B-00C04F79EFBC}") = "BloodPressureMonitor.ServiceDefaults", "src\BloodPressureMonitor.ServiceDefaults\BloodPressureMonitor.ServiceDefaults.csproj", "{22222222-2222-2222-2222-222222222222}"
EndProject
Project("{FAE04EC0-301F-11D3-BF4B-00C04F79EFBC}") = "Messaging.Contracts", "src\Messaging.Contracts\Messaging.Contracts.csproj", "{33333333-3333-3333-3333-333333333333}"
EndProject
Project("{FAE04EC0-301F-11D3-BF4B-00C04F79EFBC}") = "Identity.Api", "src\Identity.Api\Identity.Api.csproj", "{44444444-4444-4444-4444-444444444444}"
EndProject
Project("{FAE04EC0-301F-11D3-BF4B-00C04F79EFBC}") = "Identity.Core", "src\Identity.Core\Identity.Core.csproj", "{55555555-5555-5555-5555-555555555555}"
EndProject
Project("{FAE04EC0-301F-11D3-BF4B-00C04F79EFBC}") = "Identity.Infrastructure", "src\Identity.Infrastructure\Identity.Infrastructure.csproj", "{66666666-6666-6666-6666-666666666666}"
EndProject
Project("{FAE04EC0-301F-11D3-BF4B-00C04F79EFBC}") = "Readings.Api", "src\Readings.Api\Readings.Api.csproj", "{77777777-7777-7777-7777-777777777777}"
EndProject
Project("{FAE04EC0-301F-11D3-BF4B-00C04F79EFBC}") = "Readings.Core", "src\Readings.Core\Readings.Core.csproj", "{88888888-8888-8888-8888-888888888888}"
EndProject
Project("{FAE04EC0-301F-11D3-BF4B-00C04F79EFBC}") = "Readings.Infrastructure", "src\Readings.Infrastructure\Readings.Infrastructure.csproj", "{99999999-9999-9999-9999-999999999999}"
EndProject
Project("{FAE04EC0-301F-11D3-BF4B-00C04F79EFBC}") = "Trends.Api", "src\Trends.Api\Trends.Api.csproj", "{AAAAAAAA-AAAA-AAAA-AAAA-AAAAAAAAAAAA}"
EndProject
Project("{FAE04EC0-301F-11D3-BF4B-00C04F79EFBC}") = "Trends.Core", "src\Trends.Core\Trends.Core.csproj", "{BBBBBBBB-BBBB-BBBB-BBBB-BBBBBBBBBBBB}"
EndProject
Project("{FAE04EC0-301F-11D3-BF4B-00C04F79EFBC}") = "Trends.Infrastructure", "src\Trends.Infrastructure\Trends.Infrastructure.csproj", "{CCCCCCCC-CCCC-CCCC-CCCC-CCCCCCCCCCCC}"
EndProject
Global
	GlobalSection(SolutionConfigurationPlatforms) = preSolution
		Debug|Any CPU = Debug|Any CPU
		Release|Any CPU = Release|Any CPU
	EndGlobalSection
	GlobalSection(ProjectConfigurationPlatforms) = postSolution
		{FBF49BE6-956B-4634-9C15-BF79680870BD}.Debug|Any CPU.ActiveCfg = Debug|Any CPU
		{FBF49BE6-956B-4634-9C15-BF79680870BD}.Debug|Any CPU.Build.0 = Debug|Any CPU
		{FBF49BE6-956B-4634-9C15-BF79680870BD}.Release|Any CPU.ActiveCfg = Release|Any CPU
		{FBF49BE6-956B-4634-9C15-BF79680870BD}.Release|Any CPU.Build.0 = Release|Any CPU
		{34CD978B-110B-484F-A085-782985EEB2CC}.Debug|Any CPU.ActiveCfg = Debug|Any CPU
		{34CD978B-110B-484F-A085-782985EEB2CC}.Debug|Any CPU.Build.0 = Debug|Any CPU
		{34CD978B-110B-484F-A085-782985EEB2CC}.Release|Any CPU.ActiveCfg = Release|Any CPU
		{34CD978B-110B-484F-A085-782985EEB2CC}.Release|Any CPU.Build.0 = Release|Any CPU
		{01C23EA1-8CB6-4851-8BAB-0EFCC5DEC9A1}.Debug|Any CPU.ActiveCfg = Debug|Any CPU
		{01C23EA1-8CB6-4851-8BAB-0EFCC5DEC9A1}.Debug|Any CPU.Build.0 = Debug|Any CPU
		{01C23EA1-8CB6-4851-8BAB-0EFCC5DEC9A1}.Release|Any CPU.ActiveCfg = Release|Any CPU
		{01C23EA1-8CB6-4851-8BAB-0EFCC5DEC9A1}.Release|Any CPU.Build.0 = Release|Any CPU
		{E43E8E97-EC0D-4287-8169-DEA7FB15E906}.Debug|Any CPU.ActiveCfg = Debug|Any CPU
		{E43E8E97-EC0D-4287-8169-DEA7FB15E906}.Debug|Any CPU.Build.0 = Debug|Any CPU
		{E43E8E97-EC0D-4287-8169-DEA7FB15E906}.Release|Any CPU.ActiveCfg = Release|Any CPU
		{E43E8E97-EC0D-4287-8169-DEA7FB15E906}.Release|Any CPU.Build.0 = Release|Any CPU
		{D5648118-D0C6-47F0-9D7A-4FBE1991C2CF}.Debug|Any CPU.ActiveCfg = Debug|Any CPU
		{D5648118-D0C6-47F0-9D7A-4FBE1991C2CF}.Debug|Any CPU.Build.0 = Debug|Any CPU
		{D5648118-D0C6-47F0-9D7A-4FBE1991C2CF}.Release|Any CPU.ActiveCfg = Release|Any CPU
		{D5648118-D0C6-47F0-9D7A-4FBE1991C2CF}.Release|Any CPU.Build.0 = Release|Any CPU
		{CC17EF9E-A020-48B9-AFD9-4DA661F835BD}.Debug|Any CPU.ActiveCfg = Debug|Any CPU
		{CC17EF9E-A020-48B9-AFD9-4DA661F835BD}.Debug|Any CPU.Build.0 = Debug|Any CPU
		{CC17EF9E-A020-48B9-AFD9-4DA661F835BD}.Release|Any CPU.ActiveCfg = Release|Any CPU
		{CC17EF9E-A020-48B9-AFD9-4DA661F835BD}.Release|Any CPU.Build.0 = Release|Any CPU
		{11111111-1111-1111-1111-111111111111}.Debug|Any CPU.ActiveCfg = Debug|Any CPU
		{11111111-1111-1111-1111-111111111111}.Debug|Any CPU.Build.0 = Debug|Any CPU
		{11111111-1111-1111-1111-111111111111}.Release|Any CPU.ActiveCfg = Release|Any CPU
		{11111111-1111-1111-1111-111111111111}.Release|Any CPU.Build.0 = Release|Any CPU
		{22222222-2222-2222-2222-222222222222}.Debug|Any CPU.ActiveCfg = Debug|Any CPU
		{22222222-2222-2222-2222-222222222222}.Debug|Any CPU.Build.0 = Debug|Any CPU
		{22222222-2222-2222-2222-222222222222}.Release|Any CPU.ActiveCfg = Release|Any CPU
		{22222222-2222-2222-2222-222222222222}.Release|Any CPU.Build.0 = Release|Any CPU
		{33333333-3333-3333-3333-333333333333}.Debug|Any CPU.ActiveCfg = Debug|Any CPU
		{33333333-3333-3333-3333-333333333333}.Debug|Any CPU.Build.0 = Debug|Any CPU
		{33333333-3333-3333-3333-333333333333}.Release|Any CPU.ActiveCfg = Release|Any CPU
		{33333333-3333-3333-3333-333333333333}.Release|Any CPU.Build.0 = Release|Any CPU
		{44444444-4444-4444-4444-444444444444}.Debug|Any CPU.ActiveCfg = Debug|Any CPU
		{44444444-4444-4444-4444-444444444444}.Debug|Any CPU.Build.0 = Debug|Any CPU
		{44444444-4444-4444-4444-444444444444}.Release|Any CPU.ActiveCfg = Release|Any CPU
		{44444444-4444-4444-4444-444444444444}.Release|Any CPU.Build.0 = Release|Any CPU
		{55555555-5555-5555-5555-555555555555}.Debug|Any CPU.ActiveCfg = Debug|Any CPU
		{55555555-5555-5555-5555-555555555555}.Debug|Any CPU.Build.0 = Debug|Any CPU
		{55555555-5555-5555-5555-555555555555}.Release|Any CPU.ActiveCfg = Release|Any CPU
		{55555555-5555-5555-5555-555555555555}.Release|Any CPU.Build.0 = Release|Any CPU
		{66666666-6666-6666-6666-666666666666}.Debug|Any CPU.ActiveCfg = Debug|Any CPU
		{66666666-6666-6666-6666-666666666666}.Debug|Any CPU.Build.0 = Debug|Any CPU
		{66666666-6666-6666-6666-666666666666}.Release|Any CPU.ActiveCfg = Release|Any CPU
		{66666666-6666-6666-6666-666666666666}.Release|Any CPU.Build.0 = Release|Any CPU
		{77777777-7777-7777-7777-777777777777}.Debug|Any CPU.ActiveCfg = Debug|Any CPU
		{77777777-7777-7777-7777-777777777777}.Debug|Any CPU.Build.0 = Debug|Any CPU
		{77777777-7777-7777-7777-777777777777}.Release|Any CPU.ActiveCfg = Release|Any CPU
		{77777777-7777-7777-7777-777777777777}.Release|Any CPU.Build.0 = Release|Any CPU
		{88888888-8888-8888-8888-888888888888}.Debug|Any CPU.ActiveCfg = Debug|Any CPU
		{88888888-8888-8888-8888-888888888888}.Debug|Any CPU.Build.0 = Debug|Any CPU
		{88888888-8888-8888-8888-888888888888}.Release|Any CPU.ActiveCfg = Release|Any CPU
		{88888888-8888-8888-8888-888888888888}.Release|Any CPU.Build.0 = Release|Any CPU
		{99999999-9999-9999-9999-999999999999}.Debug|Any CPU.ActiveCfg = Debug|Any CPU
		{99999999-9999-9999-9999-999999999999}.Debug|Any CPU.Build.0 = Debug|Any CPU
		{99999999-9999-9999-9999-999999999999}.Release|Any CPU.ActiveCfg = Release|Any CPU
		{99999999-9999-9999-9999-999999999999}.Release|Any CPU.Build.0 = Release|Any CPU
		{AAAAAAAA-AAAA-AAAA-AAAA-AAAAAAAAAAAA}.Debug|Any CPU.ActiveCfg = Debug|Any CPU
		{AAAAAAAA-AAAA-AAAA-AAAA-AAAAAAAAAAAA}.Debug|Any CPU.Build.0 = Debug|Any CPU
		{AAAAAAAA-AAAA-AAAA-AAAA-AAAAAAAAAAAA}.Release|Any CPU.ActiveCfg = Release|Any CPU
		{AAAAAAAA-AAAA-AAAA-AAAA-AAAAAAAAAAAA}.Release|Any CPU.Build.0 = Release|Any CPU
		{BBBBBBBB-BBBB-BBBB-BBBB-BBBBBBBBBBBB}.Debug|Any CPU.ActiveCfg = Debug|Any CPU
		{BBBBBBBB-BBBB-BBBB-BBBB-BBBBBBBBBBBB}.Debug|Any CPU.Build.0 = Debug|Any CPU
		{BBBBBBBB-BBBB-BBBB-BBBB-BBBBBBBBBBBB}.Release|Any CPU.ActiveCfg = Release|Any CPU
		{BBBBBBBB-BBBB-BBBB-BBBB-BBBBBBBBBBBB}.Release|Any CPU.Build.0 = Release|Any CPU
		{CCCCCCCC-CCCC-CCCC-CCCC-CCCCCCCCCCCC}.Debug|Any CPU.ActiveCfg = Debug|Any CPU
		{CCCCCCCC-CCCC-CCCC-CCCC-CCCCCCCCCCCC}.Debug|Any CPU.Build.0 = Debug|Any CPU
		{CCCCCCCC-CCCC-CCCC-CCCC-CCCCCCCCCCCC}.Release|Any CPU.ActiveCfg = Release|Any CPU
		{CCCCCCCC-CCCC-CCCC-CCCC-CCCCCCCCCCCC}.Release|Any CPU.Build.0 = Release|Any CPU
	EndGlobalSection
	GlobalSection(SolutionProperties) = preSolution
		HideSolutionNode = FALSE
	EndGlobalSection
	GlobalSection(NestedProjects) = preSolution
		{FBF49BE6-956B-4634-9C15-BF79680870BD} = {767E7BD5-C224-40AF-9B0A-979DCF826302}
		{34CD978B-110B-484F-A085-782985EEB2CC} = {767E7BD5-C224-40AF-9B0A-979DCF826302}
		{01C23EA1-8CB6-4851-8BAB-0EFCC5DEC9A1} = {767E7BD5-C224-40AF-9B0A-979DCF826302}
		{E43E8E97-EC0D-4287-8169-DEA7FB15E906} = {34E3BEB5-7919-4400-9D0C-B5FDC1DB9FE3}
		{D5648118-D0C6-47F0-9D7A-4FBE1991C2CF} = {34E3BEB5-7919-4400-9D0C-B5FDC1DB9FE3}
		{CC17EF9E-A020-48B9-AFD9-4DA661F835BD} = {34E3BEB5-7919-4400-9D0C-B5FDC1DB9FE3}
		{11111111-1111-1111-1111-111111111111} = {A1B2C3D4-E5F6-7890-ABCD-EF1234567890}
		{22222222-2222-2222-2222-222222222222} = {A1B2C3D4-E5F6-7890-ABCD-EF1234567890}
		{33333333-3333-3333-3333-333333333333} = {767E7BD5-C224-40AF-9B0A-979DCF826302}
		{44444444-4444-4444-4444-444444444444} = {B1B2C3D4-E5F6-7890-ABCD-EF1234567891}
		{55555555-5555-5555-5555-555555555555} = {B1B2C3D4-E5F6-7890-ABCD-EF1234567891}
		{66666666-6666-6666-6666-666666666666} = {B1B2C3D4-E5F6-7890-ABCD-EF1234567891}
		{77777777-7777-7777-7777-777777777777} = {C1B2C3D4-E5F6-7890-ABCD-EF1234567892}
		{88888888-8888-8888-8888-888888888888} = {C1B2C3D4-E5F6-7890-ABCD-EF1234567892}
		{99999999-9999-9999-9999-999999999999} = {C1B2C3D4-E5F6-7890-ABCD-EF1234567892}
		{AAAAAAAA-AAAA-AAAA-AAAA-AAAAAAAAAAAA} = {D1B2C3D4-E5F6-7890-ABCD-EF1234567893}
		{BBBBBBBB-BBBB-BBBB-BBBB-BBBBBBBBBBBB} = {D1B2C3D4-E5F6-7890-ABCD-EF1234567893}
		{CCCCCCCC-CCCC-CCCC-CCCC-CCCCCCCCCCCC} = {D1B2C3D4-E5F6-7890-ABCD-EF1234567893}
	EndGlobalSection
EndGlobal
