Microsoft Visual Studio Solution File, Format Version 12.00
# Visual Studio Version 17
VisualStudioVersion = 17.0.31903.59
MinimumVisualStudioVersion = 10.0.40219.1
Project("{2150E333-8FDC-42A3-9474-1A3956D46DE8}") = "src", "src", "{F8B19C2F-6F2E-4B36-8555-F368BC05D801}"
EndProject
Project("{2150E333-8FDC-42A3-9474-1A3956D46DE8}") = "tests", "tests", "{59F78162-DB80-43A3-A269-4E0C06AA5FD3}"
EndProject
Project("{FAE04EC0-301F-11D3-BF4B-00C04F79EFBC}") = "SleepQualityTracker.Core", "src\SleepQualityTracker.Core\SleepQualityTracker.Core.csproj", "{35E6FC4E-5271-4E98-A0C6-0B80560FB200}"
EndProject
Project("{FAE04EC0-301F-11D3-BF4B-00C04F79EFBC}") = "SleepQualityTracker.Infrastructure", "src\SleepQualityTracker.Infrastructure\SleepQualityTracker.Infrastructure.csproj", "{0E7D84D1-8016-4F23-8D25-42B7C817F34E}"
EndProject
Project("{FAE04EC0-301F-11D3-BF4B-00C04F79EFBC}") = "SleepQualityTracker.Api", "src\SleepQualityTracker.Api\SleepQualityTracker.Api.csproj", "{95C1261E-A23E-4FDB-8033-4E246C4CBDB3}"
EndProject
Project("{FAE04EC0-301F-11D3-BF4B-00C04F79EFBC}") = "SleepQualityTracker.Core.Tests", "tests\SleepQualityTracker.Core.Tests\SleepQualityTracker.Core.Tests.csproj", "{2925F70D-EB9B-40A2-B8B5-E99D9BCCEBE7}"
EndProject
Project("{FAE04EC0-301F-11D3-BF4B-00C04F79EFBC}") = "SleepQualityTracker.Infrastructure.Tests", "tests\SleepQualityTracker.Infrastructure.Tests\SleepQualityTracker.Infrastructure.Tests.csproj", "{B8770FFA-37AD-43D8-A5D7-E6C2C7C0F18A}"
EndProject
Project("{FAE04EC0-301F-11D3-BF4B-00C04F79EFBC}") = "SleepQualityTracker.Api.Tests", "tests\SleepQualityTracker.Api.Tests\SleepQualityTracker.Api.Tests.csproj", "{AE23E246-5CFB-46CD-84E6-377354B8BBAB}"
EndProject
Global
	GlobalSection(SolutionConfigurationPlatforms) = preSolution
		Debug|Any CPU = Debug|Any CPU
		Release|Any CPU = Release|Any CPU
	EndGlobalSection
	GlobalSection(ProjectConfigurationPlatforms) = postSolution
		{35E6FC4E-5271-4E98-A0C6-0B80560FB200}.Debug|Any CPU.ActiveCfg = Debug|Any CPU
		{35E6FC4E-5271-4E98-A0C6-0B80560FB200}.Debug|Any CPU.Build.0 = Debug|Any CPU
		{35E6FC4E-5271-4E98-A0C6-0B80560FB200}.Release|Any CPU.ActiveCfg = Release|Any CPU
		{35E6FC4E-5271-4E98-A0C6-0B80560FB200}.Release|Any CPU.Build.0 = Release|Any CPU
		{0E7D84D1-8016-4F23-8D25-42B7C817F34E}.Debug|Any CPU.ActiveCfg = Debug|Any CPU
		{0E7D84D1-8016-4F23-8D25-42B7C817F34E}.Debug|Any CPU.Build.0 = Debug|Any CPU
		{0E7D84D1-8016-4F23-8D25-42B7C817F34E}.Release|Any CPU.ActiveCfg = Release|Any CPU
		{0E7D84D1-8016-4F23-8D25-42B7C817F34E}.Release|Any CPU.Build.0 = Release|Any CPU
		{95C1261E-A23E-4FDB-8033-4E246C4CBDB3}.Debug|Any CPU.ActiveCfg = Debug|Any CPU
		{95C1261E-A23E-4FDB-8033-4E246C4CBDB3}.Debug|Any CPU.Build.0 = Debug|Any CPU
		{95C1261E-A23E-4FDB-8033-4E246C4CBDB3}.Release|Any CPU.ActiveCfg = Release|Any CPU
		{95C1261E-A23E-4FDB-8033-4E246C4CBDB3}.Release|Any CPU.Build.0 = Release|Any CPU
		{2925F70D-EB9B-40A2-B8B5-E99D9BCCEBE7}.Debug|Any CPU.ActiveCfg = Debug|Any CPU
		{2925F70D-EB9B-40A2-B8B5-E99D9BCCEBE7}.Debug|Any CPU.Build.0 = Debug|Any CPU
		{2925F70D-EB9B-40A2-B8B5-E99D9BCCEBE7}.Release|Any CPU.ActiveCfg = Release|Any CPU
		{2925F70D-EB9B-40A2-B8B5-E99D9BCCEBE7}.Release|Any CPU.Build.0 = Release|Any CPU
		{B8770FFA-37AD-43D8-A5D7-E6C2C7C0F18A}.Debug|Any CPU.ActiveCfg = Debug|Any CPU
		{B8770FFA-37AD-43D8-A5D7-E6C2C7C0F18A}.Debug|Any CPU.Build.0 = Debug|Any CPU
		{B8770FFA-37AD-43D8-A5D7-E6C2C7C0F18A}.Release|Any CPU.ActiveCfg = Release|Any CPU
		{B8770FFA-37AD-43D8-A5D7-E6C2C7C0F18A}.Release|Any CPU.Build.0 = Release|Any CPU
		{AE23E246-5CFB-46CD-84E6-377354B8BBAB}.Debug|Any CPU.ActiveCfg = Debug|Any CPU
		{AE23E246-5CFB-46CD-84E6-377354B8BBAB}.Debug|Any CPU.Build.0 = Debug|Any CPU
		{AE23E246-5CFB-46CD-84E6-377354B8BBAB}.Release|Any CPU.ActiveCfg = Release|Any CPU
		{AE23E246-5CFB-46CD-84E6-377354B8BBAB}.Release|Any CPU.Build.0 = Release|Any CPU
	EndGlobalSection
	GlobalSection(SolutionProperties) = preSolution
		HideSolutionNode = FALSE
	EndGlobalSection
	GlobalSection(NestedProjects) = preSolution
		{35E6FC4E-5271-4E98-A0C6-0B80560FB200} = {F8B19C2F-6F2E-4B36-8555-F368BC05D801}
		{0E7D84D1-8016-4F23-8D25-42B7C817F34E} = {F8B19C2F-6F2E-4B36-8555-F368BC05D801}
		{95C1261E-A23E-4FDB-8033-4E246C4CBDB3} = {F8B19C2F-6F2E-4B36-8555-F368BC05D801}
		{2925F70D-EB9B-40A2-B8B5-E99D9BCCEBE7} = {59F78162-DB80-43A3-A269-4E0C06AA5FD3}
		{B8770FFA-37AD-43D8-A5D7-E6C2C7C0F18A} = {59F78162-DB80-43A3-A269-4E0C06AA5FD3}
		{AE23E246-5CFB-46CD-84E6-377354B8BBAB} = {59F78162-DB80-43A3-A269-4E0C06AA5FD3}
	EndGlobalSection
EndGlobal
