Microsoft Visual Studio Solution File, Format Version 12.00
# Visual Studio Version 17
VisualStudioVersion = 17.0.31903.59
MinimumVisualStudioVersion = 10.0.40219.1
Project("{2150E333-8FDC-42A3-9474-1A3956D46DE8}") = "src", "src", "{C327BED5-09D2-4433-8D41-99D055B80D64}"
EndProject
Project("{2150E333-8FDC-42A3-9474-1A3956D46DE8}") = "tests", "tests", "{97347986-6DC9-42C2-9499-A86A2B2AF452}"
EndProject
Project("{2150E333-8FDC-42A3-9474-1A3956D46DE8}") = "Aspire", "Aspire", "{A1B2C3D4-E5F6-7890-ABCD-EF1234567890}"
EndProject
Project("{2150E333-8FDC-42A3-9474-1A3956D46DE8}") = "Identity", "Identity", "{B1B2C3D4-E5F6-7890-ABCD-EF1234567891}"
EndProject
Project("{2150E333-8FDC-42A3-9474-1A3956D46DE8}") = "Distractions", "Distractions", "{C1B2C3D4-E5F6-7890-ABCD-EF1234567892}"
EndProject
Project("{2150E333-8FDC-42A3-9474-1A3956D46DE8}") = "FocusSessions", "FocusSessions", "{D1B2C3D4-E5F6-7890-ABCD-EF1234567893}"
EndProject
Project("{2150E333-8FDC-42A3-9474-1A3956D46DE8}") = "SessionAnalytics", "SessionAnalytics", "{E1B2C3D4-E5F6-7890-ABCD-EF1234567894}"
EndProject
Project("{FAE04EC0-301F-11D3-BF4B-00C04F79EFBC}") = "FocusSessionTracker.Core", "src\FocusSessionTracker.Core\FocusSessionTracker.Core.csproj", "{61832CEE-32EF-4C05-8F97-7A067A536C44}"
EndProject
Project("{FAE04EC0-301F-11D3-BF4B-00C04F79EFBC}") = "FocusSessionTracker.Infrastructure", "src\FocusSessionTracker.Infrastructure\FocusSessionTracker.Infrastructure.csproj", "{9A67FF62-77F2-4A97-8822-F7ADB4807CCD}"
EndProject
Project("{FAE04EC0-301F-11D3-BF4B-00C04F79EFBC}") = "FocusSessionTracker.Api", "src\FocusSessionTracker.Api\FocusSessionTracker.Api.csproj", "{C351F722-3C7A-4CFA-9003-9E7B688BE6DD}"
EndProject
Project("{FAE04EC0-301F-11D3-BF4B-00C04F79EFBC}") = "FocusSessionTracker.Core.Tests", "tests\FocusSessionTracker.Core.Tests\FocusSessionTracker.Core.Tests.csproj", "{4A726B16-7F4A-4764-A4BA-2C510B532E1E}"
EndProject
Project("{FAE04EC0-301F-11D3-BF4B-00C04F79EFBC}") = "FocusSessionTracker.Infrastructure.Tests", "tests\FocusSessionTracker.Infrastructure.Tests\FocusSessionTracker.Infrastructure.Tests.csproj", "{450802E9-7327-49BD-8481-4403DFD72637}"
EndProject
Project("{FAE04EC0-301F-11D3-BF4B-00C04F79EFBC}") = "FocusSessionTracker.Api.Tests", "tests\FocusSessionTracker.Api.Tests\FocusSessionTracker.Api.Tests.csproj", "{7059FF2C-9575-4A68-ADE5-182BA88BE903}"
EndProject
Project("{FAE04EC0-301F-11D3-BF4B-00C04F79EFBC}") = "FocusSessionTracker.AppHost", "src\FocusSessionTracker.AppHost\FocusSessionTracker.AppHost.csproj", "{11111111-1111-1111-1111-111111111111}"
EndProject
Project("{FAE04EC0-301F-11D3-BF4B-00C04F79EFBC}") = "FocusSessionTracker.ServiceDefaults", "src\FocusSessionTracker.ServiceDefaults\FocusSessionTracker.ServiceDefaults.csproj", "{22222222-2222-2222-2222-222222222222}"
EndProject
Project("{FAE04EC0-301F-11D3-BF4B-00C04F79EFBC}") = "Messaging.Contracts", "src\Messaging.Contracts\Messaging.Contracts.csproj", "{33333333-3333-3333-3333-333333333333}"
EndProject
Project("{FAE04EC0-301F-11D3-BF4B-00C04F79EFBC}") = "Identity.Api", "src\Identity.Api\Identity.Api.csproj", "{44444444-4444-4444-4444-444444444444}"
EndProject
Project("{FAE04EC0-301F-11D3-BF4B-00C04F79EFBC}") = "Identity.Core", "src\Identity.Core\Identity.Core.csproj", "{55555555-5555-5555-5555-555555555555}"
EndProject
Project("{FAE04EC0-301F-11D3-BF4B-00C04F79EFBC}") = "Identity.Infrastructure", "src\Identity.Infrastructure\Identity.Infrastructure.csproj", "{66666666-6666-6666-6666-666666666666}"
EndProject
Project("{FAE04EC0-301F-11D3-BF4B-00C04F79EFBC}") = "Distractions.Api", "src\Distractions.Api\Distractions.Api.csproj", "{77777777-7777-7777-7777-777777777777}"
EndProject
Project("{FAE04EC0-301F-11D3-BF4B-00C04F79EFBC}") = "Distractions.Core", "src\Distractions.Core\Distractions.Core.csproj", "{88888888-8888-8888-8888-888888888888}"
EndProject
Project("{FAE04EC0-301F-11D3-BF4B-00C04F79EFBC}") = "Distractions.Infrastructure", "src\Distractions.Infrastructure\Distractions.Infrastructure.csproj", "{99999999-9999-9999-9999-999999999999}"
EndProject
Project("{FAE04EC0-301F-11D3-BF4B-00C04F79EFBC}") = "FocusSessions.Api", "src\FocusSessions.Api\FocusSessions.Api.csproj", "{AAAAAAAA-AAAA-AAAA-AAAA-AAAAAAAAAAAA}"
EndProject
Project("{FAE04EC0-301F-11D3-BF4B-00C04F79EFBC}") = "FocusSessions.Core", "src\FocusSessions.Core\FocusSessions.Core.csproj", "{BBBBBBBB-BBBB-BBBB-BBBB-BBBBBBBBBBBB}"
EndProject
Project("{FAE04EC0-301F-11D3-BF4B-00C04F79EFBC}") = "FocusSessions.Infrastructure", "src\FocusSessions.Infrastructure\FocusSessions.Infrastructure.csproj", "{CCCCCCCC-CCCC-CCCC-CCCC-CCCCCCCCCCCC}"
EndProject
Project("{FAE04EC0-301F-11D3-BF4B-00C04F79EFBC}") = "SessionAnalytics.Api", "src\SessionAnalytics.Api\SessionAnalytics.Api.csproj", "{DDDDDDDD-DDDD-DDDD-DDDD-DDDDDDDDDDDD}"
EndProject
Project("{FAE04EC0-301F-11D3-BF4B-00C04F79EFBC}") = "SessionAnalytics.Core", "src\SessionAnalytics.Core\SessionAnalytics.Core.csproj", "{EEEEEEEE-EEEE-EEEE-EEEE-EEEEEEEEEEEE}"
EndProject
Project("{FAE04EC0-301F-11D3-BF4B-00C04F79EFBC}") = "SessionAnalytics.Infrastructure", "src\SessionAnalytics.Infrastructure\SessionAnalytics.Infrastructure.csproj", "{FFFFFFFF-FFFF-FFFF-FFFF-FFFFFFFFFFFF}"
EndProject
Global
	GlobalSection(SolutionConfigurationPlatforms) = preSolution
		Debug|Any CPU = Debug|Any CPU
		Release|Any CPU = Release|Any CPU
	EndGlobalSection
	GlobalSection(ProjectConfigurationPlatforms) = postSolution
		{61832CEE-32EF-4C05-8F97-7A067A536C44}.Debug|Any CPU.ActiveCfg = Debug|Any CPU
		{61832CEE-32EF-4C05-8F97-7A067A536C44}.Debug|Any CPU.Build.0 = Debug|Any CPU
		{61832CEE-32EF-4C05-8F97-7A067A536C44}.Release|Any CPU.ActiveCfg = Release|Any CPU
		{61832CEE-32EF-4C05-8F97-7A067A536C44}.Release|Any CPU.Build.0 = Release|Any CPU
		{9A67FF62-77F2-4A97-8822-F7ADB4807CCD}.Debug|Any CPU.ActiveCfg = Debug|Any CPU
		{9A67FF62-77F2-4A97-8822-F7ADB4807CCD}.Debug|Any CPU.Build.0 = Debug|Any CPU
		{9A67FF62-77F2-4A97-8822-F7ADB4807CCD}.Release|Any CPU.ActiveCfg = Release|Any CPU
		{9A67FF62-77F2-4A97-8822-F7ADB4807CCD}.Release|Any CPU.Build.0 = Release|Any CPU
		{C351F722-3C7A-4CFA-9003-9E7B688BE6DD}.Debug|Any CPU.ActiveCfg = Debug|Any CPU
		{C351F722-3C7A-4CFA-9003-9E7B688BE6DD}.Debug|Any CPU.Build.0 = Debug|Any CPU
		{C351F722-3C7A-4CFA-9003-9E7B688BE6DD}.Release|Any CPU.ActiveCfg = Release|Any CPU
		{C351F722-3C7A-4CFA-9003-9E7B688BE6DD}.Release|Any CPU.Build.0 = Release|Any CPU
		{4A726B16-7F4A-4764-A4BA-2C510B532E1E}.Debug|Any CPU.ActiveCfg = Debug|Any CPU
		{4A726B16-7F4A-4764-A4BA-2C510B532E1E}.Debug|Any CPU.Build.0 = Debug|Any CPU
		{4A726B16-7F4A-4764-A4BA-2C510B532E1E}.Release|Any CPU.ActiveCfg = Release|Any CPU
		{4A726B16-7F4A-4764-A4BA-2C510B532E1E}.Release|Any CPU.Build.0 = Release|Any CPU
		{450802E9-7327-49BD-8481-4403DFD72637}.Debug|Any CPU.ActiveCfg = Debug|Any CPU
		{450802E9-7327-49BD-8481-4403DFD72637}.Debug|Any CPU.Build.0 = Debug|Any CPU
		{450802E9-7327-49BD-8481-4403DFD72637}.Release|Any CPU.ActiveCfg = Release|Any CPU
		{450802E9-7327-49BD-8481-4403DFD72637}.Release|Any CPU.Build.0 = Release|Any CPU
		{7059FF2C-9575-4A68-ADE5-182BA88BE903}.Debug|Any CPU.ActiveCfg = Debug|Any CPU
		{7059FF2C-9575-4A68-ADE5-182BA88BE903}.Debug|Any CPU.Build.0 = Debug|Any CPU
		{7059FF2C-9575-4A68-ADE5-182BA88BE903}.Release|Any CPU.ActiveCfg = Release|Any CPU
		{7059FF2C-9575-4A68-ADE5-182BA88BE903}.Release|Any CPU.Build.0 = Release|Any CPU
		{11111111-1111-1111-1111-111111111111}.Debug|Any CPU.ActiveCfg = Debug|Any CPU
		{11111111-1111-1111-1111-111111111111}.Debug|Any CPU.Build.0 = Debug|Any CPU
		{11111111-1111-1111-1111-111111111111}.Release|Any CPU.ActiveCfg = Release|Any CPU
		{11111111-1111-1111-1111-111111111111}.Release|Any CPU.Build.0 = Release|Any CPU
		{22222222-2222-2222-2222-222222222222}.Debug|Any CPU.ActiveCfg = Debug|Any CPU
		{22222222-2222-2222-2222-222222222222}.Debug|Any CPU.Build.0 = Debug|Any CPU
		{22222222-2222-2222-2222-222222222222}.Release|Any CPU.ActiveCfg = Release|Any CPU
		{22222222-2222-2222-2222-222222222222}.Release|Any CPU.Build.0 = Release|Any CPU
		{33333333-3333-3333-3333-333333333333}.Debug|Any CPU.ActiveCfg = Debug|Any CPU
		{33333333-3333-3333-3333-333333333333}.Debug|Any CPU.Build.0 = Debug|Any CPU
		{33333333-3333-3333-3333-333333333333}.Release|Any CPU.ActiveCfg = Release|Any CPU
		{33333333-3333-3333-3333-333333333333}.Release|Any CPU.Build.0 = Release|Any CPU
		{44444444-4444-4444-4444-444444444444}.Debug|Any CPU.ActiveCfg = Debug|Any CPU
		{44444444-4444-4444-4444-444444444444}.Debug|Any CPU.Build.0 = Debug|Any CPU
		{44444444-4444-4444-4444-444444444444}.Release|Any CPU.ActiveCfg = Release|Any CPU
		{44444444-4444-4444-4444-444444444444}.Release|Any CPU.Build.0 = Release|Any CPU
		{55555555-5555-5555-5555-555555555555}.Debug|Any CPU.ActiveCfg = Debug|Any CPU
		{55555555-5555-5555-5555-555555555555}.Debug|Any CPU.Build.0 = Debug|Any CPU
		{55555555-5555-5555-5555-555555555555}.Release|Any CPU.ActiveCfg = Release|Any CPU
		{55555555-5555-5555-5555-555555555555}.Release|Any CPU.Build.0 = Release|Any CPU
		{66666666-6666-6666-6666-666666666666}.Debug|Any CPU.ActiveCfg = Debug|Any CPU
		{66666666-6666-6666-6666-666666666666}.Debug|Any CPU.Build.0 = Debug|Any CPU
		{66666666-6666-6666-6666-666666666666}.Release|Any CPU.ActiveCfg = Release|Any CPU
		{66666666-6666-6666-6666-666666666666}.Release|Any CPU.Build.0 = Release|Any CPU
		{77777777-7777-7777-7777-777777777777}.Debug|Any CPU.ActiveCfg = Debug|Any CPU
		{77777777-7777-7777-7777-777777777777}.Debug|Any CPU.Build.0 = Debug|Any CPU
		{77777777-7777-7777-7777-777777777777}.Release|Any CPU.ActiveCfg = Release|Any CPU
		{77777777-7777-7777-7777-777777777777}.Release|Any CPU.Build.0 = Release|Any CPU
		{88888888-8888-8888-8888-888888888888}.Debug|Any CPU.ActiveCfg = Debug|Any CPU
		{88888888-8888-8888-8888-888888888888}.Debug|Any CPU.Build.0 = Debug|Any CPU
		{88888888-8888-8888-8888-888888888888}.Release|Any CPU.ActiveCfg = Release|Any CPU
		{88888888-8888-8888-8888-888888888888}.Release|Any CPU.Build.0 = Release|Any CPU
		{99999999-9999-9999-9999-999999999999}.Debug|Any CPU.ActiveCfg = Debug|Any CPU
		{99999999-9999-9999-9999-999999999999}.Debug|Any CPU.Build.0 = Debug|Any CPU
		{99999999-9999-9999-9999-999999999999}.Release|Any CPU.ActiveCfg = Release|Any CPU
		{99999999-9999-9999-9999-999999999999}.Release|Any CPU.Build.0 = Release|Any CPU
		{AAAAAAAA-AAAA-AAAA-AAAA-AAAAAAAAAAAA}.Debug|Any CPU.ActiveCfg = Debug|Any CPU
		{AAAAAAAA-AAAA-AAAA-AAAA-AAAAAAAAAAAA}.Debug|Any CPU.Build.0 = Debug|Any CPU
		{AAAAAAAA-AAAA-AAAA-AAAA-AAAAAAAAAAAA}.Release|Any CPU.ActiveCfg = Release|Any CPU
		{AAAAAAAA-AAAA-AAAA-AAAA-AAAAAAAAAAAA}.Release|Any CPU.Build.0 = Release|Any CPU
		{BBBBBBBB-BBBB-BBBB-BBBB-BBBBBBBBBBBB}.Debug|Any CPU.ActiveCfg = Debug|Any CPU
		{BBBBBBBB-BBBB-BBBB-BBBB-BBBBBBBBBBBB}.Debug|Any CPU.Build.0 = Debug|Any CPU
		{BBBBBBBB-BBBB-BBBB-BBBB-BBBBBBBBBBBB}.Release|Any CPU.ActiveCfg = Release|Any CPU
		{BBBBBBBB-BBBB-BBBB-BBBB-BBBBBBBBBBBB}.Release|Any CPU.Build.0 = Release|Any CPU
		{CCCCCCCC-CCCC-CCCC-CCCC-CCCCCCCCCCCC}.Debug|Any CPU.ActiveCfg = Debug|Any CPU
		{CCCCCCCC-CCCC-CCCC-CCCC-CCCCCCCCCCCC}.Debug|Any CPU.Build.0 = Debug|Any CPU
		{CCCCCCCC-CCCC-CCCC-CCCC-CCCCCCCCCCCC}.Release|Any CPU.ActiveCfg = Release|Any CPU
		{CCCCCCCC-CCCC-CCCC-CCCC-CCCCCCCCCCCC}.Release|Any CPU.Build.0 = Release|Any CPU
		{DDDDDDDD-DDDD-DDDD-DDDD-DDDDDDDDDDDD}.Debug|Any CPU.ActiveCfg = Debug|Any CPU
		{DDDDDDDD-DDDD-DDDD-DDDD-DDDDDDDDDDDD}.Debug|Any CPU.Build.0 = Debug|Any CPU
		{DDDDDDDD-DDDD-DDDD-DDDD-DDDDDDDDDDDD}.Release|Any CPU.ActiveCfg = Release|Any CPU
		{DDDDDDDD-DDDD-DDDD-DDDD-DDDDDDDDDDDD}.Release|Any CPU.Build.0 = Release|Any CPU
		{EEEEEEEE-EEEE-EEEE-EEEE-EEEEEEEEEEEE}.Debug|Any CPU.ActiveCfg = Debug|Any CPU
		{EEEEEEEE-EEEE-EEEE-EEEE-EEEEEEEEEEEE}.Debug|Any CPU.Build.0 = Debug|Any CPU
		{EEEEEEEE-EEEE-EEEE-EEEE-EEEEEEEEEEEE}.Release|Any CPU.ActiveCfg = Release|Any CPU
		{EEEEEEEE-EEEE-EEEE-EEEE-EEEEEEEEEEEE}.Release|Any CPU.Build.0 = Release|Any CPU
		{FFFFFFFF-FFFF-FFFF-FFFF-FFFFFFFFFFFF}.Debug|Any CPU.ActiveCfg = Debug|Any CPU
		{FFFFFFFF-FFFF-FFFF-FFFF-FFFFFFFFFFFF}.Debug|Any CPU.Build.0 = Debug|Any CPU
		{FFFFFFFF-FFFF-FFFF-FFFF-FFFFFFFFFFFF}.Release|Any CPU.ActiveCfg = Release|Any CPU
		{FFFFFFFF-FFFF-FFFF-FFFF-FFFFFFFFFFFF}.Release|Any CPU.Build.0 = Release|Any CPU
	EndGlobalSection
	GlobalSection(SolutionProperties) = preSolution
		HideSolutionNode = FALSE
	EndGlobalSection
	GlobalSection(NestedProjects) = preSolution
		{61832CEE-32EF-4C05-8F97-7A067A536C44} = {C327BED5-09D2-4433-8D41-99D055B80D64}
		{9A67FF62-77F2-4A97-8822-F7ADB4807CCD} = {C327BED5-09D2-4433-8D41-99D055B80D64}
		{C351F722-3C7A-4CFA-9003-9E7B688BE6DD} = {C327BED5-09D2-4433-8D41-99D055B80D64}
		{4A726B16-7F4A-4764-A4BA-2C510B532E1E} = {97347986-6DC9-42C2-9499-A86A2B2AF452}
		{450802E9-7327-49BD-8481-4403DFD72637} = {97347986-6DC9-42C2-9499-A86A2B2AF452}
		{7059FF2C-9575-4A68-ADE5-182BA88BE903} = {97347986-6DC9-42C2-9499-A86A2B2AF452}
		{11111111-1111-1111-1111-111111111111} = {A1B2C3D4-E5F6-7890-ABCD-EF1234567890}
		{22222222-2222-2222-2222-222222222222} = {A1B2C3D4-E5F6-7890-ABCD-EF1234567890}
		{33333333-3333-3333-3333-333333333333} = {C327BED5-09D2-4433-8D41-99D055B80D64}
		{44444444-4444-4444-4444-444444444444} = {B1B2C3D4-E5F6-7890-ABCD-EF1234567891}
		{55555555-5555-5555-5555-555555555555} = {B1B2C3D4-E5F6-7890-ABCD-EF1234567891}
		{66666666-6666-6666-6666-666666666666} = {B1B2C3D4-E5F6-7890-ABCD-EF1234567891}
		{77777777-7777-7777-7777-777777777777} = {C1B2C3D4-E5F6-7890-ABCD-EF1234567892}
		{88888888-8888-8888-8888-888888888888} = {C1B2C3D4-E5F6-7890-ABCD-EF1234567892}
		{99999999-9999-9999-9999-999999999999} = {C1B2C3D4-E5F6-7890-ABCD-EF1234567892}
		{AAAAAAAA-AAAA-AAAA-AAAA-AAAAAAAAAAAA} = {D1B2C3D4-E5F6-7890-ABCD-EF1234567893}
		{BBBBBBBB-BBBB-BBBB-BBBB-BBBBBBBBBBBB} = {D1B2C3D4-E5F6-7890-ABCD-EF1234567893}
		{CCCCCCCC-CCCC-CCCC-CCCC-CCCCCCCCCCCC} = {D1B2C3D4-E5F6-7890-ABCD-EF1234567893}
		{DDDDDDDD-DDDD-DDDD-DDDD-DDDDDDDDDDDD} = {E1B2C3D4-E5F6-7890-ABCD-EF1234567894}
		{EEEEEEEE-EEEE-EEEE-EEEE-EEEEEEEEEEEE} = {E1B2C3D4-E5F6-7890-ABCD-EF1234567894}
		{FFFFFFFF-FFFF-FFFF-FFFF-FFFFFFFFFFFF} = {E1B2C3D4-E5F6-7890-ABCD-EF1234567894}
	EndGlobalSection
EndGlobal
