Microsoft Visual Studio Solution File, Format Version 12.00
# Visual Studio Version 17
VisualStudioVersion = 17.0.31903.59
MinimumVisualStudioVersion = 10.0.40219.1
Project("{2150E333-8FDC-42A3-9474-1A3956D46DE8}") = "src", "src", "{A6D00103-E86C-4B60-AB92-6EFD8C7DA379}"
EndProject
Project("{2150E333-8FDC-42A3-9474-1A3956D46DE8}") = "tests", "tests", "{607A88CF-63A2-4979-81C0-450928EED865}"
EndProject
Project("{FAE04EC0-301F-11D3-BF4B-00C04F79EFBC}") = "BillPaymentScheduler.Core", "src\BillPaymentScheduler.Core\BillPaymentScheduler.Core.csproj", "{C20044CA-2AF5-426B-8AA6-83B9ACF2DEE0}"
EndProject
Project("{FAE04EC0-301F-11D3-BF4B-00C04F79EFBC}") = "BillPaymentScheduler.Infrastructure", "src\BillPaymentScheduler.Infrastructure\BillPaymentScheduler.Infrastructure.csproj", "{1F0E4D87-A1DD-4D68-BC32-C28044674213}"
EndProject
Project("{FAE04EC0-301F-11D3-BF4B-00C04F79EFBC}") = "BillPaymentScheduler.Api", "src\BillPaymentScheduler.Api\BillPaymentScheduler.Api.csproj", "{656638B2-605A-47F5-ACE3-12CC101443D0}"
EndProject
Project("{FAE04EC0-301F-11D3-BF4B-00C04F79EFBC}") = "BillPaymentScheduler.Core.Tests", "tests\BillPaymentScheduler.Core.Tests\BillPaymentScheduler.Core.Tests.csproj", "{D1BFADE0-E1F0-4B1C-8B55-2470523E04B9}"
EndProject
Project("{FAE04EC0-301F-11D3-BF4B-00C04F79EFBC}") = "BillPaymentScheduler.Infrastructure.Tests", "tests\BillPaymentScheduler.Infrastructure.Tests\BillPaymentScheduler.Infrastructure.Tests.csproj", "{2ACDBE5A-DFAA-4312-A5AC-40CA176458CF}"
EndProject
Project("{FAE04EC0-301F-11D3-BF4B-00C04F79EFBC}") = "BillPaymentScheduler.Api.Tests", "tests\BillPaymentScheduler.Api.Tests\BillPaymentScheduler.Api.Tests.csproj", "{CE35DC71-5B5B-488E-9853-37CE21E9E826}"
EndProject
Global
	GlobalSection(SolutionConfigurationPlatforms) = preSolution
		Debug|Any CPU = Debug|Any CPU
		Release|Any CPU = Release|Any CPU
	EndGlobalSection
	GlobalSection(ProjectConfigurationPlatforms) = postSolution
		{C20044CA-2AF5-426B-8AA6-83B9ACF2DEE0}.Debug|Any CPU.ActiveCfg = Debug|Any CPU
		{C20044CA-2AF5-426B-8AA6-83B9ACF2DEE0}.Debug|Any CPU.Build.0 = Debug|Any CPU
		{C20044CA-2AF5-426B-8AA6-83B9ACF2DEE0}.Release|Any CPU.ActiveCfg = Release|Any CPU
		{C20044CA-2AF5-426B-8AA6-83B9ACF2DEE0}.Release|Any CPU.Build.0 = Release|Any CPU
		{1F0E4D87-A1DD-4D68-BC32-C28044674213}.Debug|Any CPU.ActiveCfg = Debug|Any CPU
		{1F0E4D87-A1DD-4D68-BC32-C28044674213}.Debug|Any CPU.Build.0 = Debug|Any CPU
		{1F0E4D87-A1DD-4D68-BC32-C28044674213}.Release|Any CPU.ActiveCfg = Release|Any CPU
		{1F0E4D87-A1DD-4D68-BC32-C28044674213}.Release|Any CPU.Build.0 = Release|Any CPU
		{656638B2-605A-47F5-ACE3-12CC101443D0}.Debug|Any CPU.ActiveCfg = Debug|Any CPU
		{656638B2-605A-47F5-ACE3-12CC101443D0}.Debug|Any CPU.Build.0 = Debug|Any CPU
		{656638B2-605A-47F5-ACE3-12CC101443D0}.Release|Any CPU.ActiveCfg = Release|Any CPU
		{656638B2-605A-47F5-ACE3-12CC101443D0}.Release|Any CPU.Build.0 = Release|Any CPU
		{D1BFADE0-E1F0-4B1C-8B55-2470523E04B9}.Debug|Any CPU.ActiveCfg = Debug|Any CPU
		{D1BFADE0-E1F0-4B1C-8B55-2470523E04B9}.Debug|Any CPU.Build.0 = Debug|Any CPU
		{D1BFADE0-E1F0-4B1C-8B55-2470523E04B9}.Release|Any CPU.ActiveCfg = Release|Any CPU
		{D1BFADE0-E1F0-4B1C-8B55-2470523E04B9}.Release|Any CPU.Build.0 = Release|Any CPU
		{2ACDBE5A-DFAA-4312-A5AC-40CA176458CF}.Debug|Any CPU.ActiveCfg = Debug|Any CPU
		{2ACDBE5A-DFAA-4312-A5AC-40CA176458CF}.Debug|Any CPU.Build.0 = Debug|Any CPU
		{2ACDBE5A-DFAA-4312-A5AC-40CA176458CF}.Release|Any CPU.ActiveCfg = Release|Any CPU
		{2ACDBE5A-DFAA-4312-A5AC-40CA176458CF}.Release|Any CPU.Build.0 = Release|Any CPU
		{CE35DC71-5B5B-488E-9853-37CE21E9E826}.Debug|Any CPU.ActiveCfg = Debug|Any CPU
		{CE35DC71-5B5B-488E-9853-37CE21E9E826}.Debug|Any CPU.Build.0 = Debug|Any CPU
		{CE35DC71-5B5B-488E-9853-37CE21E9E826}.Release|Any CPU.ActiveCfg = Release|Any CPU
		{CE35DC71-5B5B-488E-9853-37CE21E9E826}.Release|Any CPU.Build.0 = Release|Any CPU
	EndGlobalSection
	GlobalSection(SolutionProperties) = preSolution
		HideSolutionNode = FALSE
	EndGlobalSection
	GlobalSection(NestedProjects) = preSolution
		{C20044CA-2AF5-426B-8AA6-83B9ACF2DEE0} = {A6D00103-E86C-4B60-AB92-6EFD8C7DA379}
		{1F0E4D87-A1DD-4D68-BC32-C28044674213} = {A6D00103-E86C-4B60-AB92-6EFD8C7DA379}
		{656638B2-605A-47F5-ACE3-12CC101443D0} = {A6D00103-E86C-4B60-AB92-6EFD8C7DA379}
		{D1BFADE0-E1F0-4B1C-8B55-2470523E04B9} = {607A88CF-63A2-4979-81C0-450928EED865}
		{2ACDBE5A-DFAA-4312-A5AC-40CA176458CF} = {607A88CF-63A2-4979-81C0-450928EED865}
		{CE35DC71-5B5B-488E-9853-37CE21E9E826} = {607A88CF-63A2-4979-81C0-450928EED865}
	EndGlobalSection
EndGlobal
