Microsoft Visual Studio Solution File, Format Version 12.00
# Visual Studio Version 17
VisualStudioVersion = 17.0.31903.59
MinimumVisualStudioVersion = 10.0.40219.1
Project("{2150E333-8FDC-42A3-9474-1A3956D46DE8}") = "src", "src", "{6FEF7D5B-31AF-415A-9EC8-56402DCD1E85}"
EndProject
Project("{2150E333-8FDC-42A3-9474-1A3956D46DE8}") = "tests", "tests", "{8FF8217C-8BCB-4C1A-BD61-A03DBEFCD49A}"
EndProject
Project("{FAE04EC0-301F-11D3-BF4B-00C04F79EFBC}") = "PersonalMissionStatementBuilder.Core", "src\PersonalMissionStatementBuilder.Core\PersonalMissionStatementBuilder.Core.csproj", "{89B3B46C-6354-466A-965C-2CE6EFD42579}"
EndProject
Project("{FAE04EC0-301F-11D3-BF4B-00C04F79EFBC}") = "PersonalMissionStatementBuilder.Infrastructure", "src\PersonalMissionStatementBuilder.Infrastructure\PersonalMissionStatementBuilder.Infrastructure.csproj", "{DD4D8896-8481-4590-99FB-995F4BA03EBB}"
EndProject
Project("{FAE04EC0-301F-11D3-BF4B-00C04F79EFBC}") = "PersonalMissionStatementBuilder.Api", "src\PersonalMissionStatementBuilder.Api\PersonalMissionStatementBuilder.Api.csproj", "{DA5161E9-FE79-4FC8-8E9D-7591C897BD70}"
EndProject
Project("{FAE04EC0-301F-11D3-BF4B-00C04F79EFBC}") = "PersonalMissionStatementBuilder.Core.Tests", "tests\PersonalMissionStatementBuilder.Core.Tests\PersonalMissionStatementBuilder.Core.Tests.csproj", "{1C897371-FEE8-41CE-82C8-89472B05C43B}"
EndProject
Project("{FAE04EC0-301F-11D3-BF4B-00C04F79EFBC}") = "PersonalMissionStatementBuilder.Infrastructure.Tests", "tests\PersonalMissionStatementBuilder.Infrastructure.Tests\PersonalMissionStatementBuilder.Infrastructure.Tests.csproj", "{2070542B-C2DE-4AE8-84FA-A77734D48C76}"
EndProject
Project("{FAE04EC0-301F-11D3-BF4B-00C04F79EFBC}") = "PersonalMissionStatementBuilder.Api.Tests", "tests\PersonalMissionStatementBuilder.Api.Tests\PersonalMissionStatementBuilder.Api.Tests.csproj", "{2DCB58EA-3ACB-4687-A916-B3C8FB364359}"
EndProject
Global
	GlobalSection(SolutionConfigurationPlatforms) = preSolution
		Debug|Any CPU = Debug|Any CPU
		Release|Any CPU = Release|Any CPU
	EndGlobalSection
	GlobalSection(ProjectConfigurationPlatforms) = postSolution
		{89B3B46C-6354-466A-965C-2CE6EFD42579}.Debug|Any CPU.ActiveCfg = Debug|Any CPU
		{89B3B46C-6354-466A-965C-2CE6EFD42579}.Debug|Any CPU.Build.0 = Debug|Any CPU
		{89B3B46C-6354-466A-965C-2CE6EFD42579}.Release|Any CPU.ActiveCfg = Release|Any CPU
		{89B3B46C-6354-466A-965C-2CE6EFD42579}.Release|Any CPU.Build.0 = Release|Any CPU
		{DD4D8896-8481-4590-99FB-995F4BA03EBB}.Debug|Any CPU.ActiveCfg = Debug|Any CPU
		{DD4D8896-8481-4590-99FB-995F4BA03EBB}.Debug|Any CPU.Build.0 = Debug|Any CPU
		{DD4D8896-8481-4590-99FB-995F4BA03EBB}.Release|Any CPU.ActiveCfg = Release|Any CPU
		{DD4D8896-8481-4590-99FB-995F4BA03EBB}.Release|Any CPU.Build.0 = Release|Any CPU
		{DA5161E9-FE79-4FC8-8E9D-7591C897BD70}.Debug|Any CPU.ActiveCfg = Debug|Any CPU
		{DA5161E9-FE79-4FC8-8E9D-7591C897BD70}.Debug|Any CPU.Build.0 = Debug|Any CPU
		{DA5161E9-FE79-4FC8-8E9D-7591C897BD70}.Release|Any CPU.ActiveCfg = Release|Any CPU
		{DA5161E9-FE79-4FC8-8E9D-7591C897BD70}.Release|Any CPU.Build.0 = Release|Any CPU
		{1C897371-FEE8-41CE-82C8-89472B05C43B}.Debug|Any CPU.ActiveCfg = Debug|Any CPU
		{1C897371-FEE8-41CE-82C8-89472B05C43B}.Debug|Any CPU.Build.0 = Debug|Any CPU
		{1C897371-FEE8-41CE-82C8-89472B05C43B}.Release|Any CPU.ActiveCfg = Release|Any CPU
		{1C897371-FEE8-41CE-82C8-89472B05C43B}.Release|Any CPU.Build.0 = Release|Any CPU
		{2070542B-C2DE-4AE8-84FA-A77734D48C76}.Debug|Any CPU.ActiveCfg = Debug|Any CPU
		{2070542B-C2DE-4AE8-84FA-A77734D48C76}.Debug|Any CPU.Build.0 = Debug|Any CPU
		{2070542B-C2DE-4AE8-84FA-A77734D48C76}.Release|Any CPU.ActiveCfg = Release|Any CPU
		{2070542B-C2DE-4AE8-84FA-A77734D48C76}.Release|Any CPU.Build.0 = Release|Any CPU
		{2DCB58EA-3ACB-4687-A916-B3C8FB364359}.Debug|Any CPU.ActiveCfg = Debug|Any CPU
		{2DCB58EA-3ACB-4687-A916-B3C8FB364359}.Debug|Any CPU.Build.0 = Debug|Any CPU
		{2DCB58EA-3ACB-4687-A916-B3C8FB364359}.Release|Any CPU.ActiveCfg = Release|Any CPU
		{2DCB58EA-3ACB-4687-A916-B3C8FB364359}.Release|Any CPU.Build.0 = Release|Any CPU
	EndGlobalSection
	GlobalSection(SolutionProperties) = preSolution
		HideSolutionNode = FALSE
	EndGlobalSection
	GlobalSection(NestedProjects) = preSolution
		{89B3B46C-6354-466A-965C-2CE6EFD42579} = {6FEF7D5B-31AF-415A-9EC8-56402DCD1E85}
		{DD4D8896-8481-4590-99FB-995F4BA03EBB} = {6FEF7D5B-31AF-415A-9EC8-56402DCD1E85}
		{DA5161E9-FE79-4FC8-8E9D-7591C897BD70} = {6FEF7D5B-31AF-415A-9EC8-56402DCD1E85}
		{1C897371-FEE8-41CE-82C8-89472B05C43B} = {8FF8217C-8BCB-4C1A-BD61-A03DBEFCD49A}
		{2070542B-C2DE-4AE8-84FA-A77734D48C76} = {8FF8217C-8BCB-4C1A-BD61-A03DBEFCD49A}
		{2DCB58EA-3ACB-4687-A916-B3C8FB364359} = {8FF8217C-8BCB-4C1A-BD61-A03DBEFCD49A}
	EndGlobalSection
EndGlobal
