Microsoft Visual Studio Solution File, Format Version 12.00
# Visual Studio Version 17
VisualStudioVersion = 17.0.31903.59
MinimumVisualStudioVersion = 10.0.40219.1
Project("{2150E333-8FDC-42A3-9474-1A3956D46DE8}") = "src", "src", "{01D37984-C785-48BA-846F-3BCBC181EEB7}"
EndProject
Project("{2150E333-8FDC-42A3-9474-1A3956D46DE8}") = "tests", "tests", "{7671C350-C959-4384-880F-9AB253A20588}"
EndProject
Project("{2150E333-8FDC-42A3-9474-1A3956D46DE8}") = "Aspire", "Aspire", "{A1B2C3D4-E5F6-7890-ABCD-EF1234567890}"
EndProject
Project("{2150E333-8FDC-42A3-9474-1A3956D46DE8}") = "Identity", "Identity", "{B1B2C3D4-E5F6-7890-ABCD-EF1234567891}"
EndProject
Project("{2150E333-8FDC-42A3-9474-1A3956D46DE8}") = "Donations", "Donations", "{C1B2C3D4-E5F6-7890-ABCD-EF1234567892}"
EndProject
Project("{2150E333-8FDC-42A3-9474-1A3956D46DE8}") = "Organizations", "Organizations", "{D1B2C3D4-E5F6-7890-ABCD-EF1234567893}"
EndProject
Project("{2150E333-8FDC-42A3-9474-1A3956D46DE8}") = "TaxReports", "TaxReports", "{E1B2C3D4-E5F6-7890-ABCD-EF1234567894}"
EndProject
Project("{FAE04EC0-301F-11D3-BF4B-00C04F79EFBC}") = "CharitableGivingTracker.AppHost", "src\CharitableGivingTracker.AppHost\CharitableGivingTracker.AppHost.csproj", "{11111111-1111-1111-1111-111111111111}"
EndProject
Project("{FAE04EC0-301F-11D3-BF4B-00C04F79EFBC}") = "CharitableGivingTracker.ServiceDefaults", "src\CharitableGivingTracker.ServiceDefaults\CharitableGivingTracker.ServiceDefaults.csproj", "{22222222-2222-2222-2222-222222222222}"
EndProject
Project("{FAE04EC0-301F-11D3-BF4B-00C04F79EFBC}") = "Messaging.Contracts", "src\Messaging.Contracts\Messaging.Contracts.csproj", "{33333333-3333-3333-3333-333333333333}"
EndProject
Project("{FAE04EC0-301F-11D3-BF4B-00C04F79EFBC}") = "Identity.Api", "src\Identity.Api\Identity.Api.csproj", "{44444444-4444-4444-4444-444444444444}"
EndProject
Project("{FAE04EC0-301F-11D3-BF4B-00C04F79EFBC}") = "Identity.Core", "src\Identity.Core\Identity.Core.csproj", "{55555555-5555-5555-5555-555555555555}"
EndProject
Project("{FAE04EC0-301F-11D3-BF4B-00C04F79EFBC}") = "Identity.Infrastructure", "src\Identity.Infrastructure\Identity.Infrastructure.csproj", "{66666666-6666-6666-6666-666666666666}"
EndProject
Project("{FAE04EC0-301F-11D3-BF4B-00C04F79EFBC}") = "Donations.Api", "src\Donations.Api\Donations.Api.csproj", "{77777777-7777-7777-7777-777777777777}"
EndProject
Project("{FAE04EC0-301F-11D3-BF4B-00C04F79EFBC}") = "Donations.Core", "src\Donations.Core\Donations.Core.csproj", "{88888888-8888-8888-8888-888888888888}"
EndProject
Project("{FAE04EC0-301F-11D3-BF4B-00C04F79EFBC}") = "Donations.Infrastructure", "src\Donations.Infrastructure\Donations.Infrastructure.csproj", "{99999999-9999-9999-9999-999999999999}"
EndProject
Project("{FAE04EC0-301F-11D3-BF4B-00C04F79EFBC}") = "Organizations.Api", "src\Organizations.Api\Organizations.Api.csproj", "{AAAAAAAA-AAAA-AAAA-AAAA-AAAAAAAAAAAA}"
EndProject
Project("{FAE04EC0-301F-11D3-BF4B-00C04F79EFBC}") = "Organizations.Core", "src\Organizations.Core\Organizations.Core.csproj", "{BBBBBBBB-BBBB-BBBB-BBBB-BBBBBBBBBBBB}"
EndProject
Project("{FAE04EC0-301F-11D3-BF4B-00C04F79EFBC}") = "Organizations.Infrastructure", "src\Organizations.Infrastructure\Organizations.Infrastructure.csproj", "{CCCCCCCC-CCCC-CCCC-CCCC-CCCCCCCCCCCC}"
EndProject
Project("{FAE04EC0-301F-11D3-BF4B-00C04F79EFBC}") = "TaxReports.Api", "src\TaxReports.Api\TaxReports.Api.csproj", "{DDDDDDDD-DDDD-DDDD-DDDD-DDDDDDDDDDDD}"
EndProject
Project("{FAE04EC0-301F-11D3-BF4B-00C04F79EFBC}") = "TaxReports.Core", "src\TaxReports.Core\TaxReports.Core.csproj", "{EEEEEEEE-EEEE-EEEE-EEEE-EEEEEEEEEEEE}"
EndProject
Project("{FAE04EC0-301F-11D3-BF4B-00C04F79EFBC}") = "TaxReports.Infrastructure", "src\TaxReports.Infrastructure\TaxReports.Infrastructure.csproj", "{FFFFFFFF-FFFF-FFFF-FFFF-FFFFFFFFFFFF}"
EndProject
Project("{FAE04EC0-301F-11D3-BF4B-00C04F79EFBC}") = "CharitableGivingTracker.Core", "src\CharitableGivingTracker.Core\CharitableGivingTracker.Core.csproj", "{1C393DB4-8ED1-4A72-AE78-947A9A253D34}"
EndProject
Project("{FAE04EC0-301F-11D3-BF4B-00C04F79EFBC}") = "CharitableGivingTracker.Infrastructure", "src\CharitableGivingTracker.Infrastructure\CharitableGivingTracker.Infrastructure.csproj", "{7E7E423F-9DD9-4F5F-B9F4-0E8EC7284091}"
EndProject
Project("{FAE04EC0-301F-11D3-BF4B-00C04F79EFBC}") = "CharitableGivingTracker.Api", "src\CharitableGivingTracker.Api\CharitableGivingTracker.Api.csproj", "{7AED645B-7ECE-4407-8B4A-98D51C4D5F9E}"
EndProject
Project("{FAE04EC0-301F-11D3-BF4B-00C04F79EFBC}") = "CharitableGivingTracker.Core.Tests", "tests\CharitableGivingTracker.Core.Tests\CharitableGivingTracker.Core.Tests.csproj", "{6AD49285-AC8C-4808-AC8D-F6D70E71EA5D}"
EndProject
Project("{FAE04EC0-301F-11D3-BF4B-00C04F79EFBC}") = "CharitableGivingTracker.Infrastructure.Tests", "tests\CharitableGivingTracker.Infrastructure.Tests\CharitableGivingTracker.Infrastructure.Tests.csproj", "{E43F3F14-34D0-4974-817D-C72D9FDF4456}"
EndProject
Project("{FAE04EC0-301F-11D3-BF4B-00C04F79EFBC}") = "CharitableGivingTracker.Api.Tests", "tests\CharitableGivingTracker.Api.Tests\CharitableGivingTracker.Api.Tests.csproj", "{A6B5370D-E0E1-407E-AAF6-91E92BC9F7C8}"
EndProject
Global
	GlobalSection(SolutionConfigurationPlatforms) = preSolution
		Debug|Any CPU = Debug|Any CPU
		Release|Any CPU = Release|Any CPU
	EndGlobalSection
	GlobalSection(ProjectConfigurationPlatforms) = postSolution
		{11111111-1111-1111-1111-111111111111}.Debug|Any CPU.ActiveCfg = Debug|Any CPU
		{11111111-1111-1111-1111-111111111111}.Debug|Any CPU.Build.0 = Debug|Any CPU
		{11111111-1111-1111-1111-111111111111}.Release|Any CPU.ActiveCfg = Release|Any CPU
		{11111111-1111-1111-1111-111111111111}.Release|Any CPU.Build.0 = Release|Any CPU
		{22222222-2222-2222-2222-222222222222}.Debug|Any CPU.ActiveCfg = Debug|Any CPU
		{22222222-2222-2222-2222-222222222222}.Debug|Any CPU.Build.0 = Debug|Any CPU
		{22222222-2222-2222-2222-222222222222}.Release|Any CPU.ActiveCfg = Release|Any CPU
		{22222222-2222-2222-2222-222222222222}.Release|Any CPU.Build.0 = Release|Any CPU
		{33333333-3333-3333-3333-333333333333}.Debug|Any CPU.ActiveCfg = Debug|Any CPU
		{33333333-3333-3333-3333-333333333333}.Debug|Any CPU.Build.0 = Debug|Any CPU
		{33333333-3333-3333-3333-333333333333}.Release|Any CPU.ActiveCfg = Release|Any CPU
		{33333333-3333-3333-3333-333333333333}.Release|Any CPU.Build.0 = Release|Any CPU
		{44444444-4444-4444-4444-444444444444}.Debug|Any CPU.ActiveCfg = Debug|Any CPU
		{44444444-4444-4444-4444-444444444444}.Debug|Any CPU.Build.0 = Debug|Any CPU
		{44444444-4444-4444-4444-444444444444}.Release|Any CPU.ActiveCfg = Release|Any CPU
		{44444444-4444-4444-4444-444444444444}.Release|Any CPU.Build.0 = Release|Any CPU
		{55555555-5555-5555-5555-555555555555}.Debug|Any CPU.ActiveCfg = Debug|Any CPU
		{55555555-5555-5555-5555-555555555555}.Debug|Any CPU.Build.0 = Debug|Any CPU
		{55555555-5555-5555-5555-555555555555}.Release|Any CPU.ActiveCfg = Release|Any CPU
		{55555555-5555-5555-5555-555555555555}.Release|Any CPU.Build.0 = Release|Any CPU
		{66666666-6666-6666-6666-666666666666}.Debug|Any CPU.ActiveCfg = Debug|Any CPU
		{66666666-6666-6666-6666-666666666666}.Debug|Any CPU.Build.0 = Debug|Any CPU
		{66666666-6666-6666-6666-666666666666}.Release|Any CPU.ActiveCfg = Release|Any CPU
		{66666666-6666-6666-6666-666666666666}.Release|Any CPU.Build.0 = Release|Any CPU
		{77777777-7777-7777-7777-777777777777}.Debug|Any CPU.ActiveCfg = Debug|Any CPU
		{77777777-7777-7777-7777-777777777777}.Debug|Any CPU.Build.0 = Debug|Any CPU
		{77777777-7777-7777-7777-777777777777}.Release|Any CPU.ActiveCfg = Release|Any CPU
		{77777777-7777-7777-7777-777777777777}.Release|Any CPU.Build.0 = Release|Any CPU
		{88888888-8888-8888-8888-888888888888}.Debug|Any CPU.ActiveCfg = Debug|Any CPU
		{88888888-8888-8888-8888-888888888888}.Debug|Any CPU.Build.0 = Debug|Any CPU
		{88888888-8888-8888-8888-888888888888}.Release|Any CPU.ActiveCfg = Release|Any CPU
		{88888888-8888-8888-8888-888888888888}.Release|Any CPU.Build.0 = Release|Any CPU
		{99999999-9999-9999-9999-999999999999}.Debug|Any CPU.ActiveCfg = Debug|Any CPU
		{99999999-9999-9999-9999-999999999999}.Debug|Any CPU.Build.0 = Debug|Any CPU
		{99999999-9999-9999-9999-999999999999}.Release|Any CPU.ActiveCfg = Release|Any CPU
		{99999999-9999-9999-9999-999999999999}.Release|Any CPU.Build.0 = Release|Any CPU
		{AAAAAAAA-AAAA-AAAA-AAAA-AAAAAAAAAAAA}.Debug|Any CPU.ActiveCfg = Debug|Any CPU
		{AAAAAAAA-AAAA-AAAA-AAAA-AAAAAAAAAAAA}.Debug|Any CPU.Build.0 = Debug|Any CPU
		{AAAAAAAA-AAAA-AAAA-AAAA-AAAAAAAAAAAA}.Release|Any CPU.ActiveCfg = Release|Any CPU
		{AAAAAAAA-AAAA-AAAA-AAAA-AAAAAAAAAAAA}.Release|Any CPU.Build.0 = Release|Any CPU
		{BBBBBBBB-BBBB-BBBB-BBBB-BBBBBBBBBBBB}.Debug|Any CPU.ActiveCfg = Debug|Any CPU
		{BBBBBBBB-BBBB-BBBB-BBBB-BBBBBBBBBBBB}.Debug|Any CPU.Build.0 = Debug|Any CPU
		{BBBBBBBB-BBBB-BBBB-BBBB-BBBBBBBBBBBB}.Release|Any CPU.ActiveCfg = Release|Any CPU
		{BBBBBBBB-BBBB-BBBB-BBBB-BBBBBBBBBBBB}.Release|Any CPU.Build.0 = Release|Any CPU
		{CCCCCCCC-CCCC-CCCC-CCCC-CCCCCCCCCCCC}.Debug|Any CPU.ActiveCfg = Debug|Any CPU
		{CCCCCCCC-CCCC-CCCC-CCCC-CCCCCCCCCCCC}.Debug|Any CPU.Build.0 = Debug|Any CPU
		{CCCCCCCC-CCCC-CCCC-CCCC-CCCCCCCCCCCC}.Release|Any CPU.ActiveCfg = Release|Any CPU
		{CCCCCCCC-CCCC-CCCC-CCCC-CCCCCCCCCCCC}.Release|Any CPU.Build.0 = Release|Any CPU
		{DDDDDDDD-DDDD-DDDD-DDDD-DDDDDDDDDDDD}.Debug|Any CPU.ActiveCfg = Debug|Any CPU
		{DDDDDDDD-DDDD-DDDD-DDDD-DDDDDDDDDDDD}.Debug|Any CPU.Build.0 = Debug|Any CPU
		{DDDDDDDD-DDDD-DDDD-DDDD-DDDDDDDDDDDD}.Release|Any CPU.ActiveCfg = Release|Any CPU
		{DDDDDDDD-DDDD-DDDD-DDDD-DDDDDDDDDDDD}.Release|Any CPU.Build.0 = Release|Any CPU
		{EEEEEEEE-EEEE-EEEE-EEEE-EEEEEEEEEEEE}.Debug|Any CPU.ActiveCfg = Debug|Any CPU
		{EEEEEEEE-EEEE-EEEE-EEEE-EEEEEEEEEEEE}.Debug|Any CPU.Build.0 = Debug|Any CPU
		{EEEEEEEE-EEEE-EEEE-EEEE-EEEEEEEEEEEE}.Release|Any CPU.ActiveCfg = Release|Any CPU
		{EEEEEEEE-EEEE-EEEE-EEEE-EEEEEEEEEEEE}.Release|Any CPU.Build.0 = Release|Any CPU
		{FFFFFFFF-FFFF-FFFF-FFFF-FFFFFFFFFFFF}.Debug|Any CPU.ActiveCfg = Debug|Any CPU
		{FFFFFFFF-FFFF-FFFF-FFFF-FFFFFFFFFFFF}.Debug|Any CPU.Build.0 = Debug|Any CPU
		{FFFFFFFF-FFFF-FFFF-FFFF-FFFFFFFFFFFF}.Release|Any CPU.ActiveCfg = Release|Any CPU
		{FFFFFFFF-FFFF-FFFF-FFFF-FFFFFFFFFFFF}.Release|Any CPU.Build.0 = Release|Any CPU
		{1C393DB4-8ED1-4A72-AE78-947A9A253D34}.Debug|Any CPU.ActiveCfg = Debug|Any CPU
		{1C393DB4-8ED1-4A72-AE78-947A9A253D34}.Debug|Any CPU.Build.0 = Debug|Any CPU
		{1C393DB4-8ED1-4A72-AE78-947A9A253D34}.Release|Any CPU.ActiveCfg = Release|Any CPU
		{1C393DB4-8ED1-4A72-AE78-947A9A253D34}.Release|Any CPU.Build.0 = Release|Any CPU
		{7E7E423F-9DD9-4F5F-B9F4-0E8EC7284091}.Debug|Any CPU.ActiveCfg = Debug|Any CPU
		{7E7E423F-9DD9-4F5F-B9F4-0E8EC7284091}.Debug|Any CPU.Build.0 = Debug|Any CPU
		{7E7E423F-9DD9-4F5F-B9F4-0E8EC7284091}.Release|Any CPU.ActiveCfg = Release|Any CPU
		{7E7E423F-9DD9-4F5F-B9F4-0E8EC7284091}.Release|Any CPU.Build.0 = Release|Any CPU
		{7AED645B-7ECE-4407-8B4A-98D51C4D5F9E}.Debug|Any CPU.ActiveCfg = Debug|Any CPU
		{7AED645B-7ECE-4407-8B4A-98D51C4D5F9E}.Debug|Any CPU.Build.0 = Debug|Any CPU
		{7AED645B-7ECE-4407-8B4A-98D51C4D5F9E}.Release|Any CPU.ActiveCfg = Release|Any CPU
		{7AED645B-7ECE-4407-8B4A-98D51C4D5F9E}.Release|Any CPU.Build.0 = Release|Any CPU
		{6AD49285-AC8C-4808-AC8D-F6D70E71EA5D}.Debug|Any CPU.ActiveCfg = Debug|Any CPU
		{6AD49285-AC8C-4808-AC8D-F6D70E71EA5D}.Debug|Any CPU.Build.0 = Debug|Any CPU
		{6AD49285-AC8C-4808-AC8D-F6D70E71EA5D}.Release|Any CPU.ActiveCfg = Release|Any CPU
		{6AD49285-AC8C-4808-AC8D-F6D70E71EA5D}.Release|Any CPU.Build.0 = Release|Any CPU
		{E43F3F14-34D0-4974-817D-C72D9FDF4456}.Debug|Any CPU.ActiveCfg = Debug|Any CPU
		{E43F3F14-34D0-4974-817D-C72D9FDF4456}.Debug|Any CPU.Build.0 = Debug|Any CPU
		{E43F3F14-34D0-4974-817D-C72D9FDF4456}.Release|Any CPU.ActiveCfg = Release|Any CPU
		{E43F3F14-34D0-4974-817D-C72D9FDF4456}.Release|Any CPU.Build.0 = Release|Any CPU
		{A6B5370D-E0E1-407E-AAF6-91E92BC9F7C8}.Debug|Any CPU.ActiveCfg = Debug|Any CPU
		{A6B5370D-E0E1-407E-AAF6-91E92BC9F7C8}.Debug|Any CPU.Build.0 = Debug|Any CPU
		{A6B5370D-E0E1-407E-AAF6-91E92BC9F7C8}.Release|Any CPU.ActiveCfg = Release|Any CPU
		{A6B5370D-E0E1-407E-AAF6-91E92BC9F7C8}.Release|Any CPU.Build.0 = Release|Any CPU
	EndGlobalSection
	GlobalSection(SolutionProperties) = preSolution
		HideSolutionNode = FALSE
	EndGlobalSection
	GlobalSection(NestedProjects) = preSolution
		{11111111-1111-1111-1111-111111111111} = {A1B2C3D4-E5F6-7890-ABCD-EF1234567890}
		{22222222-2222-2222-2222-222222222222} = {A1B2C3D4-E5F6-7890-ABCD-EF1234567890}
		{33333333-3333-3333-3333-333333333333} = {01D37984-C785-48BA-846F-3BCBC181EEB7}
		{44444444-4444-4444-4444-444444444444} = {B1B2C3D4-E5F6-7890-ABCD-EF1234567891}
		{55555555-5555-5555-5555-555555555555} = {B1B2C3D4-E5F6-7890-ABCD-EF1234567891}
		{66666666-6666-6666-6666-666666666666} = {B1B2C3D4-E5F6-7890-ABCD-EF1234567891}
		{77777777-7777-7777-7777-777777777777} = {C1B2C3D4-E5F6-7890-ABCD-EF1234567892}
		{88888888-8888-8888-8888-888888888888} = {C1B2C3D4-E5F6-7890-ABCD-EF1234567892}
		{99999999-9999-9999-9999-999999999999} = {C1B2C3D4-E5F6-7890-ABCD-EF1234567892}
		{AAAAAAAA-AAAA-AAAA-AAAA-AAAAAAAAAAAA} = {D1B2C3D4-E5F6-7890-ABCD-EF1234567893}
		{BBBBBBBB-BBBB-BBBB-BBBB-BBBBBBBBBBBB} = {D1B2C3D4-E5F6-7890-ABCD-EF1234567893}
		{CCCCCCCC-CCCC-CCCC-CCCC-CCCCCCCCCCCC} = {D1B2C3D4-E5F6-7890-ABCD-EF1234567893}
		{DDDDDDDD-DDDD-DDDD-DDDD-DDDDDDDDDDDD} = {E1B2C3D4-E5F6-7890-ABCD-EF1234567894}
		{EEEEEEEE-EEEE-EEEE-EEEE-EEEEEEEEEEEE} = {E1B2C3D4-E5F6-7890-ABCD-EF1234567894}
		{FFFFFFFF-FFFF-FFFF-FFFF-FFFFFFFFFFFF} = {E1B2C3D4-E5F6-7890-ABCD-EF1234567894}
		{1C393DB4-8ED1-4A72-AE78-947A9A253D34} = {01D37984-C785-48BA-846F-3BCBC181EEB7}
		{7E7E423F-9DD9-4F5F-B9F4-0E8EC7284091} = {01D37984-C785-48BA-846F-3BCBC181EEB7}
		{7AED645B-7ECE-4407-8B4A-98D51C4D5F9E} = {01D37984-C785-48BA-846F-3BCBC181EEB7}
		{6AD49285-AC8C-4808-AC8D-F6D70E71EA5D} = {7671C350-C959-4384-880F-9AB253A20588}
		{E43F3F14-34D0-4974-817D-C72D9FDF4456} = {7671C350-C959-4384-880F-9AB253A20588}
		{A6B5370D-E0E1-407E-AAF6-91E92BC9F7C8} = {7671C350-C959-4384-880F-9AB253A20588}
	EndGlobalSection
EndGlobal
