Microsoft Visual Studio Solution File, Format Version 12.00
# Visual Studio Version 17
VisualStudioVersion = 17.0.31903.59
MinimumVisualStudioVersion = 10.0.40219.1
Project("{2150E333-8FDC-42A3-9474-1A3956D46DE8}") = "src", "src", "{F49628A6-6DB6-4BCE-8DA5-FF005322936C}"
EndProject
Project("{2150E333-8FDC-42A3-9474-1A3956D46DE8}") = "tests", "tests", "{C3DB5C9A-EF49-4DC0-9C3A-E70B0E192464}"
EndProject
Project("{FAE04EC0-301F-11D3-BF4B-00C04F79EFBC}") = "TimeAuditTracker.Core", "src\TimeAuditTracker.Core\TimeAuditTracker.Core.csproj", "{2645AF19-70A8-4739-A444-621AB25550FF}"
EndProject
Project("{FAE04EC0-301F-11D3-BF4B-00C04F79EFBC}") = "TimeAuditTracker.Infrastructure", "src\TimeAuditTracker.Infrastructure\TimeAuditTracker.Infrastructure.csproj", "{BAF81645-289A-4B90-8836-2FB2AFE21DE8}"
EndProject
Project("{FAE04EC0-301F-11D3-BF4B-00C04F79EFBC}") = "TimeAuditTracker.Api", "src\TimeAuditTracker.Api\TimeAuditTracker.Api.csproj", "{C54498E6-446A-4688-A924-FC90F583ADBE}"
EndProject
Project("{FAE04EC0-301F-11D3-BF4B-00C04F79EFBC}") = "TimeAuditTracker.Core.Tests", "tests\TimeAuditTracker.Core.Tests\TimeAuditTracker.Core.Tests.csproj", "{A2B6E312-77E6-48A0-B1AE-09D4BA8ABB9E}"
EndProject
Project("{FAE04EC0-301F-11D3-BF4B-00C04F79EFBC}") = "TimeAuditTracker.Infrastructure.Tests", "tests\TimeAuditTracker.Infrastructure.Tests\TimeAuditTracker.Infrastructure.Tests.csproj", "{2AC58779-415F-4EBE-80CB-996938A6DD81}"
EndProject
Project("{FAE04EC0-301F-11D3-BF4B-00C04F79EFBC}") = "TimeAuditTracker.Api.Tests", "tests\TimeAuditTracker.Api.Tests\TimeAuditTracker.Api.Tests.csproj", "{56A9E9F5-0B46-4763-9958-85A134C9506D}"
EndProject
Global
	GlobalSection(SolutionConfigurationPlatforms) = preSolution
		Debug|Any CPU = Debug|Any CPU
		Release|Any CPU = Release|Any CPU
	EndGlobalSection
	GlobalSection(ProjectConfigurationPlatforms) = postSolution
		{2645AF19-70A8-4739-A444-621AB25550FF}.Debug|Any CPU.ActiveCfg = Debug|Any CPU
		{2645AF19-70A8-4739-A444-621AB25550FF}.Debug|Any CPU.Build.0 = Debug|Any CPU
		{2645AF19-70A8-4739-A444-621AB25550FF}.Release|Any CPU.ActiveCfg = Release|Any CPU
		{2645AF19-70A8-4739-A444-621AB25550FF}.Release|Any CPU.Build.0 = Release|Any CPU
		{BAF81645-289A-4B90-8836-2FB2AFE21DE8}.Debug|Any CPU.ActiveCfg = Debug|Any CPU
		{BAF81645-289A-4B90-8836-2FB2AFE21DE8}.Debug|Any CPU.Build.0 = Debug|Any CPU
		{BAF81645-289A-4B90-8836-2FB2AFE21DE8}.Release|Any CPU.ActiveCfg = Release|Any CPU
		{BAF81645-289A-4B90-8836-2FB2AFE21DE8}.Release|Any CPU.Build.0 = Release|Any CPU
		{C54498E6-446A-4688-A924-FC90F583ADBE}.Debug|Any CPU.ActiveCfg = Debug|Any CPU
		{C54498E6-446A-4688-A924-FC90F583ADBE}.Debug|Any CPU.Build.0 = Debug|Any CPU
		{C54498E6-446A-4688-A924-FC90F583ADBE}.Release|Any CPU.ActiveCfg = Release|Any CPU
		{C54498E6-446A-4688-A924-FC90F583ADBE}.Release|Any CPU.Build.0 = Release|Any CPU
		{A2B6E312-77E6-48A0-B1AE-09D4BA8ABB9E}.Debug|Any CPU.ActiveCfg = Debug|Any CPU
		{A2B6E312-77E6-48A0-B1AE-09D4BA8ABB9E}.Debug|Any CPU.Build.0 = Debug|Any CPU
		{A2B6E312-77E6-48A0-B1AE-09D4BA8ABB9E}.Release|Any CPU.ActiveCfg = Release|Any CPU
		{A2B6E312-77E6-48A0-B1AE-09D4BA8ABB9E}.Release|Any CPU.Build.0 = Release|Any CPU
		{2AC58779-415F-4EBE-80CB-996938A6DD81}.Debug|Any CPU.ActiveCfg = Debug|Any CPU
		{2AC58779-415F-4EBE-80CB-996938A6DD81}.Debug|Any CPU.Build.0 = Debug|Any CPU
		{2AC58779-415F-4EBE-80CB-996938A6DD81}.Release|Any CPU.ActiveCfg = Release|Any CPU
		{2AC58779-415F-4EBE-80CB-996938A6DD81}.Release|Any CPU.Build.0 = Release|Any CPU
		{56A9E9F5-0B46-4763-9958-85A134C9506D}.Debug|Any CPU.ActiveCfg = Debug|Any CPU
		{56A9E9F5-0B46-4763-9958-85A134C9506D}.Debug|Any CPU.Build.0 = Debug|Any CPU
		{56A9E9F5-0B46-4763-9958-85A134C9506D}.Release|Any CPU.ActiveCfg = Release|Any CPU
		{56A9E9F5-0B46-4763-9958-85A134C9506D}.Release|Any CPU.Build.0 = Release|Any CPU
	EndGlobalSection
	GlobalSection(SolutionProperties) = preSolution
		HideSolutionNode = FALSE
	EndGlobalSection
	GlobalSection(NestedProjects) = preSolution
		{2645AF19-70A8-4739-A444-621AB25550FF} = {F49628A6-6DB6-4BCE-8DA5-FF005322936C}
		{BAF81645-289A-4B90-8836-2FB2AFE21DE8} = {F49628A6-6DB6-4BCE-8DA5-FF005322936C}
		{C54498E6-446A-4688-A924-FC90F583ADBE} = {F49628A6-6DB6-4BCE-8DA5-FF005322936C}
		{A2B6E312-77E6-48A0-B1AE-09D4BA8ABB9E} = {C3DB5C9A-EF49-4DC0-9C3A-E70B0E192464}
		{2AC58779-415F-4EBE-80CB-996938A6DD81} = {C3DB5C9A-EF49-4DC0-9C3A-E70B0E192464}
		{56A9E9F5-0B46-4763-9958-85A134C9506D} = {C3DB5C9A-EF49-4DC0-9C3A-E70B0E192464}
	EndGlobalSection
EndGlobal
