Microsoft Visual Studio Solution File, Format Version 12.00
# Visual Studio Version 17
VisualStudioVersion = 17.0.31903.59
MinimumVisualStudioVersion = 10.0.40219.1
Project("{2150E333-8FDC-42A3-9474-1A3956D46DE8}") = "src", "src", "{5D431BDB-A48C-4C14-9106-313AB6601DAF}"
EndProject
Project("{2150E333-8FDC-42A3-9474-1A3956D46DE8}") = "tests", "tests", "{2DA81CCD-24E7-40DE-81C9-4DFFB29B7220}"
EndProject
Project("{FAE04EC0-301F-11D3-BF4B-00C04F79EFBC}") = "PhotographySessionLogger.Core", "src\PhotographySessionLogger.Core\PhotographySessionLogger.Core.csproj", "{8A5632D5-1859-4F9C-BEA0-BE83B5A74593}"
EndProject
Project("{FAE04EC0-301F-11D3-BF4B-00C04F79EFBC}") = "PhotographySessionLogger.Infrastructure", "src\PhotographySessionLogger.Infrastructure\PhotographySessionLogger.Infrastructure.csproj", "{D615F489-0005-4655-B065-B933BBA9CD63}"
EndProject
Project("{FAE04EC0-301F-11D3-BF4B-00C04F79EFBC}") = "PhotographySessionLogger.Api", "src\PhotographySessionLogger.Api\PhotographySessionLogger.Api.csproj", "{1418F40A-7597-4822-AB2C-0A370B2F8DC8}"
EndProject
Project("{FAE04EC0-301F-11D3-BF4B-00C04F79EFBC}") = "PhotographySessionLogger.Core.Tests", "tests\PhotographySessionLogger.Core.Tests\PhotographySessionLogger.Core.Tests.csproj", "{D12CEF8A-D78C-4BB2-94F1-DFEA52F0011B}"
EndProject
Project("{FAE04EC0-301F-11D3-BF4B-00C04F79EFBC}") = "PhotographySessionLogger.Infrastructure.Tests", "tests\PhotographySessionLogger.Infrastructure.Tests\PhotographySessionLogger.Infrastructure.Tests.csproj", "{938EE8F1-2912-41F3-A043-E357BF351D97}"
EndProject
Project("{FAE04EC0-301F-11D3-BF4B-00C04F79EFBC}") = "PhotographySessionLogger.Api.Tests", "tests\PhotographySessionLogger.Api.Tests\PhotographySessionLogger.Api.Tests.csproj", "{755C8D8C-EA55-4B95-ACA9-A1CE5D60323C}"
EndProject
Global
	GlobalSection(SolutionConfigurationPlatforms) = preSolution
		Debug|Any CPU = Debug|Any CPU
		Release|Any CPU = Release|Any CPU
	EndGlobalSection
	GlobalSection(ProjectConfigurationPlatforms) = postSolution
		{8A5632D5-1859-4F9C-BEA0-BE83B5A74593}.Debug|Any CPU.ActiveCfg = Debug|Any CPU
		{8A5632D5-1859-4F9C-BEA0-BE83B5A74593}.Debug|Any CPU.Build.0 = Debug|Any CPU
		{8A5632D5-1859-4F9C-BEA0-BE83B5A74593}.Release|Any CPU.ActiveCfg = Release|Any CPU
		{8A5632D5-1859-4F9C-BEA0-BE83B5A74593}.Release|Any CPU.Build.0 = Release|Any CPU
		{D615F489-0005-4655-B065-B933BBA9CD63}.Debug|Any CPU.ActiveCfg = Debug|Any CPU
		{D615F489-0005-4655-B065-B933BBA9CD63}.Debug|Any CPU.Build.0 = Debug|Any CPU
		{D615F489-0005-4655-B065-B933BBA9CD63}.Release|Any CPU.ActiveCfg = Release|Any CPU
		{D615F489-0005-4655-B065-B933BBA9CD63}.Release|Any CPU.Build.0 = Release|Any CPU
		{1418F40A-7597-4822-AB2C-0A370B2F8DC8}.Debug|Any CPU.ActiveCfg = Debug|Any CPU
		{1418F40A-7597-4822-AB2C-0A370B2F8DC8}.Debug|Any CPU.Build.0 = Debug|Any CPU
		{1418F40A-7597-4822-AB2C-0A370B2F8DC8}.Release|Any CPU.ActiveCfg = Release|Any CPU
		{1418F40A-7597-4822-AB2C-0A370B2F8DC8}.Release|Any CPU.Build.0 = Release|Any CPU
		{D12CEF8A-D78C-4BB2-94F1-DFEA52F0011B}.Debug|Any CPU.ActiveCfg = Debug|Any CPU
		{D12CEF8A-D78C-4BB2-94F1-DFEA52F0011B}.Debug|Any CPU.Build.0 = Debug|Any CPU
		{D12CEF8A-D78C-4BB2-94F1-DFEA52F0011B}.Release|Any CPU.ActiveCfg = Release|Any CPU
		{D12CEF8A-D78C-4BB2-94F1-DFEA52F0011B}.Release|Any CPU.Build.0 = Release|Any CPU
		{938EE8F1-2912-41F3-A043-E357BF351D97}.Debug|Any CPU.ActiveCfg = Debug|Any CPU
		{938EE8F1-2912-41F3-A043-E357BF351D97}.Debug|Any CPU.Build.0 = Debug|Any CPU
		{938EE8F1-2912-41F3-A043-E357BF351D97}.Release|Any CPU.ActiveCfg = Release|Any CPU
		{938EE8F1-2912-41F3-A043-E357BF351D97}.Release|Any CPU.Build.0 = Release|Any CPU
		{755C8D8C-EA55-4B95-ACA9-A1CE5D60323C}.Debug|Any CPU.ActiveCfg = Debug|Any CPU
		{755C8D8C-EA55-4B95-ACA9-A1CE5D60323C}.Debug|Any CPU.Build.0 = Debug|Any CPU
		{755C8D8C-EA55-4B95-ACA9-A1CE5D60323C}.Release|Any CPU.ActiveCfg = Release|Any CPU
		{755C8D8C-EA55-4B95-ACA9-A1CE5D60323C}.Release|Any CPU.Build.0 = Release|Any CPU
	EndGlobalSection
	GlobalSection(SolutionProperties) = preSolution
		HideSolutionNode = FALSE
	EndGlobalSection
	GlobalSection(NestedProjects) = preSolution
		{8A5632D5-1859-4F9C-BEA0-BE83B5A74593} = {5D431BDB-A48C-4C14-9106-313AB6601DAF}
		{D615F489-0005-4655-B065-B933BBA9CD63} = {5D431BDB-A48C-4C14-9106-313AB6601DAF}
		{1418F40A-7597-4822-AB2C-0A370B2F8DC8} = {5D431BDB-A48C-4C14-9106-313AB6601DAF}
		{D12CEF8A-D78C-4BB2-94F1-DFEA52F0011B} = {2DA81CCD-24E7-40DE-81C9-4DFFB29B7220}
		{938EE8F1-2912-41F3-A043-E357BF351D97} = {2DA81CCD-24E7-40DE-81C9-4DFFB29B7220}
		{755C8D8C-EA55-4B95-ACA9-A1CE5D60323C} = {2DA81CCD-24E7-40DE-81C9-4DFFB29B7220}
	EndGlobalSection
EndGlobal
