Microsoft Visual Studio Solution File, Format Version 12.00
# Visual Studio Version 17
VisualStudioVersion = 17.0.31903.59
MinimumVisualStudioVersion = 10.0.40219.1
Project("{2150E333-8FDC-42A3-9474-1A3956D46DE8}") = "src", "src", "{BF82087E-14CC-4802-848D-62AFB26EB23C}"
EndProject
Project("{2150E333-8FDC-42A3-9474-1A3956D46DE8}") = "tests", "tests", "{6963E78D-BDE7-4A89-996D-13354355E266}"
EndProject
Project("{FAE04EC0-301F-11D3-BF4B-00C04F79EFBC}") = "CampingTripPlanner.Core", "src\CampingTripPlanner.Core\CampingTripPlanner.Core.csproj", "{BE5CE91A-5FEB-4A7F-AD2B-B4AA45AFC12E}"
EndProject
Project("{FAE04EC0-301F-11D3-BF4B-00C04F79EFBC}") = "CampingTripPlanner.Infrastructure", "src\CampingTripPlanner.Infrastructure\CampingTripPlanner.Infrastructure.csproj", "{63847080-D2E5-40A4-8738-E339699AC2AF}"
EndProject
Project("{FAE04EC0-301F-11D3-BF4B-00C04F79EFBC}") = "CampingTripPlanner.Api", "src\CampingTripPlanner.Api\CampingTripPlanner.Api.csproj", "{8125EC79-D566-4FE2-99AC-410654F61D8B}"
EndProject
Project("{FAE04EC0-301F-11D3-BF4B-00C04F79EFBC}") = "CampingTripPlanner.Core.Tests", "tests\CampingTripPlanner.Core.Tests\CampingTripPlanner.Core.Tests.csproj", "{9E426884-DF59-4AB2-BBDB-B1561E50F529}"
EndProject
Project("{FAE04EC0-301F-11D3-BF4B-00C04F79EFBC}") = "CampingTripPlanner.Infrastructure.Tests", "tests\CampingTripPlanner.Infrastructure.Tests\CampingTripPlanner.Infrastructure.Tests.csproj", "{227043D8-22BE-4D28-B94F-E82733A90FD4}"
EndProject
Project("{FAE04EC0-301F-11D3-BF4B-00C04F79EFBC}") = "CampingTripPlanner.Api.Tests", "tests\CampingTripPlanner.Api.Tests\CampingTripPlanner.Api.Tests.csproj", "{F7D3E756-071B-4D6A-91C5-F7B900EB4C64}"
EndProject
Global
	GlobalSection(SolutionConfigurationPlatforms) = preSolution
		Debug|Any CPU = Debug|Any CPU
		Release|Any CPU = Release|Any CPU
	EndGlobalSection
	GlobalSection(ProjectConfigurationPlatforms) = postSolution
		{BE5CE91A-5FEB-4A7F-AD2B-B4AA45AFC12E}.Debug|Any CPU.ActiveCfg = Debug|Any CPU
		{BE5CE91A-5FEB-4A7F-AD2B-B4AA45AFC12E}.Debug|Any CPU.Build.0 = Debug|Any CPU
		{BE5CE91A-5FEB-4A7F-AD2B-B4AA45AFC12E}.Release|Any CPU.ActiveCfg = Release|Any CPU
		{BE5CE91A-5FEB-4A7F-AD2B-B4AA45AFC12E}.Release|Any CPU.Build.0 = Release|Any CPU
		{63847080-D2E5-40A4-8738-E339699AC2AF}.Debug|Any CPU.ActiveCfg = Debug|Any CPU
		{63847080-D2E5-40A4-8738-E339699AC2AF}.Debug|Any CPU.Build.0 = Debug|Any CPU
		{63847080-D2E5-40A4-8738-E339699AC2AF}.Release|Any CPU.ActiveCfg = Release|Any CPU
		{63847080-D2E5-40A4-8738-E339699AC2AF}.Release|Any CPU.Build.0 = Release|Any CPU
		{8125EC79-D566-4FE2-99AC-410654F61D8B}.Debug|Any CPU.ActiveCfg = Debug|Any CPU
		{8125EC79-D566-4FE2-99AC-410654F61D8B}.Debug|Any CPU.Build.0 = Debug|Any CPU
		{8125EC79-D566-4FE2-99AC-410654F61D8B}.Release|Any CPU.ActiveCfg = Release|Any CPU
		{8125EC79-D566-4FE2-99AC-410654F61D8B}.Release|Any CPU.Build.0 = Release|Any CPU
		{9E426884-DF59-4AB2-BBDB-B1561E50F529}.Debug|Any CPU.ActiveCfg = Debug|Any CPU
		{9E426884-DF59-4AB2-BBDB-B1561E50F529}.Debug|Any CPU.Build.0 = Debug|Any CPU
		{9E426884-DF59-4AB2-BBDB-B1561E50F529}.Release|Any CPU.ActiveCfg = Release|Any CPU
		{9E426884-DF59-4AB2-BBDB-B1561E50F529}.Release|Any CPU.Build.0 = Release|Any CPU
		{227043D8-22BE-4D28-B94F-E82733A90FD4}.Debug|Any CPU.ActiveCfg = Debug|Any CPU
		{227043D8-22BE-4D28-B94F-E82733A90FD4}.Debug|Any CPU.Build.0 = Debug|Any CPU
		{227043D8-22BE-4D28-B94F-E82733A90FD4}.Release|Any CPU.ActiveCfg = Release|Any CPU
		{227043D8-22BE-4D28-B94F-E82733A90FD4}.Release|Any CPU.Build.0 = Release|Any CPU
		{F7D3E756-071B-4D6A-91C5-F7B900EB4C64}.Debug|Any CPU.ActiveCfg = Debug|Any CPU
		{F7D3E756-071B-4D6A-91C5-F7B900EB4C64}.Debug|Any CPU.Build.0 = Debug|Any CPU
		{F7D3E756-071B-4D6A-91C5-F7B900EB4C64}.Release|Any CPU.ActiveCfg = Release|Any CPU
		{F7D3E756-071B-4D6A-91C5-F7B900EB4C64}.Release|Any CPU.Build.0 = Release|Any CPU
	EndGlobalSection
	GlobalSection(SolutionProperties) = preSolution
		HideSolutionNode = FALSE
	EndGlobalSection
	GlobalSection(NestedProjects) = preSolution
		{BE5CE91A-5FEB-4A7F-AD2B-B4AA45AFC12E} = {BF82087E-14CC-4802-848D-62AFB26EB23C}
		{63847080-D2E5-40A4-8738-E339699AC2AF} = {BF82087E-14CC-4802-848D-62AFB26EB23C}
		{8125EC79-D566-4FE2-99AC-410654F61D8B} = {BF82087E-14CC-4802-848D-62AFB26EB23C}
		{9E426884-DF59-4AB2-BBDB-B1561E50F529} = {6963E78D-BDE7-4A89-996D-13354355E266}
		{227043D8-22BE-4D28-B94F-E82733A90FD4} = {6963E78D-BDE7-4A89-996D-13354355E266}
		{F7D3E756-071B-4D6A-91C5-F7B900EB4C64} = {6963E78D-BDE7-4A89-996D-13354355E266}
	EndGlobalSection
EndGlobal
