Microsoft Visual Studio Solution File, Format Version 12.00
# Visual Studio Version 17
VisualStudioVersion = 17.0.31903.59
MinimumVisualStudioVersion = 10.0.40219.1
Project("{2150E333-8FDC-42A3-9474-1A3956D46DE8}") = "src", "src", "{EA0AD586-2990-4243-A684-3EAF0E3FF29B}"
EndProject
Project("{2150E333-8FDC-42A3-9474-1A3956D46DE8}") = "tests", "tests", "{EC6F2E58-2F22-45A0-A70E-10581B3D455F}"
EndProject
Project("{FAE04EC0-301F-11D3-BF4B-00C04F79EFBC}") = "FamilyVacationPlanner.Core", "src\FamilyVacationPlanner.Core\FamilyVacationPlanner.Core.csproj", "{EDD581AC-D3F2-4741-AFD2-D7E210117792}"
EndProject
Project("{FAE04EC0-301F-11D3-BF4B-00C04F79EFBC}") = "FamilyVacationPlanner.Infrastructure", "src\FamilyVacationPlanner.Infrastructure\FamilyVacationPlanner.Infrastructure.csproj", "{5AFCADAF-EDB6-49CD-886A-78334D1DE487}"
EndProject
Project("{FAE04EC0-301F-11D3-BF4B-00C04F79EFBC}") = "FamilyVacationPlanner.Api", "src\FamilyVacationPlanner.Api\FamilyVacationPlanner.Api.csproj", "{05948DF3-2B0D-4ACB-B36D-B20C9A30FC20}"
EndProject
Project("{FAE04EC0-301F-11D3-BF4B-00C04F79EFBC}") = "FamilyVacationPlanner.Core.Tests", "tests\FamilyVacationPlanner.Core.Tests\FamilyVacationPlanner.Core.Tests.csproj", "{04B179DD-DDBD-4845-9908-80E9B388FFE1}"
EndProject
Project("{FAE04EC0-301F-11D3-BF4B-00C04F79EFBC}") = "FamilyVacationPlanner.Infrastructure.Tests", "tests\FamilyVacationPlanner.Infrastructure.Tests\FamilyVacationPlanner.Infrastructure.Tests.csproj", "{C4F7BB7F-048D-4DD2-942E-1AB4F84CFF92}"
EndProject
Project("{FAE04EC0-301F-11D3-BF4B-00C04F79EFBC}") = "FamilyVacationPlanner.Api.Tests", "tests\FamilyVacationPlanner.Api.Tests\FamilyVacationPlanner.Api.Tests.csproj", "{13259ADB-12B0-498E-BB77-5430DA05552F}"
EndProject
Global
	GlobalSection(SolutionConfigurationPlatforms) = preSolution
		Debug|Any CPU = Debug|Any CPU
		Release|Any CPU = Release|Any CPU
	EndGlobalSection
	GlobalSection(ProjectConfigurationPlatforms) = postSolution
		{EDD581AC-D3F2-4741-AFD2-D7E210117792}.Debug|Any CPU.ActiveCfg = Debug|Any CPU
		{EDD581AC-D3F2-4741-AFD2-D7E210117792}.Debug|Any CPU.Build.0 = Debug|Any CPU
		{EDD581AC-D3F2-4741-AFD2-D7E210117792}.Release|Any CPU.ActiveCfg = Release|Any CPU
		{EDD581AC-D3F2-4741-AFD2-D7E210117792}.Release|Any CPU.Build.0 = Release|Any CPU
		{5AFCADAF-EDB6-49CD-886A-78334D1DE487}.Debug|Any CPU.ActiveCfg = Debug|Any CPU
		{5AFCADAF-EDB6-49CD-886A-78334D1DE487}.Debug|Any CPU.Build.0 = Debug|Any CPU
		{5AFCADAF-EDB6-49CD-886A-78334D1DE487}.Release|Any CPU.ActiveCfg = Release|Any CPU
		{5AFCADAF-EDB6-49CD-886A-78334D1DE487}.Release|Any CPU.Build.0 = Release|Any CPU
		{05948DF3-2B0D-4ACB-B36D-B20C9A30FC20}.Debug|Any CPU.ActiveCfg = Debug|Any CPU
		{05948DF3-2B0D-4ACB-B36D-B20C9A30FC20}.Debug|Any CPU.Build.0 = Debug|Any CPU
		{05948DF3-2B0D-4ACB-B36D-B20C9A30FC20}.Release|Any CPU.ActiveCfg = Release|Any CPU
		{05948DF3-2B0D-4ACB-B36D-B20C9A30FC20}.Release|Any CPU.Build.0 = Release|Any CPU
		{04B179DD-DDBD-4845-9908-80E9B388FFE1}.Debug|Any CPU.ActiveCfg = Debug|Any CPU
		{04B179DD-DDBD-4845-9908-80E9B388FFE1}.Debug|Any CPU.Build.0 = Debug|Any CPU
		{04B179DD-DDBD-4845-9908-80E9B388FFE1}.Release|Any CPU.ActiveCfg = Release|Any CPU
		{04B179DD-DDBD-4845-9908-80E9B388FFE1}.Release|Any CPU.Build.0 = Release|Any CPU
		{C4F7BB7F-048D-4DD2-942E-1AB4F84CFF92}.Debug|Any CPU.ActiveCfg = Debug|Any CPU
		{C4F7BB7F-048D-4DD2-942E-1AB4F84CFF92}.Debug|Any CPU.Build.0 = Debug|Any CPU
		{C4F7BB7F-048D-4DD2-942E-1AB4F84CFF92}.Release|Any CPU.ActiveCfg = Release|Any CPU
		{C4F7BB7F-048D-4DD2-942E-1AB4F84CFF92}.Release|Any CPU.Build.0 = Release|Any CPU
		{13259ADB-12B0-498E-BB77-5430DA05552F}.Debug|Any CPU.ActiveCfg = Debug|Any CPU
		{13259ADB-12B0-498E-BB77-5430DA05552F}.Debug|Any CPU.Build.0 = Debug|Any CPU
		{13259ADB-12B0-498E-BB77-5430DA05552F}.Release|Any CPU.ActiveCfg = Release|Any CPU
		{13259ADB-12B0-498E-BB77-5430DA05552F}.Release|Any CPU.Build.0 = Release|Any CPU
	EndGlobalSection
	GlobalSection(SolutionProperties) = preSolution
		HideSolutionNode = FALSE
	EndGlobalSection
	GlobalSection(NestedProjects) = preSolution
		{EDD581AC-D3F2-4741-AFD2-D7E210117792} = {EA0AD586-2990-4243-A684-3EAF0E3FF29B}
		{5AFCADAF-EDB6-49CD-886A-78334D1DE487} = {EA0AD586-2990-4243-A684-3EAF0E3FF29B}
		{05948DF3-2B0D-4ACB-B36D-B20C9A30FC20} = {EA0AD586-2990-4243-A684-3EAF0E3FF29B}
		{04B179DD-DDBD-4845-9908-80E9B388FFE1} = {EC6F2E58-2F22-45A0-A70E-10581B3D455F}
		{C4F7BB7F-048D-4DD2-942E-1AB4F84CFF92} = {EC6F2E58-2F22-45A0-A70E-10581B3D455F}
		{13259ADB-12B0-498E-BB77-5430DA05552F} = {EC6F2E58-2F22-45A0-A70E-10581B3D455F}
	EndGlobalSection
EndGlobal
