Microsoft Visual Studio Solution File, Format Version 12.00
# Visual Studio Version 17
VisualStudioVersion = 17.0.31903.59
MinimumVisualStudioVersion = 10.0.40219.1
Project("{2150E333-8FDC-42A3-9474-1A3956D46DE8}") = "src", "src", "{81270D4C-B414-4E4C-B1B1-30434EF37008}"
EndProject
Project("{2150E333-8FDC-42A3-9474-1A3956D46DE8}") = "tests", "tests", "{C3FF24B4-293D-485B-B421-8D732E81D3BE}"
EndProject
Project("{FAE04EC0-301F-11D3-BF4B-00C04F79EFBC}") = "BBQGrillingRecipeBook.Core", "src\BBQGrillingRecipeBook.Core\BBQGrillingRecipeBook.Core.csproj", "{AB25C3EC-6ADD-4830-ACAF-41254A3CFAAE}"
EndProject
Project("{FAE04EC0-301F-11D3-BF4B-00C04F79EFBC}") = "BBQGrillingRecipeBook.Infrastructure", "src\BBQGrillingRecipeBook.Infrastructure\BBQGrillingRecipeBook.Infrastructure.csproj", "{3A965700-DFD2-4DB4-8470-6071BCB6420D}"
EndProject
Project("{FAE04EC0-301F-11D3-BF4B-00C04F79EFBC}") = "BBQGrillingRecipeBook.Api", "src\BBQGrillingRecipeBook.Api\BBQGrillingRecipeBook.Api.csproj", "{7B47EB84-02AD-4807-ABB8-FE2EF3108774}"
EndProject
Project("{FAE04EC0-301F-11D3-BF4B-00C04F79EFBC}") = "BBQGrillingRecipeBook.Core.Tests", "tests\BBQGrillingRecipeBook.Core.Tests\BBQGrillingRecipeBook.Core.Tests.csproj", "{29DC90FD-B747-4332-A2FB-FC178B4955F7}"
EndProject
Project("{FAE04EC0-301F-11D3-BF4B-00C04F79EFBC}") = "BBQGrillingRecipeBook.Infrastructure.Tests", "tests\BBQGrillingRecipeBook.Infrastructure.Tests\BBQGrillingRecipeBook.Infrastructure.Tests.csproj", "{4FFFD623-3D6E-4B76-9E3C-433BDF1C2AF8}"
EndProject
Project("{FAE04EC0-301F-11D3-BF4B-00C04F79EFBC}") = "BBQGrillingRecipeBook.Api.Tests", "tests\BBQGrillingRecipeBook.Api.Tests\BBQGrillingRecipeBook.Api.Tests.csproj", "{536AD6BA-AF6E-44EC-BDC4-6A0C0893A5BB}"
EndProject
Global
	GlobalSection(SolutionConfigurationPlatforms) = preSolution
		Debug|Any CPU = Debug|Any CPU
		Release|Any CPU = Release|Any CPU
	EndGlobalSection
	GlobalSection(ProjectConfigurationPlatforms) = postSolution
		{AB25C3EC-6ADD-4830-ACAF-41254A3CFAAE}.Debug|Any CPU.ActiveCfg = Debug|Any CPU
		{AB25C3EC-6ADD-4830-ACAF-41254A3CFAAE}.Debug|Any CPU.Build.0 = Debug|Any CPU
		{AB25C3EC-6ADD-4830-ACAF-41254A3CFAAE}.Release|Any CPU.ActiveCfg = Release|Any CPU
		{AB25C3EC-6ADD-4830-ACAF-41254A3CFAAE}.Release|Any CPU.Build.0 = Release|Any CPU
		{3A965700-DFD2-4DB4-8470-6071BCB6420D}.Debug|Any CPU.ActiveCfg = Debug|Any CPU
		{3A965700-DFD2-4DB4-8470-6071BCB6420D}.Debug|Any CPU.Build.0 = Debug|Any CPU
		{3A965700-DFD2-4DB4-8470-6071BCB6420D}.Release|Any CPU.ActiveCfg = Release|Any CPU
		{3A965700-DFD2-4DB4-8470-6071BCB6420D}.Release|Any CPU.Build.0 = Release|Any CPU
		{7B47EB84-02AD-4807-ABB8-FE2EF3108774}.Debug|Any CPU.ActiveCfg = Debug|Any CPU
		{7B47EB84-02AD-4807-ABB8-FE2EF3108774}.Debug|Any CPU.Build.0 = Debug|Any CPU
		{7B47EB84-02AD-4807-ABB8-FE2EF3108774}.Release|Any CPU.ActiveCfg = Release|Any CPU
		{7B47EB84-02AD-4807-ABB8-FE2EF3108774}.Release|Any CPU.Build.0 = Release|Any CPU
		{29DC90FD-B747-4332-A2FB-FC178B4955F7}.Debug|Any CPU.ActiveCfg = Debug|Any CPU
		{29DC90FD-B747-4332-A2FB-FC178B4955F7}.Debug|Any CPU.Build.0 = Debug|Any CPU
		{29DC90FD-B747-4332-A2FB-FC178B4955F7}.Release|Any CPU.ActiveCfg = Release|Any CPU
		{29DC90FD-B747-4332-A2FB-FC178B4955F7}.Release|Any CPU.Build.0 = Release|Any CPU
		{4FFFD623-3D6E-4B76-9E3C-433BDF1C2AF8}.Debug|Any CPU.ActiveCfg = Debug|Any CPU
		{4FFFD623-3D6E-4B76-9E3C-433BDF1C2AF8}.Debug|Any CPU.Build.0 = Debug|Any CPU
		{4FFFD623-3D6E-4B76-9E3C-433BDF1C2AF8}.Release|Any CPU.ActiveCfg = Release|Any CPU
		{4FFFD623-3D6E-4B76-9E3C-433BDF1C2AF8}.Release|Any CPU.Build.0 = Release|Any CPU
		{536AD6BA-AF6E-44EC-BDC4-6A0C0893A5BB}.Debug|Any CPU.ActiveCfg = Debug|Any CPU
		{536AD6BA-AF6E-44EC-BDC4-6A0C0893A5BB}.Debug|Any CPU.Build.0 = Debug|Any CPU
		{536AD6BA-AF6E-44EC-BDC4-6A0C0893A5BB}.Release|Any CPU.ActiveCfg = Release|Any CPU
		{536AD6BA-AF6E-44EC-BDC4-6A0C0893A5BB}.Release|Any CPU.Build.0 = Release|Any CPU
	EndGlobalSection
	GlobalSection(SolutionProperties) = preSolution
		HideSolutionNode = FALSE
	EndGlobalSection
	GlobalSection(NestedProjects) = preSolution
		{AB25C3EC-6ADD-4830-ACAF-41254A3CFAAE} = {81270D4C-B414-4E4C-B1B1-30434EF37008}
		{3A965700-DFD2-4DB4-8470-6071BCB6420D} = {81270D4C-B414-4E4C-B1B1-30434EF37008}
		{7B47EB84-02AD-4807-ABB8-FE2EF3108774} = {81270D4C-B414-4E4C-B1B1-30434EF37008}
		{29DC90FD-B747-4332-A2FB-FC178B4955F7} = {C3FF24B4-293D-485B-B421-8D732E81D3BE}
		{4FFFD623-3D6E-4B76-9E3C-433BDF1C2AF8} = {C3FF24B4-293D-485B-B421-8D732E81D3BE}
		{536AD6BA-AF6E-44EC-BDC4-6A0C0893A5BB} = {C3FF24B4-293D-485B-B421-8D732E81D3BE}
	EndGlobalSection
EndGlobal
