Microsoft Visual Studio Solution File, Format Version 12.00
# Visual Studio Version 17
VisualStudioVersion = 17.0.31903.59
MinimumVisualStudioVersion = 10.0.40219.1
Project("{2150E333-8FDC-42A3-9474-1A3956D46DE8}") = "src", "src", "{4C8842EF-BDCF-4DE6-B0C7-D702297A2B5D}"
EndProject
Project("{2150E333-8FDC-42A3-9474-1A3956D46DE8}") = "tests", "tests", "{0791C819-8BD7-4013-842D-E0E5210B3E1C}"
EndProject
Project("{2150E333-8FDC-42A3-9474-1A3956D46DE8}") = "Aspire", "Aspire", "{A1B2C3D4-E5F6-7890-ABCD-EF1234567890}"
EndProject
Project("{2150E333-8FDC-42A3-9474-1A3956D46DE8}") = "Identity", "Identity", "{B1B2C3D4-E5F6-7890-ABCD-EF1234567891}"
EndProject
Project("{2150E333-8FDC-42A3-9474-1A3956D46DE8}") = "Races", "Races", "{C1B2C3D4-E5F6-7890-ABCD-EF1234567892}"
EndProject
Project("{2150E333-8FDC-42A3-9474-1A3956D46DE8}") = "Runs", "Runs", "{D1B2C3D4-E5F6-7890-ABCD-EF1234567893}"
EndProject
Project("{2150E333-8FDC-42A3-9474-1A3956D46DE8}") = "TrainingPlans", "TrainingPlans", "{E1B2C3D4-E5F6-7890-ABCD-EF1234567894}"
EndProject
Project("{FAE04EC0-301F-11D3-BF4B-00C04F79EFBC}") = "RunningLogRaceTracker.AppHost", "src\RunningLogRaceTracker.AppHost\RunningLogRaceTracker.AppHost.csproj", "{11111111-1111-1111-1111-111111111111}"
EndProject
Project("{FAE04EC0-301F-11D3-BF4B-00C04F79EFBC}") = "RunningLogRaceTracker.ServiceDefaults", "src\RunningLogRaceTracker.ServiceDefaults\RunningLogRaceTracker.ServiceDefaults.csproj", "{22222222-2222-2222-2222-222222222222}"
EndProject
Project("{FAE04EC0-301F-11D3-BF4B-00C04F79EFBC}") = "Messaging.Contracts", "src\Messaging.Contracts\Messaging.Contracts.csproj", "{33333333-3333-3333-3333-333333333333}"
EndProject
Project("{FAE04EC0-301F-11D3-BF4B-00C04F79EFBC}") = "Identity.Api", "src\Identity.Api\Identity.Api.csproj", "{44444444-4444-4444-4444-444444444444}"
EndProject
Project("{FAE04EC0-301F-11D3-BF4B-00C04F79EFBC}") = "Identity.Core", "src\Identity.Core\Identity.Core.csproj", "{55555555-5555-5555-5555-555555555555}"
EndProject
Project("{FAE04EC0-301F-11D3-BF4B-00C04F79EFBC}") = "Identity.Infrastructure", "src\Identity.Infrastructure\Identity.Infrastructure.csproj", "{66666666-6666-6666-6666-666666666666}"
EndProject
Project("{FAE04EC0-301F-11D3-BF4B-00C04F79EFBC}") = "Races.Api", "src\Races.Api\Races.Api.csproj", "{77777777-7777-7777-7777-777777777777}"
EndProject
Project("{FAE04EC0-301F-11D3-BF4B-00C04F79EFBC}") = "Races.Core", "src\Races.Core\Races.Core.csproj", "{88888888-8888-8888-8888-888888888888}"
EndProject
Project("{FAE04EC0-301F-11D3-BF4B-00C04F79EFBC}") = "Races.Infrastructure", "src\Races.Infrastructure\Races.Infrastructure.csproj", "{99999999-9999-9999-9999-999999999999}"
EndProject
Project("{FAE04EC0-301F-11D3-BF4B-00C04F79EFBC}") = "Runs.Api", "src\Runs.Api\Runs.Api.csproj", "{AAAAAAAA-AAAA-AAAA-AAAA-AAAAAAAAAAAA}"
EndProject
Project("{FAE04EC0-301F-11D3-BF4B-00C04F79EFBC}") = "Runs.Core", "src\Runs.Core\Runs.Core.csproj", "{BBBBBBBB-BBBB-BBBB-BBBB-BBBBBBBBBBBB}"
EndProject
Project("{FAE04EC0-301F-11D3-BF4B-00C04F79EFBC}") = "Runs.Infrastructure", "src\Runs.Infrastructure\Runs.Infrastructure.csproj", "{CCCCCCCC-CCCC-CCCC-CCCC-CCCCCCCCCCCC}"
EndProject
Project("{FAE04EC0-301F-11D3-BF4B-00C04F79EFBC}") = "TrainingPlans.Api", "src\TrainingPlans.Api\TrainingPlans.Api.csproj", "{DDDDDDDD-DDDD-DDDD-DDDD-DDDDDDDDDDDD}"
EndProject
Project("{FAE04EC0-301F-11D3-BF4B-00C04F79EFBC}") = "TrainingPlans.Core", "src\TrainingPlans.Core\TrainingPlans.Core.csproj", "{EEEEEEEE-EEEE-EEEE-EEEE-EEEEEEEEEEEE}"
EndProject
Project("{FAE04EC0-301F-11D3-BF4B-00C04F79EFBC}") = "TrainingPlans.Infrastructure", "src\TrainingPlans.Infrastructure\TrainingPlans.Infrastructure.csproj", "{FFFFFFFF-FFFF-FFFF-FFFF-FFFFFFFFFFFF}"
EndProject
Project("{FAE04EC0-301F-11D3-BF4B-00C04F79EFBC}") = "RunningLogRaceTracker.Core.Tests", "tests\RunningLogRaceTracker.Core.Tests\RunningLogRaceTracker.Core.Tests.csproj", "{6C73E434-E2B6-4B93-9888-803B023A62D4}"
EndProject
Project("{FAE04EC0-301F-11D3-BF4B-00C04F79EFBC}") = "RunningLogRaceTracker.Infrastructure.Tests", "tests\RunningLogRaceTracker.Infrastructure.Tests\RunningLogRaceTracker.Infrastructure.Tests.csproj", "{BD87ED02-F464-4433-B037-6926671903AB}"
EndProject
Project("{FAE04EC0-301F-11D3-BF4B-00C04F79EFBC}") = "RunningLogRaceTracker.Api.Tests", "tests\RunningLogRaceTracker.Api.Tests\RunningLogRaceTracker.Api.Tests.csproj", "{296807E9-01A2-42A0-ADF8-0CD4CC3DD339}"
EndProject
Global
	GlobalSection(SolutionConfigurationPlatforms) = preSolution
		Debug|Any CPU = Debug|Any CPU
		Release|Any CPU = Release|Any CPU
	EndGlobalSection
	GlobalSection(ProjectConfigurationPlatforms) = postSolution
		{11111111-1111-1111-1111-111111111111}.Debug|Any CPU.ActiveCfg = Debug|Any CPU
		{11111111-1111-1111-1111-111111111111}.Debug|Any CPU.Build.0 = Debug|Any CPU
		{11111111-1111-1111-1111-111111111111}.Release|Any CPU.ActiveCfg = Release|Any CPU
		{11111111-1111-1111-1111-111111111111}.Release|Any CPU.Build.0 = Release|Any CPU
		{22222222-2222-2222-2222-222222222222}.Debug|Any CPU.ActiveCfg = Debug|Any CPU
		{22222222-2222-2222-2222-222222222222}.Debug|Any CPU.Build.0 = Debug|Any CPU
		{22222222-2222-2222-2222-222222222222}.Release|Any CPU.ActiveCfg = Release|Any CPU
		{22222222-2222-2222-2222-222222222222}.Release|Any CPU.Build.0 = Release|Any CPU
		{33333333-3333-3333-3333-333333333333}.Debug|Any CPU.ActiveCfg = Debug|Any CPU
		{33333333-3333-3333-3333-333333333333}.Debug|Any CPU.Build.0 = Debug|Any CPU
		{33333333-3333-3333-3333-333333333333}.Release|Any CPU.ActiveCfg = Release|Any CPU
		{33333333-3333-3333-3333-333333333333}.Release|Any CPU.Build.0 = Release|Any CPU
		{44444444-4444-4444-4444-444444444444}.Debug|Any CPU.ActiveCfg = Debug|Any CPU
		{44444444-4444-4444-4444-444444444444}.Debug|Any CPU.Build.0 = Debug|Any CPU
		{44444444-4444-4444-4444-444444444444}.Release|Any CPU.ActiveCfg = Release|Any CPU
		{44444444-4444-4444-4444-444444444444}.Release|Any CPU.Build.0 = Release|Any CPU
		{55555555-5555-5555-5555-555555555555}.Debug|Any CPU.ActiveCfg = Debug|Any CPU
		{55555555-5555-5555-5555-555555555555}.Debug|Any CPU.Build.0 = Debug|Any CPU
		{55555555-5555-5555-5555-555555555555}.Release|Any CPU.ActiveCfg = Release|Any CPU
		{55555555-5555-5555-5555-555555555555}.Release|Any CPU.Build.0 = Release|Any CPU
		{66666666-6666-6666-6666-666666666666}.Debug|Any CPU.ActiveCfg = Debug|Any CPU
		{66666666-6666-6666-6666-666666666666}.Debug|Any CPU.Build.0 = Debug|Any CPU
		{66666666-6666-6666-6666-666666666666}.Release|Any CPU.ActiveCfg = Release|Any CPU
		{66666666-6666-6666-6666-666666666666}.Release|Any CPU.Build.0 = Release|Any CPU
		{77777777-7777-7777-7777-777777777777}.Debug|Any CPU.ActiveCfg = Debug|Any CPU
		{77777777-7777-7777-7777-777777777777}.Debug|Any CPU.Build.0 = Debug|Any CPU
		{77777777-7777-7777-7777-777777777777}.Release|Any CPU.ActiveCfg = Release|Any CPU
		{77777777-7777-7777-7777-777777777777}.Release|Any CPU.Build.0 = Release|Any CPU
		{88888888-8888-8888-8888-888888888888}.Debug|Any CPU.ActiveCfg = Debug|Any CPU
		{88888888-8888-8888-8888-888888888888}.Debug|Any CPU.Build.0 = Debug|Any CPU
		{88888888-8888-8888-8888-888888888888}.Release|Any CPU.ActiveCfg = Release|Any CPU
		{88888888-8888-8888-8888-888888888888}.Release|Any CPU.Build.0 = Release|Any CPU
		{99999999-9999-9999-9999-999999999999}.Debug|Any CPU.ActiveCfg = Debug|Any CPU
		{99999999-9999-9999-9999-999999999999}.Debug|Any CPU.Build.0 = Debug|Any CPU
		{99999999-9999-9999-9999-999999999999}.Release|Any CPU.ActiveCfg = Release|Any CPU
		{99999999-9999-9999-9999-999999999999}.Release|Any CPU.Build.0 = Release|Any CPU
		{AAAAAAAA-AAAA-AAAA-AAAA-AAAAAAAAAAAA}.Debug|Any CPU.ActiveCfg = Debug|Any CPU
		{AAAAAAAA-AAAA-AAAA-AAAA-AAAAAAAAAAAA}.Debug|Any CPU.Build.0 = Debug|Any CPU
		{AAAAAAAA-AAAA-AAAA-AAAA-AAAAAAAAAAAA}.Release|Any CPU.ActiveCfg = Release|Any CPU
		{AAAAAAAA-AAAA-AAAA-AAAA-AAAAAAAAAAAA}.Release|Any CPU.Build.0 = Release|Any CPU
		{BBBBBBBB-BBBB-BBBB-BBBB-BBBBBBBBBBBB}.Debug|Any CPU.ActiveCfg = Debug|Any CPU
		{BBBBBBBB-BBBB-BBBB-BBBB-BBBBBBBBBBBB}.Debug|Any CPU.Build.0 = Debug|Any CPU
		{BBBBBBBB-BBBB-BBBB-BBBB-BBBBBBBBBBBB}.Release|Any CPU.ActiveCfg = Release|Any CPU
		{BBBBBBBB-BBBB-BBBB-BBBB-BBBBBBBBBBBB}.Release|Any CPU.Build.0 = Release|Any CPU
		{CCCCCCCC-CCCC-CCCC-CCCC-CCCCCCCCCCCC}.Debug|Any CPU.ActiveCfg = Debug|Any CPU
		{CCCCCCCC-CCCC-CCCC-CCCC-CCCCCCCCCCCC}.Debug|Any CPU.Build.0 = Debug|Any CPU
		{CCCCCCCC-CCCC-CCCC-CCCC-CCCCCCCCCCCC}.Release|Any CPU.ActiveCfg = Release|Any CPU
		{CCCCCCCC-CCCC-CCCC-CCCC-CCCCCCCCCCCC}.Release|Any CPU.Build.0 = Release|Any CPU
		{DDDDDDDD-DDDD-DDDD-DDDD-DDDDDDDDDDDD}.Debug|Any CPU.ActiveCfg = Debug|Any CPU
		{DDDDDDDD-DDDD-DDDD-DDDD-DDDDDDDDDDDD}.Debug|Any CPU.Build.0 = Debug|Any CPU
		{DDDDDDDD-DDDD-DDDD-DDDD-DDDDDDDDDDDD}.Release|Any CPU.ActiveCfg = Release|Any CPU
		{DDDDDDDD-DDDD-DDDD-DDDD-DDDDDDDDDDDD}.Release|Any CPU.Build.0 = Release|Any CPU
		{EEEEEEEE-EEEE-EEEE-EEEE-EEEEEEEEEEEE}.Debug|Any CPU.ActiveCfg = Debug|Any CPU
		{EEEEEEEE-EEEE-EEEE-EEEE-EEEEEEEEEEEE}.Debug|Any CPU.Build.0 = Debug|Any CPU
		{EEEEEEEE-EEEE-EEEE-EEEE-EEEEEEEEEEEE}.Release|Any CPU.ActiveCfg = Release|Any CPU
		{EEEEEEEE-EEEE-EEEE-EEEE-EEEEEEEEEEEE}.Release|Any CPU.Build.0 = Release|Any CPU
		{FFFFFFFF-FFFF-FFFF-FFFF-FFFFFFFFFFFF}.Debug|Any CPU.ActiveCfg = Debug|Any CPU
		{FFFFFFFF-FFFF-FFFF-FFFF-FFFFFFFFFFFF}.Debug|Any CPU.Build.0 = Debug|Any CPU
		{FFFFFFFF-FFFF-FFFF-FFFF-FFFFFFFFFFFF}.Release|Any CPU.ActiveCfg = Release|Any CPU
		{FFFFFFFF-FFFF-FFFF-FFFF-FFFFFFFFFFFF}.Release|Any CPU.Build.0 = Release|Any CPU
		{6C73E434-E2B6-4B93-9888-803B023A62D4}.Debug|Any CPU.ActiveCfg = Debug|Any CPU
		{6C73E434-E2B6-4B93-9888-803B023A62D4}.Debug|Any CPU.Build.0 = Debug|Any CPU
		{6C73E434-E2B6-4B93-9888-803B023A62D4}.Release|Any CPU.ActiveCfg = Release|Any CPU
		{6C73E434-E2B6-4B93-9888-803B023A62D4}.Release|Any CPU.Build.0 = Release|Any CPU
		{BD87ED02-F464-4433-B037-6926671903AB}.Debug|Any CPU.ActiveCfg = Debug|Any CPU
		{BD87ED02-F464-4433-B037-6926671903AB}.Debug|Any CPU.Build.0 = Debug|Any CPU
		{BD87ED02-F464-4433-B037-6926671903AB}.Release|Any CPU.ActiveCfg = Release|Any CPU
		{BD87ED02-F464-4433-B037-6926671903AB}.Release|Any CPU.Build.0 = Release|Any CPU
		{296807E9-01A2-42A0-ADF8-0CD4CC3DD339}.Debug|Any CPU.ActiveCfg = Debug|Any CPU
		{296807E9-01A2-42A0-ADF8-0CD4CC3DD339}.Debug|Any CPU.Build.0 = Debug|Any CPU
		{296807E9-01A2-42A0-ADF8-0CD4CC3DD339}.Release|Any CPU.ActiveCfg = Release|Any CPU
		{296807E9-01A2-42A0-ADF8-0CD4CC3DD339}.Release|Any CPU.Build.0 = Release|Any CPU
	EndGlobalSection
	GlobalSection(SolutionProperties) = preSolution
		HideSolutionNode = FALSE
	EndGlobalSection
	GlobalSection(NestedProjects) = preSolution
		{11111111-1111-1111-1111-111111111111} = {A1B2C3D4-E5F6-7890-ABCD-EF1234567890}
		{22222222-2222-2222-2222-222222222222} = {A1B2C3D4-E5F6-7890-ABCD-EF1234567890}
		{33333333-3333-3333-3333-333333333333} = {4C8842EF-BDCF-4DE6-B0C7-D702297A2B5D}
		{44444444-4444-4444-4444-444444444444} = {B1B2C3D4-E5F6-7890-ABCD-EF1234567891}
		{55555555-5555-5555-5555-555555555555} = {B1B2C3D4-E5F6-7890-ABCD-EF1234567891}
		{66666666-6666-6666-6666-666666666666} = {B1B2C3D4-E5F6-7890-ABCD-EF1234567891}
		{77777777-7777-7777-7777-777777777777} = {C1B2C3D4-E5F6-7890-ABCD-EF1234567892}
		{88888888-8888-8888-8888-888888888888} = {C1B2C3D4-E5F6-7890-ABCD-EF1234567892}
		{99999999-9999-9999-9999-999999999999} = {C1B2C3D4-E5F6-7890-ABCD-EF1234567892}
		{AAAAAAAA-AAAA-AAAA-AAAA-AAAAAAAAAAAA} = {D1B2C3D4-E5F6-7890-ABCD-EF1234567893}
		{BBBBBBBB-BBBB-BBBB-BBBB-BBBBBBBBBBBB} = {D1B2C3D4-E5F6-7890-ABCD-EF1234567893}
		{CCCCCCCC-CCCC-CCCC-CCCC-CCCCCCCCCCCC} = {D1B2C3D4-E5F6-7890-ABCD-EF1234567893}
		{DDDDDDDD-DDDD-DDDD-DDDD-DDDDDDDDDDDD} = {E1B2C3D4-E5F6-7890-ABCD-EF1234567894}
		{EEEEEEEE-EEEE-EEEE-EEEE-EEEEEEEEEEEE} = {E1B2C3D4-E5F6-7890-ABCD-EF1234567894}
		{FFFFFFFF-FFFF-FFFF-FFFF-FFFFFFFFFFFF} = {E1B2C3D4-E5F6-7890-ABCD-EF1234567894}
		{6C73E434-E2B6-4B93-9888-803B023A62D4} = {0791C819-8BD7-4013-842D-E0E5210B3E1C}
		{BD87ED02-F464-4433-B037-6926671903AB} = {0791C819-8BD7-4013-842D-E0E5210B3E1C}
		{296807E9-01A2-42A0-ADF8-0CD4CC3DD339} = {0791C819-8BD7-4013-842D-E0E5210B3E1C}
	EndGlobalSection
EndGlobal
