Microsoft Visual Studio Solution File, Format Version 12.00
# Visual Studio Version 17
VisualStudioVersion = 17.0.31903.59
MinimumVisualStudioVersion = 10.0.40219.1
Project("{2150E333-8FDC-42A3-9474-1A3956D46DE8}") = "src", "src", "{1D2A43C9-E87C-495E-8FD0-0B720CA113C8}"
EndProject
Project("{2150E333-8FDC-42A3-9474-1A3956D46DE8}") = "tests", "tests", "{84E3B532-F43D-42C9-B9F3-3BB0293291F1}"
EndProject
Project("{FAE04EC0-301F-11D3-BF4B-00C04F79EFBC}") = "PersonalHealthDashboard.Core", "src\PersonalHealthDashboard.Core\PersonalHealthDashboard.Core.csproj", "{B779E179-13B5-479E-875D-CADECB1B9A41}"
EndProject
Project("{FAE04EC0-301F-11D3-BF4B-00C04F79EFBC}") = "PersonalHealthDashboard.Infrastructure", "src\PersonalHealthDashboard.Infrastructure\PersonalHealthDashboard.Infrastructure.csproj", "{97E0221E-0F10-4A68-A589-B77FBF7F1BA6}"
EndProject
Project("{FAE04EC0-301F-11D3-BF4B-00C04F79EFBC}") = "PersonalHealthDashboard.Api", "src\PersonalHealthDashboard.Api\PersonalHealthDashboard.Api.csproj", "{A92ABC2A-D133-4864-BBB9-4DCF52617364}"
EndProject
Project("{FAE04EC0-301F-11D3-BF4B-00C04F79EFBC}") = "PersonalHealthDashboard.Core.Tests", "tests\PersonalHealthDashboard.Core.Tests\PersonalHealthDashboard.Core.Tests.csproj", "{7A3C8122-7495-44C9-9E1E-5B5E7857D7C0}"
EndProject
Project("{FAE04EC0-301F-11D3-BF4B-00C04F79EFBC}") = "PersonalHealthDashboard.Infrastructure.Tests", "tests\PersonalHealthDashboard.Infrastructure.Tests\PersonalHealthDashboard.Infrastructure.Tests.csproj", "{6036BEA4-D1EA-44C1-84E6-546AA1A8CADB}"
EndProject
Project("{FAE04EC0-301F-11D3-BF4B-00C04F79EFBC}") = "PersonalHealthDashboard.Api.Tests", "tests\PersonalHealthDashboard.Api.Tests\PersonalHealthDashboard.Api.Tests.csproj", "{2F56D936-60F5-4D98-A7D1-63B1BAACEF58}"
EndProject
Global
	GlobalSection(SolutionConfigurationPlatforms) = preSolution
		Debug|Any CPU = Debug|Any CPU
		Release|Any CPU = Release|Any CPU
	EndGlobalSection
	GlobalSection(ProjectConfigurationPlatforms) = postSolution
		{B779E179-13B5-479E-875D-CADECB1B9A41}.Debug|Any CPU.ActiveCfg = Debug|Any CPU
		{B779E179-13B5-479E-875D-CADECB1B9A41}.Debug|Any CPU.Build.0 = Debug|Any CPU
		{B779E179-13B5-479E-875D-CADECB1B9A41}.Release|Any CPU.ActiveCfg = Release|Any CPU
		{B779E179-13B5-479E-875D-CADECB1B9A41}.Release|Any CPU.Build.0 = Release|Any CPU
		{97E0221E-0F10-4A68-A589-B77FBF7F1BA6}.Debug|Any CPU.ActiveCfg = Debug|Any CPU
		{97E0221E-0F10-4A68-A589-B77FBF7F1BA6}.Debug|Any CPU.Build.0 = Debug|Any CPU
		{97E0221E-0F10-4A68-A589-B77FBF7F1BA6}.Release|Any CPU.ActiveCfg = Release|Any CPU
		{97E0221E-0F10-4A68-A589-B77FBF7F1BA6}.Release|Any CPU.Build.0 = Release|Any CPU
		{A92ABC2A-D133-4864-BBB9-4DCF52617364}.Debug|Any CPU.ActiveCfg = Debug|Any CPU
		{A92ABC2A-D133-4864-BBB9-4DCF52617364}.Debug|Any CPU.Build.0 = Debug|Any CPU
		{A92ABC2A-D133-4864-BBB9-4DCF52617364}.Release|Any CPU.ActiveCfg = Release|Any CPU
		{A92ABC2A-D133-4864-BBB9-4DCF52617364}.Release|Any CPU.Build.0 = Release|Any CPU
		{7A3C8122-7495-44C9-9E1E-5B5E7857D7C0}.Debug|Any CPU.ActiveCfg = Debug|Any CPU
		{7A3C8122-7495-44C9-9E1E-5B5E7857D7C0}.Debug|Any CPU.Build.0 = Debug|Any CPU
		{7A3C8122-7495-44C9-9E1E-5B5E7857D7C0}.Release|Any CPU.ActiveCfg = Release|Any CPU
		{7A3C8122-7495-44C9-9E1E-5B5E7857D7C0}.Release|Any CPU.Build.0 = Release|Any CPU
		{6036BEA4-D1EA-44C1-84E6-546AA1A8CADB}.Debug|Any CPU.ActiveCfg = Debug|Any CPU
		{6036BEA4-D1EA-44C1-84E6-546AA1A8CADB}.Debug|Any CPU.Build.0 = Debug|Any CPU
		{6036BEA4-D1EA-44C1-84E6-546AA1A8CADB}.Release|Any CPU.ActiveCfg = Release|Any CPU
		{6036BEA4-D1EA-44C1-84E6-546AA1A8CADB}.Release|Any CPU.Build.0 = Release|Any CPU
		{2F56D936-60F5-4D98-A7D1-63B1BAACEF58}.Debug|Any CPU.ActiveCfg = Debug|Any CPU
		{2F56D936-60F5-4D98-A7D1-63B1BAACEF58}.Debug|Any CPU.Build.0 = Debug|Any CPU
		{2F56D936-60F5-4D98-A7D1-63B1BAACEF58}.Release|Any CPU.ActiveCfg = Release|Any CPU
		{2F56D936-60F5-4D98-A7D1-63B1BAACEF58}.Release|Any CPU.Build.0 = Release|Any CPU
	EndGlobalSection
	GlobalSection(SolutionProperties) = preSolution
		HideSolutionNode = FALSE
	EndGlobalSection
	GlobalSection(NestedProjects) = preSolution
		{B779E179-13B5-479E-875D-CADECB1B9A41} = {1D2A43C9-E87C-495E-8FD0-0B720CA113C8}
		{97E0221E-0F10-4A68-A589-B77FBF7F1BA6} = {1D2A43C9-E87C-495E-8FD0-0B720CA113C8}
		{A92ABC2A-D133-4864-BBB9-4DCF52617364} = {1D2A43C9-E87C-495E-8FD0-0B720CA113C8}
		{7A3C8122-7495-44C9-9E1E-5B5E7857D7C0} = {84E3B532-F43D-42C9-B9F3-3BB0293291F1}
		{6036BEA4-D1EA-44C1-84E6-546AA1A8CADB} = {84E3B532-F43D-42C9-B9F3-3BB0293291F1}
		{2F56D936-60F5-4D98-A7D1-63B1BAACEF58} = {84E3B532-F43D-42C9-B9F3-3BB0293291F1}
	EndGlobalSection
EndGlobal
