Microsoft Visual Studio Solution File, Format Version 12.00
# Visual Studio Version 17
VisualStudioVersion = 17.0.31903.59
MinimumVisualStudioVersion = 10.0.40219.1
Project("{2150E333-8FDC-42A3-9474-1A3956D46DE8}") = "src", "src", "{1BBE33E4-68CB-4D9C-95CA-91BA5F39A2F1}"
EndProject
Project("{2150E333-8FDC-42A3-9474-1A3956D46DE8}") = "tests", "tests", "{F05A6956-98ED-400D-B720-166294C26C2B}"
EndProject
Project("{FAE04EC0-301F-11D3-BF4B-00C04F79EFBC}") = "RealEstateInvestmentAnalyzer.Core", "src\RealEstateInvestmentAnalyzer.Core\RealEstateInvestmentAnalyzer.Core.csproj", "{BDBF0ECB-09CF-412B-8A66-C38363FD2341}"
EndProject
Project("{FAE04EC0-301F-11D3-BF4B-00C04F79EFBC}") = "RealEstateInvestmentAnalyzer.Infrastructure", "src\RealEstateInvestmentAnalyzer.Infrastructure\RealEstateInvestmentAnalyzer.Infrastructure.csproj", "{4D684EE4-3332-41A0-9151-1782ACB0E48B}"
EndProject
Project("{FAE04EC0-301F-11D3-BF4B-00C04F79EFBC}") = "RealEstateInvestmentAnalyzer.Api", "src\RealEstateInvestmentAnalyzer.Api\RealEstateInvestmentAnalyzer.Api.csproj", "{D5F79525-7E0D-497E-A5E4-36B4EA8F2859}"
EndProject
Project("{FAE04EC0-301F-11D3-BF4B-00C04F79EFBC}") = "RealEstateInvestmentAnalyzer.Core.Tests", "tests\RealEstateInvestmentAnalyzer.Core.Tests\RealEstateInvestmentAnalyzer.Core.Tests.csproj", "{DD38E817-138D-4100-8F5D-59C562F752D3}"
EndProject
Project("{FAE04EC0-301F-11D3-BF4B-00C04F79EFBC}") = "RealEstateInvestmentAnalyzer.Infrastructure.Tests", "tests\RealEstateInvestmentAnalyzer.Infrastructure.Tests\RealEstateInvestmentAnalyzer.Infrastructure.Tests.csproj", "{117510B1-3CEA-43CD-BDB3-D11D0E0563B9}"
EndProject
Project("{FAE04EC0-301F-11D3-BF4B-00C04F79EFBC}") = "RealEstateInvestmentAnalyzer.Api.Tests", "tests\RealEstateInvestmentAnalyzer.Api.Tests\RealEstateInvestmentAnalyzer.Api.Tests.csproj", "{D8C453FD-5B1C-407C-A1EF-28CFC65CE973}"
EndProject
Global
	GlobalSection(SolutionConfigurationPlatforms) = preSolution
		Debug|Any CPU = Debug|Any CPU
		Release|Any CPU = Release|Any CPU
	EndGlobalSection
	GlobalSection(ProjectConfigurationPlatforms) = postSolution
		{BDBF0ECB-09CF-412B-8A66-C38363FD2341}.Debug|Any CPU.ActiveCfg = Debug|Any CPU
		{BDBF0ECB-09CF-412B-8A66-C38363FD2341}.Debug|Any CPU.Build.0 = Debug|Any CPU
		{BDBF0ECB-09CF-412B-8A66-C38363FD2341}.Release|Any CPU.ActiveCfg = Release|Any CPU
		{BDBF0ECB-09CF-412B-8A66-C38363FD2341}.Release|Any CPU.Build.0 = Release|Any CPU
		{4D684EE4-3332-41A0-9151-1782ACB0E48B}.Debug|Any CPU.ActiveCfg = Debug|Any CPU
		{4D684EE4-3332-41A0-9151-1782ACB0E48B}.Debug|Any CPU.Build.0 = Debug|Any CPU
		{4D684EE4-3332-41A0-9151-1782ACB0E48B}.Release|Any CPU.ActiveCfg = Release|Any CPU
		{4D684EE4-3332-41A0-9151-1782ACB0E48B}.Release|Any CPU.Build.0 = Release|Any CPU
		{D5F79525-7E0D-497E-A5E4-36B4EA8F2859}.Debug|Any CPU.ActiveCfg = Debug|Any CPU
		{D5F79525-7E0D-497E-A5E4-36B4EA8F2859}.Debug|Any CPU.Build.0 = Debug|Any CPU
		{D5F79525-7E0D-497E-A5E4-36B4EA8F2859}.Release|Any CPU.ActiveCfg = Release|Any CPU
		{D5F79525-7E0D-497E-A5E4-36B4EA8F2859}.Release|Any CPU.Build.0 = Release|Any CPU
		{DD38E817-138D-4100-8F5D-59C562F752D3}.Debug|Any CPU.ActiveCfg = Debug|Any CPU
		{DD38E817-138D-4100-8F5D-59C562F752D3}.Debug|Any CPU.Build.0 = Debug|Any CPU
		{DD38E817-138D-4100-8F5D-59C562F752D3}.Release|Any CPU.ActiveCfg = Release|Any CPU
		{DD38E817-138D-4100-8F5D-59C562F752D3}.Release|Any CPU.Build.0 = Release|Any CPU
		{117510B1-3CEA-43CD-BDB3-D11D0E0563B9}.Debug|Any CPU.ActiveCfg = Debug|Any CPU
		{117510B1-3CEA-43CD-BDB3-D11D0E0563B9}.Debug|Any CPU.Build.0 = Debug|Any CPU
		{117510B1-3CEA-43CD-BDB3-D11D0E0563B9}.Release|Any CPU.ActiveCfg = Release|Any CPU
		{117510B1-3CEA-43CD-BDB3-D11D0E0563B9}.Release|Any CPU.Build.0 = Release|Any CPU
		{D8C453FD-5B1C-407C-A1EF-28CFC65CE973}.Debug|Any CPU.ActiveCfg = Debug|Any CPU
		{D8C453FD-5B1C-407C-A1EF-28CFC65CE973}.Debug|Any CPU.Build.0 = Debug|Any CPU
		{D8C453FD-5B1C-407C-A1EF-28CFC65CE973}.Release|Any CPU.ActiveCfg = Release|Any CPU
		{D8C453FD-5B1C-407C-A1EF-28CFC65CE973}.Release|Any CPU.Build.0 = Release|Any CPU
	EndGlobalSection
	GlobalSection(SolutionProperties) = preSolution
		HideSolutionNode = FALSE
	EndGlobalSection
	GlobalSection(NestedProjects) = preSolution
		{BDBF0ECB-09CF-412B-8A66-C38363FD2341} = {1BBE33E4-68CB-4D9C-95CA-91BA5F39A2F1}
		{4D684EE4-3332-41A0-9151-1782ACB0E48B} = {1BBE33E4-68CB-4D9C-95CA-91BA5F39A2F1}
		{D5F79525-7E0D-497E-A5E4-36B4EA8F2859} = {1BBE33E4-68CB-4D9C-95CA-91BA5F39A2F1}
		{DD38E817-138D-4100-8F5D-59C562F752D3} = {F05A6956-98ED-400D-B720-166294C26C2B}
		{117510B1-3CEA-43CD-BDB3-D11D0E0563B9} = {F05A6956-98ED-400D-B720-166294C26C2B}
		{D8C453FD-5B1C-407C-A1EF-28CFC65CE973} = {F05A6956-98ED-400D-B720-166294C26C2B}
	EndGlobalSection
EndGlobal
