Microsoft Visual Studio Solution File, Format Version 12.00
# Visual Studio Version 17
VisualStudioVersion = 17.0.31903.59
MinimumVisualStudioVersion = 10.0.40219.1
Project("{2150E333-8FDC-42A3-9474-1A3956D46DE8}") = "src", "src", "{A9580496-B6FF-46B2-B5F3-83168DE49205}"
EndProject
Project("{2150E333-8FDC-42A3-9474-1A3956D46DE8}") = "tests", "tests", "{CAB60C0E-D195-4F18-A03D-7779DDAB1DD1}"
EndProject
Project("{FAE04EC0-301F-11D3-BF4B-00C04F79EFBC}") = "StressMoodTracker.Core", "src\StressMoodTracker.Core\StressMoodTracker.Core.csproj", "{075C06CA-BAB5-441A-AF2F-7DCC7DA5BE59}"
EndProject
Project("{FAE04EC0-301F-11D3-BF4B-00C04F79EFBC}") = "StressMoodTracker.Infrastructure", "src\StressMoodTracker.Infrastructure\StressMoodTracker.Infrastructure.csproj", "{10CE5829-0C58-499E-8B58-6FD7F8B62C1C}"
EndProject
Project("{FAE04EC0-301F-11D3-BF4B-00C04F79EFBC}") = "StressMoodTracker.Api", "src\StressMoodTracker.Api\StressMoodTracker.Api.csproj", "{0866464C-1CD0-49E4-919B-598A73629B3E}"
EndProject
Project("{FAE04EC0-301F-11D3-BF4B-00C04F79EFBC}") = "StressMoodTracker.Core.Tests", "tests\StressMoodTracker.Core.Tests\StressMoodTracker.Core.Tests.csproj", "{284E8360-0937-45A9-8E15-B9935CCD3BF5}"
EndProject
Project("{FAE04EC0-301F-11D3-BF4B-00C04F79EFBC}") = "StressMoodTracker.Infrastructure.Tests", "tests\StressMoodTracker.Infrastructure.Tests\StressMoodTracker.Infrastructure.Tests.csproj", "{341102C5-9667-4C27-BCF0-D630E122F132}"
EndProject
Project("{FAE04EC0-301F-11D3-BF4B-00C04F79EFBC}") = "StressMoodTracker.Api.Tests", "tests\StressMoodTracker.Api.Tests\StressMoodTracker.Api.Tests.csproj", "{D06D3458-FF1B-4449-85D6-47CDCE28981B}"
EndProject
Global
	GlobalSection(SolutionConfigurationPlatforms) = preSolution
		Debug|Any CPU = Debug|Any CPU
		Release|Any CPU = Release|Any CPU
	EndGlobalSection
	GlobalSection(ProjectConfigurationPlatforms) = postSolution
		{075C06CA-BAB5-441A-AF2F-7DCC7DA5BE59}.Debug|Any CPU.ActiveCfg = Debug|Any CPU
		{075C06CA-BAB5-441A-AF2F-7DCC7DA5BE59}.Debug|Any CPU.Build.0 = Debug|Any CPU
		{075C06CA-BAB5-441A-AF2F-7DCC7DA5BE59}.Release|Any CPU.ActiveCfg = Release|Any CPU
		{075C06CA-BAB5-441A-AF2F-7DCC7DA5BE59}.Release|Any CPU.Build.0 = Release|Any CPU
		{10CE5829-0C58-499E-8B58-6FD7F8B62C1C}.Debug|Any CPU.ActiveCfg = Debug|Any CPU
		{10CE5829-0C58-499E-8B58-6FD7F8B62C1C}.Debug|Any CPU.Build.0 = Debug|Any CPU
		{10CE5829-0C58-499E-8B58-6FD7F8B62C1C}.Release|Any CPU.ActiveCfg = Release|Any CPU
		{10CE5829-0C58-499E-8B58-6FD7F8B62C1C}.Release|Any CPU.Build.0 = Release|Any CPU
		{0866464C-1CD0-49E4-919B-598A73629B3E}.Debug|Any CPU.ActiveCfg = Debug|Any CPU
		{0866464C-1CD0-49E4-919B-598A73629B3E}.Debug|Any CPU.Build.0 = Debug|Any CPU
		{0866464C-1CD0-49E4-919B-598A73629B3E}.Release|Any CPU.ActiveCfg = Release|Any CPU
		{0866464C-1CD0-49E4-919B-598A73629B3E}.Release|Any CPU.Build.0 = Release|Any CPU
		{284E8360-0937-45A9-8E15-B9935CCD3BF5}.Debug|Any CPU.ActiveCfg = Debug|Any CPU
		{284E8360-0937-45A9-8E15-B9935CCD3BF5}.Debug|Any CPU.Build.0 = Debug|Any CPU
		{284E8360-0937-45A9-8E15-B9935CCD3BF5}.Release|Any CPU.ActiveCfg = Release|Any CPU
		{284E8360-0937-45A9-8E15-B9935CCD3BF5}.Release|Any CPU.Build.0 = Release|Any CPU
		{341102C5-9667-4C27-BCF0-D630E122F132}.Debug|Any CPU.ActiveCfg = Debug|Any CPU
		{341102C5-9667-4C27-BCF0-D630E122F132}.Debug|Any CPU.Build.0 = Debug|Any CPU
		{341102C5-9667-4C27-BCF0-D630E122F132}.Release|Any CPU.ActiveCfg = Release|Any CPU
		{341102C5-9667-4C27-BCF0-D630E122F132}.Release|Any CPU.Build.0 = Release|Any CPU
		{D06D3458-FF1B-4449-85D6-47CDCE28981B}.Debug|Any CPU.ActiveCfg = Debug|Any CPU
		{D06D3458-FF1B-4449-85D6-47CDCE28981B}.Debug|Any CPU.Build.0 = Debug|Any CPU
		{D06D3458-FF1B-4449-85D6-47CDCE28981B}.Release|Any CPU.ActiveCfg = Release|Any CPU
		{D06D3458-FF1B-4449-85D6-47CDCE28981B}.Release|Any CPU.Build.0 = Release|Any CPU
	EndGlobalSection
	GlobalSection(SolutionProperties) = preSolution
		HideSolutionNode = FALSE
	EndGlobalSection
	GlobalSection(NestedProjects) = preSolution
		{075C06CA-BAB5-441A-AF2F-7DCC7DA5BE59} = {A9580496-B6FF-46B2-B5F3-83168DE49205}
		{10CE5829-0C58-499E-8B58-6FD7F8B62C1C} = {A9580496-B6FF-46B2-B5F3-83168DE49205}
		{0866464C-1CD0-49E4-919B-598A73629B3E} = {A9580496-B6FF-46B2-B5F3-83168DE49205}
		{284E8360-0937-45A9-8E15-B9935CCD3BF5} = {CAB60C0E-D195-4F18-A03D-7779DDAB1DD1}
		{341102C5-9667-4C27-BCF0-D630E122F132} = {CAB60C0E-D195-4F18-A03D-7779DDAB1DD1}
		{D06D3458-FF1B-4449-85D6-47CDCE28981B} = {CAB60C0E-D195-4F18-A03D-7779DDAB1DD1}
	EndGlobalSection
EndGlobal
